// !$*UTF8*$!
{
	archiveVersion = 1;
	classes = {
	};
	objectVersion = 50;
	objects = {

/* Begin PBXBuildFile section */
		08A8A4BF2E18B05D5FDB505FEACCB33E /* LaunchScreen.storyboard in Resources */ = {isa = PBXBuildFile; fileRef = DB346A844222AF4EE8791109D9397B54 /* LaunchScreen.storyboard */; };
		15CEE4A1DB55BF0DC079F1FB28AE43B5 /* Pods_app.framework in Frameworks */ = {isa = PBXBuildFile; fileRef = 35BE96BF4DA7FC87AEC576C7ED807E24 /* Pods_app.framework */; };
		47D8A61BE8DEF0FBC152F016FB4CA058 /* HomeViewController.xib in Resources */ = {isa = PBXBuildFile; fileRef = F4360721408D445D4EDF7FC0161F0171 /* HomeViewController.xib */; };
		6D6413DA67EE0E40B0FED041A2403534 /* ui.framework in Embed Frameworks */ = {isa = PBXBuildFile; fileRef = 2DFEA248378C22E650C47EB4E5346C17 /* ui.framework */; settings = {ATTRIBUTES = (CodeSignOnCopy, RemoveHeadersOnCopy, ); }; };
		85E857AA8A677A394361462FA52C0714 /* Bootstrap.xcassets in Resources */ = {isa = PBXBuildFile; fileRef = 550C64DC38E63094D0CBB097326D1D53 /* Bootstrap.xcassets */; };
		8A8C4D204D6124B23FD787E7FC42F78C /* main.swift in Sources */ = {isa = PBXBuildFile; fileRef = CD40FF75F348F7AED0CB2C08A396EB22 /* main.swift */; };
		A934471150E6D5C26B0D19EE1AC45F07 /* Colors.xcassets in Resources */ = {isa = PBXBuildFile; fileRef = AFFA7189B98A4A499FE7B38B50C0CE98 /* Colors.xcassets */; };
		AA2958C8EBF88D3C65502717454032FE /* ApplicationDelegate.swift in Sources */ = {isa = PBXBuildFile; fileRef = 32DE8F73665AD10CA3D020F99AD4635F /* ApplicationDelegate.swift */; };
		FC991B87FE4E31A874ACA569DEC3573F /* HomeViewController.swift in Sources */ = {isa = PBXBuildFile; fileRef = 751093176E975551A17577C28B73D248 /* HomeViewController.swift */; };
/* End PBXBuildFile section */

/* Begin PBXCopyFilesBuildPhase section */
		5A8BFA6CECCA4DF98EF52D43617E7F96 /* Embed Frameworks */ = {
			isa = PBXCopyFilesBuildPhase;
			buildActionMask = 2147483647;
			dstPath = "";
			dstSubfolderSpec = 10;
			files = (
				6D6413DA67EE0E40B0FED041A2403534 /* ui.framework in Embed Frameworks */,
			);
			name = "Embed Frameworks";
			runOnlyForDeploymentPostprocessing = 0;
		};
/* End PBXCopyFilesBuildPhase section */

/* Begin PBXFileReference section */
		2DFEA248378C22E650C47EB4E5346C17 /* ui.framework */ = {isa = PBXFileReference; explicitFileType = wrapper.framework; path = ui.framework; sourceTree = BUILT_PRODUCTS_DIR; };
		32DE8F73665AD10CA3D020F99AD4635F /* ApplicationDelegate.swift */ = {isa = PBXFileReference; lastKnownFileType = sourcecode.swift; path = ApplicationDelegate.swift; sourceTree = "<group>"; };
		35BE96BF4DA7FC87AEC576C7ED807E24 /* Pods_app.framework */ = {isa = PBXFileReference; explicitFileType = wrapper.framework; includeInIndex = 0; path = Pods_app.framework; sourceTree = BUILT_PRODUCTS_DIR; };
		550C64DC38E63094D0CBB097326D1D53 /* Bootstrap.xcassets */ = {isa = PBXFileReference; lastKnownFileType = folder.assetcatalog; path = Bootstrap.xcassets; sourceTree = "<group>"; };
		751093176E975551A17577C28B73D248 /* HomeViewController.swift */ = {isa = PBXFileReference; lastKnownFileType = sourcecode.swift; path = HomeViewController.swift; sourceTree = "<group>"; };
		AFFA7189B98A4A499FE7B38B50C0CE98 /* Colors.xcassets */ = {isa = PBXFileReference; lastKnownFileType = folder.assetcatalog; path = Colors.xcassets; sourceTree = "<group>"; };
		B592225F4F92EF4F0C0A6C5300C3D8D8 /* Pods-app.release.xcconfig */ = {isa = PBXFileReference; includeInIndex = 1; lastKnownFileType = text.xcconfig; name = "Pods-app.release.xcconfig"; path = "../Pods/Target Support Files/Pods-app/Pods-app.release.xcconfig"; sourceTree = "<group>"; };
		CD40FF75F348F7AED0CB2C08A396EB22 /* main.swift */ = {isa = PBXFileReference; lastKnownFileType = sourcecode.swift; path = main.swift; sourceTree = "<group>"; };
		D64183D22F321B8D126DEC6E7C83C049 /* app.app */ = {isa = PBXFileReference; explicitFileType = wrapper.application; includeInIndex = 0; path = app.app; sourceTree = BUILT_PRODUCTS_DIR; };
		DB346A844222AF4EE8791109D9397B54 /* LaunchScreen.storyboard */ = {isa = PBXFileReference; fileEncoding = 4; lastKnownFileType = file.storyboard; path = LaunchScreen.storyboard; sourceTree = "<group>"; };
		E6226956E1FE4C9D7123DE968A4988C9 /* Pods-app.debug.xcconfig */ = {isa = PBXFileReference; includeInIndex = 1; lastKnownFileType = text.xcconfig; name = "Pods-app.debug.xcconfig"; path = "../Pods/Target Support Files/Pods-app/Pods-app.debug.xcconfig"; sourceTree = "<group>"; };
		F4360721408D445D4EDF7FC0161F0171 /* HomeViewController.xib */ = {isa = PBXFileReference; lastKnownFileType = file.xib; path = HomeViewController.xib; sourceTree = "<group>"; };
/* End PBXFileReference section */

/* Begin PBXFrameworksBuildPhase section */
		F5BD629B73D2D3518471FA6D786C3A02 /* Frameworks */ = {
			isa = PBXFrameworksBuildPhase;
			buildActionMask = 2147483647;
			files = (
				15CEE4A1DB55BF0DC079F1FB28AE43B5 /* Pods_app.framework in Frameworks */,
			);
			runOnlyForDeploymentPostprocessing = 0;
		};
/* End PBXFrameworksBuildPhase section */

/* Begin PBXGroup section */
		3107CB5F7A9AA3A8C9A86F57F9105655 /* bootstrap */ = {
			isa = PBXGroup;
			children = (
				32DE8F73665AD10CA3D020F99AD4635F /* ApplicationDelegate.swift */,
				550C64DC38E63094D0CBB097326D1D53 /* Bootstrap.xcassets */,
				DB346A844222AF4EE8791109D9397B54 /* LaunchScreen.storyboard */,
				CD40FF75F348F7AED0CB2C08A396EB22 /* main.swift */,
			);
			path = bootstrap;
			sourceTree = "<group>";
		};
		681EF5BD214EA77E16E1CF335FF7CEE3 /* Products */ = {
			isa = PBXGroup;
			children = (
				D64183D22F321B8D126DEC6E7C83C049 /* app.app */,
			);
			name = Products;
			sourceTree = "<group>";
		};
		947A95502278107308C48864EA79CA07 /* home */ = {
			isa = PBXGroup;
			children = (
				751093176E975551A17577C28B73D248 /* HomeViewController.swift */,
				F4360721408D445D4EDF7FC0161F0171 /* HomeViewController.xib */,
			);
			path = home;
			sourceTree = "<group>";
		};
		99B8B3BC9D45F6AFE46BE4A81229EF93 /* app */ = {
			isa = PBXGroup;
			children = (
				C1B361811440749F1A6A70E18A6F6164 /* code */,
			);
			path = app;
			sourceTree = "<group>";
		};
		A31652A4630531686968CFBE86569A78 = {
			isa = PBXGroup;
			children = (
				D1880CB5866AADB312E7EB0489FCA709 /* Frameworks */,
				CADA28AD98BFE4C7878EF1AEFED28F52 /* Pods */,
				681EF5BD214EA77E16E1CF335FF7CEE3 /* Products */,
				99B8B3BC9D45F6AFE46BE4A81229EF93 /* app */,
			);
			sourceTree = "<group>";
		};
		C1B361811440749F1A6A70E18A6F6164 /* code */ = {
			isa = PBXGroup;
			children = (
				3107CB5F7A9AA3A8C9A86F57F9105655 /* bootstrap */,
				DB742006890474175F70AB6E6D87B7D7 /* global */,
				947A95502278107308C48864EA79CA07 /* home */,
			);
			path = code;
			sourceTree = "<group>";
		};
		CADA28AD98BFE4C7878EF1AEFED28F52 /* Pods */ = {
			isa = PBXGroup;
			children = (
				E6226956E1FE4C9D7123DE968A4988C9 /* Pods-app.debug.xcconfig */,
				B592225F4F92EF4F0C0A6C5300C3D8D8 /* Pods-app.release.xcconfig */,
			);
			name = Pods;
			sourceTree = "<group>";
		};
		D1880CB5866AADB312E7EB0489FCA709 /* Frameworks */ = {
			isa = PBXGroup;
			children = (
				35BE96BF4DA7FC87AEC576C7ED807E24 /* Pods_app.framework */,
				2DFEA248378C22E650C47EB4E5346C17 /* ui.framework */,
			);
			name = Frameworks;
			sourceTree = "<group>";
		};
		DB742006890474175F70AB6E6D87B7D7 /* global */ = {
			isa = PBXGroup;
			children = (
				AFFA7189B98A4A499FE7B38B50C0CE98 /* Colors.xcassets */,
			);
			path = global;
			sourceTree = "<group>";
		};
/* End PBXGroup section */

/* Begin PBXNativeTarget section */
		ADE4021F53F6D0BDD766D0160C64B2C4 /* app */ = {
			isa = PBXNativeTarget;
			buildConfigurationList = 2BBA62B0EF331955FFE09550D7455925 /* Build configuration list for PBXNativeTarget "app" */;
			buildPhases = (
				7FC1B5AF3B0F7A52772418BB9A54988C /* [CP] Check Pods Manifest.lock */,
				0927C1F43D1B9F9C7B59E7126365D142 /* Sources */,
				F5BD629B73D2D3518471FA6D786C3A02 /* Frameworks */,
				EC711B1B36067BE6E4745B2C76D9A1F1 /* Resources */,
				C3607985A4F13377057CB65E9951BD7D /* [CP] Embed Pods Frameworks */,
				5A8BFA6CECCA4DF98EF52D43617E7F96 /* Embed Frameworks */,
			);
			buildRules = (
			);
			dependencies = (
			);
			name = app;
			productName = app;
			productReference = D64183D22F321B8D126DEC6E7C83C049 /* app.app */;
			productType = "com.apple.product-type.application";
		};
/* End PBXNativeTarget section */

/* Begin PBXProject section */
		AE18CEB30D46D3E5E4492E827D974EB5 /* Project object */ = {
			isa = PBXProject;
			attributes = {
				LastSwiftUpdateCheck = 0940;
				LastUpgradeCheck = 0940;
				ORGANIZATIONNAME = "Zno Inc.";
				TargetAttributes = {
					ADE4021F53F6D0BDD766D0160C64B2C4 = {
						CreatedOnToolsVersion = 9.4.1;
						LastSwiftMigration = 0940;
					};
				};
			};
			buildConfigurationList = 92548FB2DFC6C891A92769C7F970E77C /* Build configuration list for PBXProject "app" */;
			compatibilityVersion = "Xcode 9.3";
			developmentRegion = en;
			hasScannedForEncodings = 0;
			knownRegions = (
				en,
				Base,
			);
			mainGroup = A31652A4630531686968CFBE86569A78;
			productRefGroup = 681EF5BD214EA77E16E1CF335FF7CEE3 /* Products */;
			projectDirPath = "";
			projectRoot = "";
			targets = (
				ADE4021F53F6D0BDD766D0160C64B2C4 /* app */,
			);
		};
/* End PBXProject section */

/* Begin PBXResourcesBuildPhase section */
		EC711B1B36067BE6E4745B2C76D9A1F1 /* Resources */ = {
			isa = PBXResourcesBuildPhase;
			buildActionMask = 2147483647;
			files = (
				85E857AA8A677A394361462FA52C0714 /* Bootstrap.xcassets in Resources */,
				A934471150E6D5C26B0D19EE1AC45F07 /* Colors.xcassets in Resources */,
				47D8A61BE8DEF0FBC152F016FB4CA058 /* HomeViewController.xib in Resources */,
				08A8A4BF2E18B05D5FDB505FEACCB33E /* LaunchScreen.storyboard in Resources */,
			);
			runOnlyForDeploymentPostprocessing = 0;
		};
/* End PBXResourcesBuildPhase section */

/* Begin PBXShellScriptBuildPhase section */
		7FC1B5AF3B0F7A52772418BB9A54988C /* [CP] Check Pods Manifest.lock */ = {
			isa = PBXShellScriptBuildPhase;
			buildActionMask = 2147483647;
			files = (
			);
			inputPaths = (
				"${PODS_PODFILE_DIR_PATH}/Podfile.lock",
				"${PODS_ROOT}/Manifest.lock",
			);
			name = "[CP] Check Pods Manifest.lock";
			outputPaths = (
				"$(DERIVED_FILE_DIR)/Pods-app-checkManifestLockResult.txt",
			);
			runOnlyForDeploymentPostprocessing = 0;
			shellPath = /bin/sh;
			shellScript = "diff \"${PODS_PODFILE_DIR_PATH}/Podfile.lock\" \"${PODS_ROOT}/Manifest.lock\" > /dev/null\nif [ $? != 0 ] ; then\n    # print error to STDERR\n    echo \"error: The sandbox is not in sync with the Podfile.lock. Run 'pod install' or update your CocoaPods installation.\" >&2\n    exit 1\nfi\n# This output is used by Xcode 'outputs' to avoid re-running this script phase.\necho \"SUCCESS\" > \"${SCRIPT_OUTPUT_FILE_0}\"\n";
			showEnvVarsInLog = 0;
		};
		C3607985A4F13377057CB65E9951BD7D /* [CP] Embed Pods Frameworks */ = {
			isa = PBXShellScriptBuildPhase;
			buildActionMask = 2147483647;
			files = (
			);
			inputPaths = (
				"${SRCROOT}/../Pods/Target Support Files/Pods-app/Pods-app-frameworks.sh",
				"${BUILT_PRODUCTS_DIR}/KMSOrientationPatch/KMSOrientationPatch.framework",
				"${BUILT_PRODUCTS_DIR}/ReactiveCocoa/ReactiveCocoa.framework",
				"${BUILT_PRODUCTS_DIR}/ReactiveSwift/ReactiveSwift.framework",
				"${BUILT_PRODUCTS_DIR}/Result/Result.framework",
			);
			name = "[CP] Embed Pods Frameworks";
			outputPaths = (
				"${TARGET_BUILD_DIR}/${FRAMEWORKS_FOLDER_PATH}/KMSOrientationPatch.framework",
				"${TARGET_BUILD_DIR}/${FRAMEWORKS_FOLDER_PATH}/ReactiveCocoa.framework",
				"${TARGET_BUILD_DIR}/${FRAMEWORKS_FOLDER_PATH}/ReactiveSwift.framework",
				"${TARGET_BUILD_DIR}/${FRAMEWORKS_FOLDER_PATH}/Result.framework",
			);
			runOnlyForDeploymentPostprocessing = 0;
			shellPath = /bin/sh;
			shellScript = "\"${SRCROOT}/../Pods/Target Support Files/Pods-app/Pods-app-frameworks.sh\"\n";
			showEnvVarsInLog = 0;
		};
/* End PBXShellScriptBuildPhase section */

/* Begin PBXSourcesBuildPhase section */
		0927C1F43D1B9F9C7B59E7126365D142 /* Sources */ = {
			isa = PBXSourcesBuildPhase;
			buildActionMask = 2147483647;
			files = (
				AA2958C8EBF88D3C65502717454032FE /* ApplicationDelegate.swift in Sources */,
				FC991B87FE4E31A874ACA569DEC3573F /* HomeViewController.swift in Sources */,
				8A8C4D204D6124B23FD787E7FC42F78C /* main.swift in Sources */,
			);
			runOnlyForDeploymentPostprocessing = 0;
		};
/* End PBXSourcesBuildPhase section */

/* Begin XCBuildConfiguration section */
		5DE065B8D341133D09F8C00BBC32F249 /* Release */ = {
			isa = XCBuildConfiguration;
			baseConfigurationReference = B592225F4F92EF4F0C0A6C5300C3D8D8 /* Pods-app.release.xcconfig */;
			buildSettings = {
				ASSETCATALOG_COMPILER_APPICON_NAME = AppIcon;
				CLANG_ENABLE_MODULES = YES;
				CODE_SIGN_IDENTITY = "";
				CODE_SIGN_STYLE = Automatic;
				DEVELOPMENT_TEAM = "";
				INFOPLIST_FILE = "$(TARGET_NAME)/Info.plist";
				IPHONEOS_DEPLOYMENT_TARGET = 11.0;
				LD_RUNPATH_SEARCH_PATHS = (
					"$(inherited)",
					"@executable_path/Frameworks",
				);
				PRODUCT_BUNDLE_IDENTIFIER = "com.zno.client.$(PROJECT_NAME:c99extidentifier).Main";
				PRODUCT_NAME = "$(TARGET_NAME)";
				SWIFT_VERSION = 4.0;
				TARGETED_DEVICE_FAMILY = "1,2";
			};
			name = Release;
		};
		A3356CA447170AE4867F0273035227D7 /* Release */ = {
			isa = XCBuildConfiguration;
			buildSettings = {
				ALWAYS_SEARCH_USER_PATHS = NO;
				CLANG_ANALYZER_NONNULL = YES;
				CLANG_ANALYZER_NUMBER_OBJECT_CONVERSION = YES_AGGRESSIVE;
				CLANG_CXX_LANGUAGE_STANDARD = "gnu++14";
				CLANG_CXX_LIBRARY = "libc++";
				CLANG_ENABLE_MODULES = YES;
				CLANG_ENABLE_OBJC_ARC = YES;
				CLANG_ENABLE_OBJC_WEAK = YES;
				CLANG_WARN_BLOCK_CAPTURE_AUTORELEASING = YES;
				CLANG_WARN_BOOL_CONVERSION = YES;
				CLANG_WARN_COMMA = YES;
				CLANG_WARN_CONSTANT_CONVERSION = YES;
				CLANG_WARN_DEPRECATED_OBJC_IMPLEMENTATIONS = YES;
				CLANG_WARN_DIRECT_OBJC_ISA_USAGE = YES_ERROR;
				CLANG_WARN_DOCUMENTATION_COMMENTS = YES;
				CLANG_WARN_EMPTY_BODY = YES;
				CLANG_WARN_ENUM_CONVERSION = YES;
				CLANG_WARN_INFINITE_RECURSION = YES;
				CLANG_WARN_INT_CONVERSION = YES;
				CLANG_WARN_NON_LITERAL_NULL_CONVERSION = YES;
				CLANG_WARN_OBJC_IMPLICIT_RETAIN_SELF = YES;
				CLANG_WARN_OBJC_LITERAL_CONVERSION = YES;
				CLANG_WARN_OBJC_ROOT_CLASS = YES_ERROR;
				CLANG_WARN_RANGE_LOOP_ANALYSIS = YES;
				CLANG_WARN_STRICT_PROTOTYPES = YES;
				CLANG_WARN_SUSPICIOUS_MOVE = YES;
				CLANG_WARN_UNGUARDED_AVAILABILITY = YES_AGGRESSIVE;
				CLANG_WARN_UNREACHABLE_CODE = YES;
				CLANG_WARN__DUPLICATE_METHOD_MATCH = YES;
				CODE_SIGN_IDENTITY = "iPhone Developer";
				COPY_PHASE_STRIP = NO;
				DEBUG_INFORMATION_FORMAT = "dwarf-with-dsym";
				ENABLE_NS_ASSERTIONS = NO;
				ENABLE_STRICT_OBJC_MSGSEND = YES;
				GCC_C_LANGUAGE_STANDARD = gnu11;
				GCC_NO_COMMON_BLOCKS = YES;
				GCC_WARN_64_TO_32_BIT_CONVERSION = YES;
				GCC_WARN_ABOUT_RETURN_TYPE = YES_ERROR;
				GCC_WARN_UNDECLARED_SELECTOR = YES;
				GCC_WARN_UNINITIALIZED_AUTOS = YES_AGGRESSIVE;
				GCC_WARN_UNUSED_FUNCTION = YES;
				GCC_WARN_UNUSED_VARIABLE = YES;
				IPHONEOS_DEPLOYMENT_TARGET = 11.4;
				MTL_ENABLE_DEBUG_INFO = NO;
				SDKROOT = iphoneos;
				SWIFT_COMPILATION_MODE = wholemodule;
				SWIFT_OPTIMIZATION_LEVEL = "-O";
				VALIDATE_PRODUCT = YES;
			};
			name = Release;
		};
		A8872AD7A6E8B628202CC56644F0E281 /* Debug */ = {
			isa = XCBuildConfiguration;
			baseConfigurationReference = E6226956E1FE4C9D7123DE968A4988C9 /* Pods-app.debug.xcconfig */;
			buildSettings = {
				ASSETCATALOG_COMPILER_APPICON_NAME = AppIcon;
				CLANG_ENABLE_MODULES = YES;
				CODE_SIGN_IDENTITY = "";
				CODE_SIGN_STYLE = Automatic;
				DEVELOPMENT_TEAM = "";
				INFOPLIST_FILE = "$(TARGET_NAME)/Info.plist";
				IPHONEOS_DEPLOYMENT_TARGET = 11.0;
				LD_RUNPATH_SEARCH_PATHS = (
					"$(inherited)",
					"@executable_path/Frameworks",
				);
				PRODUCT_BUNDLE_IDENTIFIER = "com.zno.client.$(PROJECT_NAME:c99extidentifier).Main";
				PRODUCT_NAME = "$(TARGET_NAME)";
				SWIFT_OPTIMIZATION_LEVEL = "-Onone";
				SWIFT_VERSION = 4.0;
				TARGETED_DEVICE_FAMILY = "1,2";
			};
			name = Debug;
		};
		CAD279AA89F8FBE5A9CD7AED093EDAA8 /* Debug */ = {
			isa = XCBuildConfiguration;
			buildSettings = {
				ALWAYS_SEARCH_USER_PATHS = NO;
				CLANG_ANALYZER_NONNULL = YES;
				CLANG_ANALYZER_NUMBER_OBJECT_CONVERSION = YES_AGGRESSIVE;
				CLANG_CXX_LANGUAGE_STANDARD = "gnu++14";
				CLANG_CXX_LIBRARY = "libc++";
				CLANG_ENABLE_MODULES = YES;
				CLANG_ENABLE_OBJC_ARC = YES;
				CLANG_ENABLE_OBJC_WEAK = YES;
				CLANG_WARN_BLOCK_CAPTURE_AUTORELEASING = YES;
				CLANG_WARN_BOOL_CONVERSION = YES;
				CLANG_WARN_COMMA = YES;
				CLANG_WARN_CONSTANT_CONVERSION = YES;
				CLANG_WARN_DEPRECATED_OBJC_IMPLEMENTATIONS = YES;
				CLANG_WARN_DIRECT_OBJC_ISA_USAGE = YES_ERROR;
				CLANG_WARN_DOCUMENTATION_COMMENTS = YES;
				CLANG_WARN_EMPTY_BODY = YES;
				CLANG_WARN_ENUM_CONVERSION = YES;
				CLANG_WARN_INFINITE_RECURSION = YES;
				CLANG_WARN_INT_CONVERSION = YES;
				CLANG_WARN_NON_LITERAL_NULL_CONVERSION = YES;
				CLANG_WARN_OBJC_IMPLICIT_RETAIN_SELF = YES;
				CLANG_WARN_OBJC_LITERAL_CONVERSION = YES;
				CLANG_WARN_OBJC_ROOT_CLASS = YES_ERROR;
				CLANG_WARN_RANGE_LOOP_ANALYSIS = YES;
				CLANG_WARN_STRICT_PROTOTYPES = YES;
				CLANG_WARN_SUSPICIOUS_MOVE = YES;
				CLANG_WARN_UNGUARDED_AVAILABILITY = YES_AGGRESSIVE;
				CLANG_WARN_UNREACHABLE_CODE = YES;
				CLANG_WARN__DUPLICATE_METHOD_MATCH = YES;
				CODE_SIGN_IDENTITY = "iPhone Developer";
				COPY_PHASE_STRIP = NO;
				DEBUG_INFORMATION_FORMAT = dwarf;
				ENABLE_STRICT_OBJC_MSGSEND = YES;
				ENABLE_TESTABILITY = YES;
				GCC_C_LANGUAGE_STANDARD = gnu11;
				GCC_DYNAMIC_NO_PIC = NO;
				GCC_NO_COMMON_BLOCKS = YES;
				GCC_OPTIMIZATION_LEVEL = 0;
				GCC_PREPROCESSOR_DEFINITIONS = (
					"DEBUG=1",
					"$(inherited)",
				);
				GCC_WARN_64_TO_32_BIT_CONVERSION = YES;
				GCC_WARN_ABOUT_RETURN_TYPE = YES_ERROR;
				GCC_WARN_UNDECLARED_SELECTOR = YES;
				GCC_WARN_UNINITIALIZED_AUTOS = YES_AGGRESSIVE;
				GCC_WARN_UNUSED_FUNCTION = YES;
				GCC_WARN_UNUSED_VARIABLE = YES;
				IPHONEOS_DEPLOYMENT_TARGET = 11.4;
				MTL_ENABLE_DEBUG_INFO = YES;
				ONLY_ACTIVE_ARCH = YES;
				SDKROOT = iphoneos;
				SWIFT_ACTIVE_COMPILATION_CONDITIONS = DEBUG;
				SWIFT_OPTIMIZATION_LEVEL = "-Onone";
			};
			name = Debug;
		};
/* End XCBuildConfiguration section */

/* Begin XCConfigurationList section */
		2BBA62B0EF331955FFE09550D7455925 /* Build configuration list for PBXNativeTarget "app" */ = {
			isa = XCConfigurationList;
			buildConfigurations = (
				A8872AD7A6E8B628202CC56644F0E281 /* Debug */,
				5DE065B8D341133D09F8C00BBC32F249 /* Release */,
			);
			defaultConfigurationIsVisible = 0;
			defaultConfigurationName = Release;
		};
		92548FB2DFC6C891A92769C7F970E77C /* Build configuration list for PBXProject "app" */ = {
			isa = XCConfigurationList;
			buildConfigurations = (
				CAD279AA89F8FBE5A9CD7AED093EDAA8 /* Debug */,
				A3356CA447170AE4867F0273035227D7 /* Release */,
			);
			defaultConfigurationIsVisible = 0;
			defaultConfigurationName = Release;
		};
/* End XCConfigurationList section */
	};
	rootObject = AE18CEB30D46D3E5E4492E827D974EB5 /* Project object */;
}
