// !$*UTF8*$!
{
	archiveVersion = 1;
	classes = {
	};
	objectVersion = 50;
	objects = {

/* Begin PBXBuildFile section */
		1A886D1D69796AE27CC495497446BA94 /* NavigationControllerSpec.swift in Sources */ = {isa = PBXBuildFile; fileRef = 60521DEBBF516B896CEDA3FDB183771B /* NavigationControllerSpec.swift */; };
		1AD8C5AEC032A5D94D5AF96D3B4BF540 /* ui.framework in Frameworks */ = {isa = PBXBuildFile; fileRef = AEE2A70F816B71CD36E6124946B50ACD /* ui.framework */; };
		29B61133782FCE3D4B1530794576E88B /* DummyView.swift in Sources */ = {isa = PBXBuildFile; fileRef = 3EFA3AEEBC76C5EC7BE5116761A21219 /* DummyView.swift */; };
		6D704040ABF73F688D0646C15E34689E /* DummyViewSpec.swift in Sources */ = {isa = PBXBuildFile; fileRef = C048BACB29CA4F22AA346740E4565C84 /* DummyViewSpec.swift */; };
		996F5AC91B30FD6B8724EC459D58496C /* ViewControllerSpec.swift in Sources */ = {isa = PBXBuildFile; fileRef = DBD9619AFD886B421A65BD98ECDA4BC5 /* ViewControllerSpec.swift */; };
		A995D2654EED281F83F9CEA0A2409FB1 /* Pods_ui.framework in Frameworks */ = {isa = PBXBuildFile; fileRef = F5EBFC2F18F4B09C691739A38D5E40E1 /* Pods_ui.framework */; };
		BB9213998D9859BF3CA135CEEF8CC9AA /* Application.swift in Sources */ = {isa = PBXBuildFile; fileRef = 7E181BE13AF5A7148FF63886D5D95F5F /* Application.swift */; };
		BB932CEC66D60C0616F8391423CB4F8B /* NavigationController.swift in Sources */ = {isa = PBXBuildFile; fileRef = 558C8D75680348D232F861AB4E436B81 /* NavigationController.swift */; };
		BBC9A7E27F0F225611A9F7FE819A71DC /* ViewController.swift in Sources */ = {isa = PBXBuildFile; fileRef = C82EE9B1CF408FCD9C7A8EC87B27C960 /* ViewController.swift */; };
		EA0802EE1FA0A50EAE7CD55AE0463049 /* Pods_ui_tests.framework in Frameworks */ = {isa = PBXBuildFile; fileRef = 3E9C47AB43EF53C88E497A8EBCAFCE4E /* Pods_ui_tests.framework */; };
/* End PBXBuildFile section */

/* Begin PBXContainerItemProxy section */
		46B60865D46B2BEF175E1C2A5995675D /* PBXContainerItemProxy */ = {
			isa = PBXContainerItemProxy;
			containerPortal = CC428020C805AAC96F1E1A7BF2A150D5 /* Project object */;
			proxyType = 1;
			remoteGlobalIDString = 192262B84B1926AE4C080D5417277020;
			remoteInfo = ui;
		};
/* End PBXContainerItemProxy section */

/* Begin PBXFileReference section */
		3E9C47AB43EF53C88E497A8EBCAFCE4E /* Pods_ui_tests.framework */ = {isa = PBXFileReference; explicitFileType = wrapper.framework; includeInIndex = 0; path = Pods_ui_tests.framework; sourceTree = BUILT_PRODUCTS_DIR; };
		3EFA3AEEBC76C5EC7BE5116761A21219 /* DummyView.swift */ = {isa = PBXFileReference; lastKnownFileType = sourcecode.swift; path = DummyView.swift; sourceTree = "<group>"; };
		558C8D75680348D232F861AB4E436B81 /* NavigationController.swift */ = {isa = PBXFileReference; lastKnownFileType = sourcecode.swift; path = NavigationController.swift; sourceTree = "<group>"; };
		5F9F9062ADD038E46EBFB88529353D49 /* Pods-ui tests.debug.xcconfig */ = {isa = PBXFileReference; includeInIndex = 1; lastKnownFileType = text.xcconfig; name = "Pods-ui tests.debug.xcconfig"; path = "../Pods/Target Support Files/Pods-ui tests/Pods-ui tests.debug.xcconfig"; sourceTree = "<group>"; };
		60521DEBBF516B896CEDA3FDB183771B /* NavigationControllerSpec.swift */ = {isa = PBXFileReference; lastKnownFileType = sourcecode.swift; path = NavigationControllerSpec.swift; sourceTree = "<group>"; };
		682E951EC5262FACBEEF971AD78F0FEA /* Pods-ui.release.xcconfig */ = {isa = PBXFileReference; includeInIndex = 1; lastKnownFileType = text.xcconfig; name = "Pods-ui.release.xcconfig"; path = "../Pods/Target Support Files/Pods-ui/Pods-ui.release.xcconfig"; sourceTree = "<group>"; };
		7E181BE13AF5A7148FF63886D5D95F5F /* Application.swift */ = {isa = PBXFileReference; lastKnownFileType = sourcecode.swift; path = Application.swift; sourceTree = "<group>"; };
		844134BF136967B02530BD762EAE4BB9 /* Pods-ui tests.release.xcconfig */ = {isa = PBXFileReference; includeInIndex = 1; lastKnownFileType = text.xcconfig; name = "Pods-ui tests.release.xcconfig"; path = "../Pods/Target Support Files/Pods-ui tests/Pods-ui tests.release.xcconfig"; sourceTree = "<group>"; };
		AEAD01C32A49FBCF66E2AD0E76F0E0A2 /* ui tests.xctest */ = {isa = PBXFileReference; explicitFileType = wrapper.cfbundle; includeInIndex = 0; path = "ui tests.xctest"; sourceTree = BUILT_PRODUCTS_DIR; };
		AEE2A70F816B71CD36E6124946B50ACD /* ui.framework */ = {isa = PBXFileReference; explicitFileType = wrapper.framework; includeInIndex = 0; path = ui.framework; sourceTree = BUILT_PRODUCTS_DIR; };
		C048BACB29CA4F22AA346740E4565C84 /* DummyViewSpec.swift */ = {isa = PBXFileReference; lastKnownFileType = sourcecode.swift; path = DummyViewSpec.swift; sourceTree = "<group>"; };
		C82EE9B1CF408FCD9C7A8EC87B27C960 /* ViewController.swift */ = {isa = PBXFileReference; lastKnownFileType = sourcecode.swift; path = ViewController.swift; sourceTree = "<group>"; };
		CDD5220AB11CE2E3563B3C3D225D4BE3 /* Pods-ui.debug.xcconfig */ = {isa = PBXFileReference; includeInIndex = 1; lastKnownFileType = text.xcconfig; name = "Pods-ui.debug.xcconfig"; path = "../Pods/Target Support Files/Pods-ui/Pods-ui.debug.xcconfig"; sourceTree = "<group>"; };
		DBD9619AFD886B421A65BD98ECDA4BC5 /* ViewControllerSpec.swift */ = {isa = PBXFileReference; lastKnownFileType = sourcecode.swift; path = ViewControllerSpec.swift; sourceTree = "<group>"; };
		F5EBFC2F18F4B09C691739A38D5E40E1 /* Pods_ui.framework */ = {isa = PBXFileReference; explicitFileType = wrapper.framework; includeInIndex = 0; path = Pods_ui.framework; sourceTree = BUILT_PRODUCTS_DIR; };
/* End PBXFileReference section */

/* Begin PBXFrameworksBuildPhase section */
		4ADD7C6B523566C29612C475271FFC12 /* Frameworks */ = {
			isa = PBXFrameworksBuildPhase;
			buildActionMask = 2147483647;
			files = (
				EA0802EE1FA0A50EAE7CD55AE0463049 /* Pods_ui_tests.framework in Frameworks */,
				1AD8C5AEC032A5D94D5AF96D3B4BF540 /* ui.framework in Frameworks */,
			);
			runOnlyForDeploymentPostprocessing = 0;
		};
		DED68022F7CBB807D6B6EC0A51CEAAD5 /* Frameworks */ = {
			isa = PBXFrameworksBuildPhase;
			buildActionMask = 2147483647;
			files = (
				A995D2654EED281F83F9CEA0A2409FB1 /* Pods_ui.framework in Frameworks */,
			);
			runOnlyForDeploymentPostprocessing = 0;
		};
/* End PBXFrameworksBuildPhase section */

/* Begin PBXGroup section */
		10C2582BC6E73F6146326BF6DC38F27D /* Products */ = {
			isa = PBXGroup;
			children = (
				AEAD01C32A49FBCF66E2AD0E76F0E0A2 /* ui tests.xctest */,
				AEE2A70F816B71CD36E6124946B50ACD /* ui.framework */,
			);
			name = Products;
			sourceTree = "<group>";
		};
		1335414BB1D3E4D565FDA2DA4BD125A8 /* custom views */ = {
			isa = PBXGroup;
			children = (
				C048BACB29CA4F22AA346740E4565C84 /* DummyViewSpec.swift */,
			);
			path = "custom views";
			sourceTree = "<group>";
		};
		22BFA074EFE544A7603C9459194969A2 /* main */ = {
			isa = PBXGroup;
			children = (
				7164FB81D0B38BFFB760C55A72981122 /* custom views */,
				45274EC6E22BA1083D1E038F2959753B /* kernel */,
			);
			path = main;
			sourceTree = "<group>";
		};
		2EF215EB770EE33CB93BB39C26B4D3F5 /* tests */ = {
			isa = PBXGroup;
			children = (
				1335414BB1D3E4D565FDA2DA4BD125A8 /* custom views */,
				F6431AD33762796A95CC0B2B51E096A9 /* kernel */,
			);
			path = tests;
			sourceTree = "<group>";
		};
		45274EC6E22BA1083D1E038F2959753B /* kernel */ = {
			isa = PBXGroup;
			children = (
				7E181BE13AF5A7148FF63886D5D95F5F /* Application.swift */,
				558C8D75680348D232F861AB4E436B81 /* NavigationController.swift */,
				C82EE9B1CF408FCD9C7A8EC87B27C960 /* ViewController.swift */,
			);
			path = kernel;
			sourceTree = "<group>";
		};
		54F0C2397E3FC25AD7AD4DE688BFA43A /* Pods */ = {
			isa = PBXGroup;
			children = (
				5F9F9062ADD038E46EBFB88529353D49 /* Pods-ui tests.debug.xcconfig */,
				844134BF136967B02530BD762EAE4BB9 /* Pods-ui tests.release.xcconfig */,
				CDD5220AB11CE2E3563B3C3D225D4BE3 /* Pods-ui.debug.xcconfig */,
				682E951EC5262FACBEEF971AD78F0FEA /* Pods-ui.release.xcconfig */,
			);
			name = Pods;
			sourceTree = "<group>";
		};
		7164FB81D0B38BFFB760C55A72981122 /* custom views */ = {
			isa = PBXGroup;
			children = (
				3EFA3AEEBC76C5EC7BE5116761A21219 /* DummyView.swift */,
			);
			path = "custom views";
			sourceTree = "<group>";
		};
		AA0BE700794107D2C8AECACCE6C1ADE1 = {
			isa = PBXGroup;
			children = (
				D60B0206E7AC8D1F47E2DC51F6F31CB5 /* Frameworks */,
				54F0C2397E3FC25AD7AD4DE688BFA43A /* Pods */,
				10C2582BC6E73F6146326BF6DC38F27D /* Products */,
				22BFA074EFE544A7603C9459194969A2 /* main */,
				2EF215EB770EE33CB93BB39C26B4D3F5 /* tests */,
			);
			sourceTree = "<group>";
		};
		D60B0206E7AC8D1F47E2DC51F6F31CB5 /* Frameworks */ = {
			isa = PBXGroup;
			children = (
				F5EBFC2F18F4B09C691739A38D5E40E1 /* Pods_ui.framework */,
				3E9C47AB43EF53C88E497A8EBCAFCE4E /* Pods_ui_tests.framework */,
			);
			name = Frameworks;
			sourceTree = "<group>";
		};
		F6431AD33762796A95CC0B2B51E096A9 /* kernel */ = {
			isa = PBXGroup;
			children = (
				60521DEBBF516B896CEDA3FDB183771B /* NavigationControllerSpec.swift */,
				DBD9619AFD886B421A65BD98ECDA4BC5 /* ViewControllerSpec.swift */,
			);
			path = kernel;
			sourceTree = "<group>";
		};
/* End PBXGroup section */

/* Begin PBXHeadersBuildPhase section */
		3A599C1113E21D28693FA6CF1DADEDBF /* Headers */ = {
			isa = PBXHeadersBuildPhase;
			buildActionMask = 2147483647;
			files = (
			);
			runOnlyForDeploymentPostprocessing = 0;
		};
/* End PBXHeadersBuildPhase section */

/* Begin PBXNativeTarget section */
		192262B84B1926AE4C080D5417277020 /* ui */ = {
			isa = PBXNativeTarget;
			buildConfigurationList = CFFFB886DC071EE9905A3F4D23B6D96D /* Build configuration list for PBXNativeTarget "ui" */;
			buildPhases = (
				E6B5ACB0B984F50AD00636D4B79B5140 /* [CP] Check Pods Manifest.lock */,
				98E1478791C39A8B7B77CC22F5B99472 /* Sources */,
				DED68022F7CBB807D6B6EC0A51CEAAD5 /* Frameworks */,
				3A599C1113E21D28693FA6CF1DADEDBF /* Headers */,
				62684B0B3DDA575AEA11CCA716C51039 /* Resources */,
			);
			buildRules = (
			);
			dependencies = (
			);
			name = ui;
			productName = ui;
			productReference = AEE2A70F816B71CD36E6124946B50ACD /* ui.framework */;
			productType = "com.apple.product-type.framework";
		};
		CDC87D392CC2CF0FBE2C9A63B76DF1DC /* ui tests */ = {
			isa = PBXNativeTarget;
			buildConfigurationList = A3070C4A669A484EEE11B9B3CA01B2DC /* Build configuration list for PBXNativeTarget "ui tests" */;
			buildPhases = (
				4A4829C318D071D8D754F3AF14852894 /* [CP] Check Pods Manifest.lock */,
				6F83EDD1BFDF71417E6305C3BF0B56DD /* Sources */,
				4ADD7C6B523566C29612C475271FFC12 /* Frameworks */,
				411A6EC77DCA19E375CD2D367C3865DD /* Resources */,
				628B5F33B7663F00DD21E74CD488F44C /* [CP] Embed Pods Frameworks */,
			);
			buildRules = (
			);
			dependencies = (
				F88EFEEE9DE5295C34977920096CAD97 /* PBXTargetDependency */,
			);
			name = "ui tests";
			productName = "ui tests";
			productReference = AEAD01C32A49FBCF66E2AD0E76F0E0A2 /* ui tests.xctest */;
			productType = "com.apple.product-type.bundle.unit-test";
		};
/* End PBXNativeTarget section */

/* Begin PBXProject section */
		CC428020C805AAC96F1E1A7BF2A150D5 /* Project object */ = {
			isa = PBXProject;
			attributes = {
				LastSwiftUpdateCheck = 0940;
				LastUpgradeCheck = 0940;
				ORGANIZATIONNAME = "Zno Inc.";
				TargetAttributes = {
					192262B84B1926AE4C080D5417277020 = {
						CreatedOnToolsVersion = 9.4.1;
						LastSwiftMigration = 0940;
					};
					CDC87D392CC2CF0FBE2C9A63B76DF1DC = {
						CreatedOnToolsVersion = 9.4.1;
					};
				};
			};
			buildConfigurationList = E48642CB692F1736596B884619E43DD5 /* Build configuration list for PBXProject "ui" */;
			compatibilityVersion = "Xcode 9.3";
			developmentRegion = en;
			hasScannedForEncodings = 0;
			knownRegions = (
				en,
			);
			mainGroup = AA0BE700794107D2C8AECACCE6C1ADE1;
			productRefGroup = 10C2582BC6E73F6146326BF6DC38F27D /* Products */;
			projectDirPath = "";
			projectRoot = "";
			targets = (
				192262B84B1926AE4C080D5417277020 /* ui */,
				CDC87D392CC2CF0FBE2C9A63B76DF1DC /* ui tests */,
			);
		};
/* End PBXProject section */

/* Begin PBXResourcesBuildPhase section */
		411A6EC77DCA19E375CD2D367C3865DD /* Resources */ = {
			isa = PBXResourcesBuildPhase;
			buildActionMask = 2147483647;
			files = (
			);
			runOnlyForDeploymentPostprocessing = 0;
		};
		62684B0B3DDA575AEA11CCA716C51039 /* Resources */ = {
			isa = PBXResourcesBuildPhase;
			buildActionMask = 2147483647;
			files = (
			);
			runOnlyForDeploymentPostprocessing = 0;
		};
/* End PBXResourcesBuildPhase section */

/* Begin PBXShellScriptBuildPhase section */
		4A4829C318D071D8D754F3AF14852894 /* [CP] Check Pods Manifest.lock */ = {
			isa = PBXShellScriptBuildPhase;
			buildActionMask = 2147483647;
			files = (
			);
			inputPaths = (
				"${PODS_PODFILE_DIR_PATH}/Podfile.lock",
				"${PODS_ROOT}/Manifest.lock",
			);
			name = "[CP] Check Pods Manifest.lock";
			outputPaths = (
				"$(DERIVED_FILE_DIR)/Pods-ui tests-checkManifestLockResult.txt",
			);
			runOnlyForDeploymentPostprocessing = 0;
			shellPath = /bin/sh;
			shellScript = "diff \"${PODS_PODFILE_DIR_PATH}/Podfile.lock\" \"${PODS_ROOT}/Manifest.lock\" > /dev/null\nif [ $? != 0 ] ; then\n    # print error to STDERR\n    echo \"error: The sandbox is not in sync with the Podfile.lock. Run 'pod install' or update your CocoaPods installation.\" >&2\n    exit 1\nfi\n# This output is used by Xcode 'outputs' to avoid re-running this script phase.\necho \"SUCCESS\" > \"${SCRIPT_OUTPUT_FILE_0}\"\n";
			showEnvVarsInLog = 0;
		};
		628B5F33B7663F00DD21E74CD488F44C /* [CP] Embed Pods Frameworks */ = {
			isa = PBXShellScriptBuildPhase;
			buildActionMask = 2147483647;
			files = (
			);
			inputPaths = (
				"${SRCROOT}/../Pods/Target Support Files/Pods-ui tests/Pods-ui tests-frameworks.sh",
				"${BUILT_PRODUCTS_DIR}/Nimble/Nimble.framework",
				"${BUILT_PRODUCTS_DIR}/Quick/Quick.framework",
				"${BUILT_PRODUCTS_DIR}/KMSOrientationPatch/KMSOrientationPatch.framework",
			);
			name = "[CP] Embed Pods Frameworks";
			outputPaths = (
				"${TARGET_BUILD_DIR}/${FRAMEWORKS_FOLDER_PATH}/Nimble.framework",
				"${TARGET_BUILD_DIR}/${FRAMEWORKS_FOLDER_PATH}/Quick.framework",
				"${TARGET_BUILD_DIR}/${FRAMEWORKS_FOLDER_PATH}/KMSOrientationPatch.framework",
			);
			runOnlyForDeploymentPostprocessing = 0;
			shellPath = /bin/sh;
			shellScript = "\"${SRCROOT}/../Pods/Target Support Files/Pods-ui tests/Pods-ui tests-frameworks.sh\"\n";
			showEnvVarsInLog = 0;
		};
		E6B5ACB0B984F50AD00636D4B79B5140 /* [CP] Check Pods Manifest.lock */ = {
			isa = PBXShellScriptBuildPhase;
			buildActionMask = 2147483647;
			files = (
			);
			inputPaths = (
				"${PODS_PODFILE_DIR_PATH}/Podfile.lock",
				"${PODS_ROOT}/Manifest.lock",
			);
			name = "[CP] Check Pods Manifest.lock";
			outputPaths = (
				"$(DERIVED_FILE_DIR)/Pods-ui-checkManifestLockResult.txt",
			);
			runOnlyForDeploymentPostprocessing = 0;
			shellPath = /bin/sh;
			shellScript = "diff \"${PODS_PODFILE_DIR_PATH}/Podfile.lock\" \"${PODS_ROOT}/Manifest.lock\" > /dev/null\nif [ $? != 0 ] ; then\n    # print error to STDERR\n    echo \"error: The sandbox is not in sync with the Podfile.lock. Run 'pod install' or update your CocoaPods installation.\" >&2\n    exit 1\nfi\n# This output is used by Xcode 'outputs' to avoid re-running this script phase.\necho \"SUCCESS\" > \"${SCRIPT_OUTPUT_FILE_0}\"\n";
			showEnvVarsInLog = 0;
		};
/* End PBXShellScriptBuildPhase section */

/* Begin PBXSourcesBuildPhase section */
		6F83EDD1BFDF71417E6305C3BF0B56DD /* Sources */ = {
			isa = PBXSourcesBuildPhase;
			buildActionMask = 2147483647;
			files = (
				6D704040ABF73F688D0646C15E34689E /* DummyViewSpec.swift in Sources */,
				1A886D1D69796AE27CC495497446BA94 /* NavigationControllerSpec.swift in Sources */,
				996F5AC91B30FD6B8724EC459D58496C /* ViewControllerSpec.swift in Sources */,
			);
			runOnlyForDeploymentPostprocessing = 0;
		};
		98E1478791C39A8B7B77CC22F5B99472 /* Sources */ = {
			isa = PBXSourcesBuildPhase;
			buildActionMask = 2147483647;
			files = (
				BB9213998D9859BF3CA135CEEF8CC9AA /* Application.swift in Sources */,
				29B61133782FCE3D4B1530794576E88B /* DummyView.swift in Sources */,
				BB932CEC66D60C0616F8391423CB4F8B /* NavigationController.swift in Sources */,
				BBC9A7E27F0F225611A9F7FE819A71DC /* ViewController.swift in Sources */,
			);
			runOnlyForDeploymentPostprocessing = 0;
		};
/* End PBXSourcesBuildPhase section */

/* Begin PBXTargetDependency section */
		F88EFEEE9DE5295C34977920096CAD97 /* PBXTargetDependency */ = {
			isa = PBXTargetDependency;
			target = 192262B84B1926AE4C080D5417277020 /* ui */;
			targetProxy = 46B60865D46B2BEF175E1C2A5995675D /* PBXContainerItemProxy */;
		};
/* End PBXTargetDependency section */

/* Begin XCBuildConfiguration section */
		24B8A6F099B500ADC9768C2B1AF622A1 /* Debug */ = {
			isa = XCBuildConfiguration;
			baseConfigurationReference = CDD5220AB11CE2E3563B3C3D225D4BE3 /* Pods-ui.debug.xcconfig */;
			buildSettings = {
				CLANG_ENABLE_MODULES = YES;
				CODE_SIGN_IDENTITY = "";
				CODE_SIGN_STYLE = Automatic;
				DEFINES_MODULE = YES;
				DEVELOPMENT_TEAM = "";
				DYLIB_COMPATIBILITY_VERSION = 1;
				DYLIB_CURRENT_VERSION = 1;
				DYLIB_INSTALL_NAME_BASE = "@rpath";
				INFOPLIST_FILE = main/Info.plist;
				INSTALL_PATH = "$(LOCAL_LIBRARY_DIR)/Frameworks";
				IPHONEOS_DEPLOYMENT_TARGET = 11.0;
				LD_RUNPATH_SEARCH_PATHS = (
					"$(inherited)",
					"@executable_path/Frameworks",
					"@loader_path/Frameworks",
				);
				PRODUCT_BUNDLE_IDENTIFIER = "com.zno.client.$(PROJECT_NAME:c99extidentifier).Main";
				PRODUCT_NAME = "$(TARGET_NAME:c99extidentifier)";
				SKIP_INSTALL = YES;
				SWIFT_OPTIMIZATION_LEVEL = "-Onone";
				SWIFT_VERSION = 4.0;
				TARGETED_DEVICE_FAMILY = "1,2";
			};
			name = Debug;
		};
		645ACB9A1E8421E5436DFCBAAFC45D3D /* Release */ = {
			isa = XCBuildConfiguration;
			baseConfigurationReference = 844134BF136967B02530BD762EAE4BB9 /* Pods-ui tests.release.xcconfig */;
			buildSettings = {
				ALWAYS_EMBED_SWIFT_STANDARD_LIBRARIES = "$(inherited)";
				CODE_SIGN_IDENTITY = "";
				CODE_SIGN_STYLE = Automatic;
				DEVELOPMENT_TEAM = "";
				INFOPLIST_FILE = tests/Info.plist;
				LD_RUNPATH_SEARCH_PATHS = (
					"$(inherited)",
					"@executable_path/Frameworks",
					"@loader_path/Frameworks",
				);
				PRODUCT_BUNDLE_IDENTIFIER = "com.zno.client.$(PROJECT_NAME:c99extidentifier).Tests";
				PRODUCT_NAME = "$(TARGET_NAME)";
				SWIFT_VERSION = 4.0;
				TARGETED_DEVICE_FAMILY = "1,2";
			};
			name = Release;
		};
		9E0F249657DF78E4A3DBEE781B0C6A32 /* Release */ = {
			isa = XCBuildConfiguration;
			buildSettings = {
				ALWAYS_SEARCH_USER_PATHS = NO;
				CLANG_ANALYZER_NONNULL = YES;
				CLANG_ANALYZER_NUMBER_OBJECT_CONVERSION = YES_AGGRESSIVE;
				CLANG_CXX_LANGUAGE_STANDARD = "gnu++14";
				CLANG_CXX_LIBRARY = "libc++";
				CLANG_ENABLE_MODULES = YES;
				CLANG_ENABLE_OBJC_ARC = YES;
				CLANG_ENABLE_OBJC_WEAK = YES;
				CLANG_WARN_BLOCK_CAPTURE_AUTORELEASING = YES;
				CLANG_WARN_BOOL_CONVERSION = YES;
				CLANG_WARN_COMMA = YES;
				CLANG_WARN_CONSTANT_CONVERSION = YES;
				CLANG_WARN_DEPRECATED_OBJC_IMPLEMENTATIONS = YES;
				CLANG_WARN_DIRECT_OBJC_ISA_USAGE = YES_ERROR;
				CLANG_WARN_DOCUMENTATION_COMMENTS = YES;
				CLANG_WARN_EMPTY_BODY = YES;
				CLANG_WARN_ENUM_CONVERSION = YES;
				CLANG_WARN_INFINITE_RECURSION = YES;
				CLANG_WARN_INT_CONVERSION = YES;
				CLANG_WARN_NON_LITERAL_NULL_CONVERSION = YES;
				CLANG_WARN_OBJC_IMPLICIT_RETAIN_SELF = YES;
				CLANG_WARN_OBJC_LITERAL_CONVERSION = YES;
				CLANG_WARN_OBJC_ROOT_CLASS = YES_ERROR;
				CLANG_WARN_RANGE_LOOP_ANALYSIS = YES;
				CLANG_WARN_STRICT_PROTOTYPES = YES;
				CLANG_WARN_SUSPICIOUS_MOVE = YES;
				CLANG_WARN_UNGUARDED_AVAILABILITY = YES_AGGRESSIVE;
				CLANG_WARN_UNREACHABLE_CODE = YES;
				CLANG_WARN__DUPLICATE_METHOD_MATCH = YES;
				CODE_SIGN_IDENTITY = "iPhone Developer";
				COPY_PHASE_STRIP = NO;
				CURRENT_PROJECT_VERSION = 1;
				DEBUG_INFORMATION_FORMAT = "dwarf-with-dsym";
				ENABLE_NS_ASSERTIONS = NO;
				ENABLE_STRICT_OBJC_MSGSEND = YES;
				GCC_C_LANGUAGE_STANDARD = gnu11;
				GCC_NO_COMMON_BLOCKS = YES;
				GCC_WARN_64_TO_32_BIT_CONVERSION = YES;
				GCC_WARN_ABOUT_RETURN_TYPE = YES_ERROR;
				GCC_WARN_UNDECLARED_SELECTOR = YES;
				GCC_WARN_UNINITIALIZED_AUTOS = YES_AGGRESSIVE;
				GCC_WARN_UNUSED_FUNCTION = YES;
				GCC_WARN_UNUSED_VARIABLE = YES;
				IPHONEOS_DEPLOYMENT_TARGET = 11.4;
				MTL_ENABLE_DEBUG_INFO = NO;
				SDKROOT = iphoneos;
				SWIFT_COMPILATION_MODE = wholemodule;
				SWIFT_OPTIMIZATION_LEVEL = "-O";
				VALIDATE_PRODUCT = YES;
				VERSIONING_SYSTEM = "apple-generic";
				VERSION_INFO_PREFIX = "";
			};
			name = Release;
		};
		B20177CB91C126A1849D2144AF8FFC76 /* Debug */ = {
			isa = XCBuildConfiguration;
			buildSettings = {
				ALWAYS_SEARCH_USER_PATHS = NO;
				CLANG_ANALYZER_NONNULL = YES;
				CLANG_ANALYZER_NUMBER_OBJECT_CONVERSION = YES_AGGRESSIVE;
				CLANG_CXX_LANGUAGE_STANDARD = "gnu++14";
				CLANG_CXX_LIBRARY = "libc++";
				CLANG_ENABLE_MODULES = YES;
				CLANG_ENABLE_OBJC_ARC = YES;
				CLANG_ENABLE_OBJC_WEAK = YES;
				CLANG_WARN_BLOCK_CAPTURE_AUTORELEASING = YES;
				CLANG_WARN_BOOL_CONVERSION = YES;
				CLANG_WARN_COMMA = YES;
				CLANG_WARN_CONSTANT_CONVERSION = YES;
				CLANG_WARN_DEPRECATED_OBJC_IMPLEMENTATIONS = YES;
				CLANG_WARN_DIRECT_OBJC_ISA_USAGE = YES_ERROR;
				CLANG_WARN_DOCUMENTATION_COMMENTS = YES;
				CLANG_WARN_EMPTY_BODY = YES;
				CLANG_WARN_ENUM_CONVERSION = YES;
				CLANG_WARN_INFINITE_RECURSION = YES;
				CLANG_WARN_INT_CONVERSION = YES;
				CLANG_WARN_NON_LITERAL_NULL_CONVERSION = YES;
				CLANG_WARN_OBJC_IMPLICIT_RETAIN_SELF = YES;
				CLANG_WARN_OBJC_LITERAL_CONVERSION = YES;
				CLANG_WARN_OBJC_ROOT_CLASS = YES_ERROR;
				CLANG_WARN_RANGE_LOOP_ANALYSIS = YES;
				CLANG_WARN_STRICT_PROTOTYPES = YES;
				CLANG_WARN_SUSPICIOUS_MOVE = YES;
				CLANG_WARN_UNGUARDED_AVAILABILITY = YES_AGGRESSIVE;
				CLANG_WARN_UNREACHABLE_CODE = YES;
				CLANG_WARN__DUPLICATE_METHOD_MATCH = YES;
				CODE_SIGN_IDENTITY = "iPhone Developer";
				COPY_PHASE_STRIP = NO;
				CURRENT_PROJECT_VERSION = 1;
				DEBUG_INFORMATION_FORMAT = dwarf;
				ENABLE_STRICT_OBJC_MSGSEND = YES;
				ENABLE_TESTABILITY = YES;
				GCC_C_LANGUAGE_STANDARD = gnu11;
				GCC_DYNAMIC_NO_PIC = NO;
				GCC_NO_COMMON_BLOCKS = YES;
				GCC_OPTIMIZATION_LEVEL = 0;
				GCC_PREPROCESSOR_DEFINITIONS = (
					"DEBUG=1",
					"$(inherited)",
				);
				GCC_WARN_64_TO_32_BIT_CONVERSION = YES;
				GCC_WARN_ABOUT_RETURN_TYPE = YES_ERROR;
				GCC_WARN_UNDECLARED_SELECTOR = YES;
				GCC_WARN_UNINITIALIZED_AUTOS = YES_AGGRESSIVE;
				GCC_WARN_UNUSED_FUNCTION = YES;
				GCC_WARN_UNUSED_VARIABLE = YES;
				IPHONEOS_DEPLOYMENT_TARGET = 11.4;
				MTL_ENABLE_DEBUG_INFO = YES;
				ONLY_ACTIVE_ARCH = YES;
				SDKROOT = iphoneos;
				SWIFT_ACTIVE_COMPILATION_CONDITIONS = DEBUG;
				SWIFT_OPTIMIZATION_LEVEL = "-Onone";
				VERSIONING_SYSTEM = "apple-generic";
				VERSION_INFO_PREFIX = "";
			};
			name = Debug;
		};
		DA02BF82BC0970FFB9B1ABBFCDFB28A7 /* Debug */ = {
			isa = XCBuildConfiguration;
			baseConfigurationReference = 5F9F9062ADD038E46EBFB88529353D49 /* Pods-ui tests.debug.xcconfig */;
			buildSettings = {
				ALWAYS_EMBED_SWIFT_STANDARD_LIBRARIES = "$(inherited)";
				CODE_SIGN_IDENTITY = "";
				CODE_SIGN_STYLE = Automatic;
				DEVELOPMENT_TEAM = "";
				INFOPLIST_FILE = tests/Info.plist;
				LD_RUNPATH_SEARCH_PATHS = (
					"$(inherited)",
					"@executable_path/Frameworks",
					"@loader_path/Frameworks",
				);
				PRODUCT_BUNDLE_IDENTIFIER = "com.zno.client.$(PROJECT_NAME:c99extidentifier).Tests";
				PRODUCT_NAME = "$(TARGET_NAME)";
				SWIFT_VERSION = 4.0;
				TARGETED_DEVICE_FAMILY = "1,2";
			};
			name = Debug;
		};
		E931C64A1C261DC402B6AD756FCB79C4 /* Release */ = {
			isa = XCBuildConfiguration;
			baseConfigurationReference = 682E951EC5262FACBEEF971AD78F0FEA /* Pods-ui.release.xcconfig */;
			buildSettings = {
				CLANG_ENABLE_MODULES = YES;
				CODE_SIGN_IDENTITY = "";
				CODE_SIGN_STYLE = Automatic;
				DEFINES_MODULE = YES;
				DEVELOPMENT_TEAM = "";
				DYLIB_COMPATIBILITY_VERSION = 1;
				DYLIB_CURRENT_VERSION = 1;
				DYLIB_INSTALL_NAME_BASE = "@rpath";
				INFOPLIST_FILE = main/Info.plist;
				INSTALL_PATH = "$(LOCAL_LIBRARY_DIR)/Frameworks";
				IPHONEOS_DEPLOYMENT_TARGET = 11.0;
				LD_RUNPATH_SEARCH_PATHS = (
					"$(inherited)",
					"@executable_path/Frameworks",
					"@loader_path/Frameworks",
				);
				PRODUCT_BUNDLE_IDENTIFIER = "com.zno.client.$(PROJECT_NAME:c99extidentifier).Main";
				PRODUCT_NAME = "$(TARGET_NAME:c99extidentifier)";
				SKIP_INSTALL = YES;
				SWIFT_VERSION = 4.0;
				TARGETED_DEVICE_FAMILY = "1,2";
			};
			name = Release;
		};
/* End XCBuildConfiguration section */

/* Begin XCConfigurationList section */
		A3070C4A669A484EEE11B9B3CA01B2DC /* Build configuration list for PBXNativeTarget "ui tests" */ = {
			isa = XCConfigurationList;
			buildConfigurations = (
				DA02BF82BC0970FFB9B1ABBFCDFB28A7 /* Debug */,
				645ACB9A1E8421E5436DFCBAAFC45D3D /* Release */,
			);
			defaultConfigurationIsVisible = 0;
			defaultConfigurationName = Release;
		};
		CFFFB886DC071EE9905A3F4D23B6D96D /* Build configuration list for PBXNativeTarget "ui" */ = {
			isa = XCConfigurationList;
			buildConfigurations = (
				24B8A6F099B500ADC9768C2B1AF622A1 /* Debug */,
				E931C64A1C261DC402B6AD756FCB79C4 /* Release */,
			);
			defaultConfigurationIsVisible = 0;
			defaultConfigurationName = Release;
		};
		E48642CB692F1736596B884619E43DD5 /* Build configuration list for PBXProject "ui" */ = {
			isa = XCConfigurationList;
			buildConfigurations = (
				B20177CB91C126A1849D2144AF8FFC76 /* Debug */,
				9E0F249657DF78E4A3DBEE781B0C6A32 /* Release */,
			);
			defaultConfigurationIsVisible = 0;
			defaultConfigurationName = Release;
		};
/* End XCConfigurationList section */
	};
	rootObject = CC428020C805AAC96F1E1A7BF2A150D5 /* Project object */;
}
