// !$*UTF8*$!
{
	archiveVersion = 1;
	classes = {
	};
	objectVersion = 51;
	objects = {

/* Begin PBXBuildFile section */
		1AD8C5AEC032A5D94D5AF96D3B4BF540 /* ui.framework in Frameworks */ = {isa = PBXBuildFile; fileRef = AEE2A70F816B71CD36E6124946B50ACD /* ui.framework */; };
		208EE6352C4987C43DDD2DD7171278F8 /* UIView+InterfaceBuilderSupport.swift in Sources */ = {isa = PBXBuildFile; fileRef = D2049A06E2E359061601242D642079A1 /* UIView+InterfaceBuilderSupport.swift */; };
		4C91448319D47832BF9E7EA9C2D4E15C /* Application.swift in Sources */ = {isa = PBXBuildFile; fileRef = BEF8CF8E6CFB27BA98F23B6112FD1349 /* Application.swift */; };
		5016E8467E129BA67660DF9C6088148E /* ViewControllerSpec.swift in Sources */ = {isa = PBXBuildFile; fileRef = D225C244896E617E0101FEBF2B854949 /* ViewControllerSpec.swift */; };
		5CB159274BA386E1E961CE10BDA35255 /* NavigationController.swift in Sources */ = {isa = PBXBuildFile; fileRef = CCCB699DE103E886D97981E284B33DFF /* NavigationController.swift */; };
		5E10F29CA368B100F91653DA1DFF6BA4 /* DummyViewSpec.swift in Sources */ = {isa = PBXBuildFile; fileRef = 088A5E1BCCFEEAFD7C09C4778FFC554F /* DummyViewSpec.swift */; };
		61B2A4DB8458F67E4C1B5C7D7A2C9D90 /* ViewController.swift in Sources */ = {isa = PBXBuildFile; fileRef = C7529F795197F5F921445DF81E25B6C7 /* ViewController.swift */; };
		62EA8C247528EFD6348B0D810B27A3DC /* Pods_ui_ui_tests.framework in Frameworks */ = {isa = PBXBuildFile; fileRef = 3F98C57485C80CC02BD37EA1D590DEDC /* Pods_ui_ui_tests.framework */; };
		8A97F6576064DD5F43BF583185DF6DFB /* UIViewExtensionSpec.swift in Sources */ = {isa = PBXBuildFile; fileRef = 325788023A086F45F0428FBB49116E9C /* UIViewExtensionSpec.swift */; };
		A2BB1EFD3F125F0889D7D82C30BC421F /* AnnotionView.swift in Sources */ = {isa = PBXBuildFile; fileRef = 1E6BBFFB4580A7862E16E8B9D3B55DD2 /* AnnotionView.swift */; };
		A717E6EC4E4916C3B6AEC35785DC9ABC /* NavigationControllerSpec.swift in Sources */ = {isa = PBXBuildFile; fileRef = 5CD4CF5CC3B4128050403094C9F7F48A /* NavigationControllerSpec.swift */; };
		A995D2654EED281F83F9CEA0A2409FB1 /* Pods_ui.framework in Frameworks */ = {isa = PBXBuildFile; fileRef = F5EBFC2F18F4B09C691739A38D5E40E1 /* Pods_ui.framework */; };
		C94660E41D2944FC4E6688BCB980C3C2 /* DummyView.swift in Sources */ = {isa = PBXBuildFile; fileRef = 039CCEB9269C2C7F5226820BCAC73D75 /* DummyView.swift */; };
/* End PBXBuildFile section */

/* Begin PBXContainerItemProxy section */
		46B60865D46B2BEF175E1C2A5995675D /* PBXContainerItemProxy */ = {
			isa = PBXContainerItemProxy;
			containerPortal = CC428020C805AAC96F1E1A7BF2A150D5 /* Project object */;
			proxyType = 1;
			remoteGlobalIDString = 192262B84B1926AE4C080D5417277020;
			remoteInfo = ui;
		};
/* End PBXContainerItemProxy section */

/* Begin PBXFileReference section */
		039CCEB9269C2C7F5226820BCAC73D75 /* DummyView.swift */ = {isa = PBXFileReference; lastKnownFileType = sourcecode.swift; path = DummyView.swift; sourceTree = "<group>"; };
		088A5E1BCCFEEAFD7C09C4778FFC554F /* DummyViewSpec.swift */ = {isa = PBXFileReference; lastKnownFileType = sourcecode.swift; path = DummyViewSpec.swift; sourceTree = "<group>"; };
		1E6BBFFB4580A7862E16E8B9D3B55DD2 /* AnnotionView.swift */ = {isa = PBXFileReference; lastKnownFileType = sourcecode.swift; path = AnnotionView.swift; sourceTree = "<group>"; };
		325788023A086F45F0428FBB49116E9C /* UIViewExtensionSpec.swift */ = {isa = PBXFileReference; lastKnownFileType = sourcecode.swift; path = UIViewExtensionSpec.swift; sourceTree = "<group>"; };
		3F98C57485C80CC02BD37EA1D590DEDC /* Pods_ui_ui_tests.framework */ = {isa = PBXFileReference; explicitFileType = wrapper.framework; includeInIndex = 0; path = Pods_ui_ui_tests.framework; sourceTree = BUILT_PRODUCTS_DIR; };
		474C1BA663B38B4DCC50874EF53F3632 /* Pods-ui-ui tests.debug.xcconfig */ = {isa = PBXFileReference; includeInIndex = 1; lastKnownFileType = text.xcconfig; name = "Pods-ui-ui tests.debug.xcconfig"; path = "../Pods/Target Support Files/Pods-ui-ui tests/Pods-ui-ui tests.debug.xcconfig"; sourceTree = "<group>"; };
		5CD4CF5CC3B4128050403094C9F7F48A /* NavigationControllerSpec.swift */ = {isa = PBXFileReference; lastKnownFileType = sourcecode.swift; path = NavigationControllerSpec.swift; sourceTree = "<group>"; };
		682E951EC5262FACBEEF971AD78F0FEA /* Pods-ui.release.xcconfig */ = {isa = PBXFileReference; includeInIndex = 1; lastKnownFileType = text.xcconfig; name = "Pods-ui.release.xcconfig"; path = "../Pods/Target Support Files/Pods-ui/Pods-ui.release.xcconfig"; sourceTree = "<group>"; };
		AEAD01C32A49FBCF66E2AD0E76F0E0A2 /* ui tests.xctest */ = {isa = PBXFileReference; explicitFileType = wrapper.cfbundle; includeInIndex = 0; path = "ui tests.xctest"; sourceTree = BUILT_PRODUCTS_DIR; };
		AEE2A70F816B71CD36E6124946B50ACD /* ui.framework */ = {isa = PBXFileReference; explicitFileType = wrapper.framework; includeInIndex = 0; path = ui.framework; sourceTree = BUILT_PRODUCTS_DIR; };
		BEF8CF8E6CFB27BA98F23B6112FD1349 /* Application.swift */ = {isa = PBXFileReference; lastKnownFileType = sourcecode.swift; path = Application.swift; sourceTree = "<group>"; };
		C7529F795197F5F921445DF81E25B6C7 /* ViewController.swift */ = {isa = PBXFileReference; lastKnownFileType = sourcecode.swift; path = ViewController.swift; sourceTree = "<group>"; };
		CCCB699DE103E886D97981E284B33DFF /* NavigationController.swift */ = {isa = PBXFileReference; lastKnownFileType = sourcecode.swift; path = NavigationController.swift; sourceTree = "<group>"; };
		CDD5220AB11CE2E3563B3C3D225D4BE3 /* Pods-ui.debug.xcconfig */ = {isa = PBXFileReference; includeInIndex = 1; lastKnownFileType = text.xcconfig; name = "Pods-ui.debug.xcconfig"; path = "../Pods/Target Support Files/Pods-ui/Pods-ui.debug.xcconfig"; sourceTree = "<group>"; };
		D2049A06E2E359061601242D642079A1 /* UIView+InterfaceBuilderSupport.swift */ = {isa = PBXFileReference; lastKnownFileType = sourcecode.swift; path = "UIView+InterfaceBuilderSupport.swift"; sourceTree = "<group>"; };
		D225C244896E617E0101FEBF2B854949 /* ViewControllerSpec.swift */ = {isa = PBXFileReference; lastKnownFileType = sourcecode.swift; path = ViewControllerSpec.swift; sourceTree = "<group>"; };
		F5EBFC2F18F4B09C691739A38D5E40E1 /* Pods_ui.framework */ = {isa = PBXFileReference; explicitFileType = wrapper.framework; includeInIndex = 0; path = Pods_ui.framework; sourceTree = BUILT_PRODUCTS_DIR; };
		FF57D49E7199CC020CA604EBF1A4D6A6 /* Pods-ui-ui tests.release.xcconfig */ = {isa = PBXFileReference; includeInIndex = 1; lastKnownFileType = text.xcconfig; name = "Pods-ui-ui tests.release.xcconfig"; path = "../Pods/Target Support Files/Pods-ui-ui tests/Pods-ui-ui tests.release.xcconfig"; sourceTree = "<group>"; };
/* End PBXFileReference section */

/* Begin PBXFrameworksBuildPhase section */
		4ADD7C6B523566C29612C475271FFC12 /* Frameworks */ = {
			isa = PBXFrameworksBuildPhase;
			buildActionMask = 2147483647;
			files = (
				62EA8C247528EFD6348B0D810B27A3DC /* Pods_ui_ui_tests.framework in Frameworks */,
				1AD8C5AEC032A5D94D5AF96D3B4BF540 /* ui.framework in Frameworks */,
			);
			runOnlyForDeploymentPostprocessing = 0;
		};
		DED68022F7CBB807D6B6EC0A51CEAAD5 /* Frameworks */ = {
			isa = PBXFrameworksBuildPhase;
			buildActionMask = 2147483647;
			files = (
				A995D2654EED281F83F9CEA0A2409FB1 /* Pods_ui.framework in Frameworks */,
			);
			runOnlyForDeploymentPostprocessing = 0;
		};
/* End PBXFrameworksBuildPhase section */

/* Begin PBXGroup section */
		07F004B2601EF5D3A7796AB802FF2351 /* custom views */ = {
			isa = PBXGroup;
			children = (
				088A5E1BCCFEEAFD7C09C4778FFC554F /* DummyViewSpec.swift */,
			);
			path = "custom views";
			sourceTree = "<group>";
		};
		10C2582BC6E73F6146326BF6DC38F27D /* Products */ = {
			isa = PBXGroup;
			children = (
				AEAD01C32A49FBCF66E2AD0E76F0E0A2 /* ui tests.xctest */,
				AEE2A70F816B71CD36E6124946B50ACD /* ui.framework */,
			);
			name = Products;
			sourceTree = "<group>";
		};
		4718EE309638B96E1120175DF939052D /* kernel */ = {
			isa = PBXGroup;
			children = (
				BEF8CF8E6CFB27BA98F23B6112FD1349 /* Application.swift */,
				CCCB699DE103E886D97981E284B33DFF /* NavigationController.swift */,
				C7529F795197F5F921445DF81E25B6C7 /* ViewController.swift */,
			);
			path = kernel;
			sourceTree = "<group>";
		};
		54F0C2397E3FC25AD7AD4DE688BFA43A /* Pods */ = {
			isa = PBXGroup;
			children = (
				474C1BA663B38B4DCC50874EF53F3632 /* Pods-ui-ui tests.debug.xcconfig */,
				FF57D49E7199CC020CA604EBF1A4D6A6 /* Pods-ui-ui tests.release.xcconfig */,
				CDD5220AB11CE2E3563B3C3D225D4BE3 /* Pods-ui.debug.xcconfig */,
				682E951EC5262FACBEEF971AD78F0FEA /* Pods-ui.release.xcconfig */,
			);
			name = Pods;
			sourceTree = "<group>";
		};
		6625900775A64053ACB4E8C22371E532 /* custom views */ = {
			isa = PBXGroup;
			children = (
				1E6BBFFB4580A7862E16E8B9D3B55DD2 /* AnnotionView.swift */,
				039CCEB9269C2C7F5226820BCAC73D75 /* DummyView.swift */,
			);
			path = "custom views";
			sourceTree = "<group>";
		};
		68B84F8C6A55CD2075DB58B356E761F4 /* extensions */ = {
			isa = PBXGroup;
			children = (
				D2049A06E2E359061601242D642079A1 /* UIView+InterfaceBuilderSupport.swift */,
			);
			path = extensions;
			sourceTree = "<group>";
		};
		9C8B6F6EAA956AD5A2C34CFBDF90EFEF /* extensions */ = {
			isa = PBXGroup;
			children = (
				325788023A086F45F0428FBB49116E9C /* UIViewExtensionSpec.swift */,
			);
			path = extensions;
			sourceTree = "<group>";
		};
		AA0BE700794107D2C8AECACCE6C1ADE1 = {
			isa = PBXGroup;
			children = (
				D60B0206E7AC8D1F47E2DC51F6F31CB5 /* Frameworks */,
				54F0C2397E3FC25AD7AD4DE688BFA43A /* Pods */,
				10C2582BC6E73F6146326BF6DC38F27D /* Products */,
				DAFC7D5CC15321BF954F6EC01040FBB1 /* ui */,
				F53C01D21B9B866AB8BD400F79AB4626 /* ui tests */,
			);
			sourceTree = "<group>";
		};
		BBFDE418726F2DC30ED045D5F72A4EF2 /* code */ = {
			isa = PBXGroup;
			children = (
				07F004B2601EF5D3A7796AB802FF2351 /* custom views */,
				9C8B6F6EAA956AD5A2C34CFBDF90EFEF /* extensions */,
				EF2DE31461440828364A3A7E4B4706FA /* kernel */,
			);
			path = code;
			sourceTree = "<group>";
		};
		D60B0206E7AC8D1F47E2DC51F6F31CB5 /* Frameworks */ = {
			isa = PBXGroup;
			children = (
				F5EBFC2F18F4B09C691739A38D5E40E1 /* Pods_ui.framework */,
				3F98C57485C80CC02BD37EA1D590DEDC /* Pods_ui_ui_tests.framework */,
			);
			name = Frameworks;
			sourceTree = "<group>";
		};
		DAFC7D5CC15321BF954F6EC01040FBB1 /* ui */ = {
			isa = PBXGroup;
			children = (
				ED1B992C750C45B436F40CC81DCC10A8 /* code */,
			);
			path = ui;
			sourceTree = "<group>";
		};
		ED1B992C750C45B436F40CC81DCC10A8 /* code */ = {
			isa = PBXGroup;
			children = (
				6625900775A64053ACB4E8C22371E532 /* custom views */,
				68B84F8C6A55CD2075DB58B356E761F4 /* extensions */,
				4718EE309638B96E1120175DF939052D /* kernel */,
			);
			path = code;
			sourceTree = "<group>";
		};
		EF2DE31461440828364A3A7E4B4706FA /* kernel */ = {
			isa = PBXGroup;
			children = (
				5CD4CF5CC3B4128050403094C9F7F48A /* NavigationControllerSpec.swift */,
				D225C244896E617E0101FEBF2B854949 /* ViewControllerSpec.swift */,
			);
			path = kernel;
			sourceTree = "<group>";
		};
		F53C01D21B9B866AB8BD400F79AB4626 /* ui tests */ = {
			isa = PBXGroup;
			children = (
				BBFDE418726F2DC30ED045D5F72A4EF2 /* code */,
			);
			path = "ui tests";
			sourceTree = "<group>";
		};
/* End PBXGroup section */

/* Begin PBXHeadersBuildPhase section */
		3A599C1113E21D28693FA6CF1DADEDBF /* Headers */ = {
			isa = PBXHeadersBuildPhase;
			buildActionMask = 2147483647;
			files = (
			);
			runOnlyForDeploymentPostprocessing = 0;
		};
/* End PBXHeadersBuildPhase section */

/* Begin PBXNativeTarget section */
		192262B84B1926AE4C080D5417277020 /* ui */ = {
			isa = PBXNativeTarget;
			buildConfigurationList = CFFFB886DC071EE9905A3F4D23B6D96D /* Build configuration list for PBXNativeTarget "ui" */;
			buildPhases = (
				E6B5ACB0B984F50AD00636D4B79B5140 /* [CP] Check Pods Manifest.lock */,
				98E1478791C39A8B7B77CC22F5B99472 /* Sources */,
				DED68022F7CBB807D6B6EC0A51CEAAD5 /* Frameworks */,
				3A599C1113E21D28693FA6CF1DADEDBF /* Headers */,
				62684B0B3DDA575AEA11CCA716C51039 /* Resources */,
			);
			buildRules = (
			);
			dependencies = (
			);
			name = ui;
			productName = ui;
			productReference = AEE2A70F816B71CD36E6124946B50ACD /* ui.framework */;
			productType = "com.apple.product-type.framework";
		};
		CDC87D392CC2CF0FBE2C9A63B76DF1DC /* ui tests */ = {
			isa = PBXNativeTarget;
			buildConfigurationList = A3070C4A669A484EEE11B9B3CA01B2DC /* Build configuration list for PBXNativeTarget "ui tests" */;
			buildPhases = (
				4A4829C318D071D8D754F3AF14852894 /* [CP] Check Pods Manifest.lock */,
				6F83EDD1BFDF71417E6305C3BF0B56DD /* Sources */,
				4ADD7C6B523566C29612C475271FFC12 /* Frameworks */,
				411A6EC77DCA19E375CD2D367C3865DD /* Resources */,
				48E1FAE391CB9C7F7797A0BC82498626 /* [CP] Embed Pods Frameworks */,
			);
			buildRules = (
			);
			dependencies = (
				F88EFEEE9DE5295C34977920096CAD97 /* PBXTargetDependency */,
			);
			name = "ui tests";
			productName = "ui tests";
			productReference = AEAD01C32A49FBCF66E2AD0E76F0E0A2 /* ui tests.xctest */;
			productType = "com.apple.product-type.bundle.unit-test";
		};
/* End PBXNativeTarget section */

/* Begin PBXProject section */
		CC428020C805AAC96F1E1A7BF2A150D5 /* Project object */ = {
			isa = PBXProject;
			attributes = {
				LastSwiftUpdateCheck = 0940;
				LastUpgradeCheck = 0940;
				ORGANIZATIONNAME = "Zno Inc.";
				TargetAttributes = {
					192262B84B1926AE4C080D5417277020 = {
						CreatedOnToolsVersion = 9.4.1;
						LastSwiftMigration = 1000;
					};
					CDC87D392CC2CF0FBE2C9A63B76DF1DC = {
						CreatedOnToolsVersion = 9.4.1;
					};
				};
			};
			buildConfigurationList = E48642CB692F1736596B884619E43DD5 /* Build configuration list for PBXProject "ui" */;
			compatibilityVersion = "Xcode 10.0";
			developmentRegion = en;
			hasScannedForEncodings = 0;
			knownRegions = (
				en,
			);
			mainGroup = AA0BE700794107D2C8AECACCE6C1ADE1;
			productRefGroup = 10C2582BC6E73F6146326BF6DC38F27D /* Products */;
			projectDirPath = "";
			projectRoot = "";
			targets = (
				192262B84B1926AE4C080D5417277020 /* ui */,
				CDC87D392CC2CF0FBE2C9A63B76DF1DC /* ui tests */,
			);
		};
/* End PBXProject section */

/* Begin PBXResourcesBuildPhase section */
		411A6EC77DCA19E375CD2D367C3865DD /* Resources */ = {
			isa = PBXResourcesBuildPhase;
			buildActionMask = 2147483647;
			files = (
			);
			runOnlyForDeploymentPostprocessing = 0;
		};
		62684B0B3DDA575AEA11CCA716C51039 /* Resources */ = {
			isa = PBXResourcesBuildPhase;
			buildActionMask = 2147483647;
			files = (
			);
			runOnlyForDeploymentPostprocessing = 0;
		};
/* End PBXResourcesBuildPhase section */

/* Begin PBXShellScriptBuildPhase section */
		48E1FAE391CB9C7F7797A0BC82498626 /* [CP] Embed Pods Frameworks */ = {
			isa = PBXShellScriptBuildPhase;
			buildActionMask = 2147483647;
			files = (
			);
			inputPaths = (
				"${PODS_ROOT}/Target Support Files/Pods-ui-ui tests/Pods-ui-ui tests-frameworks.sh",
				"${BUILT_PRODUCTS_DIR}/KMSOrientationPatch/KMSOrientationPatch.framework",
				"${BUILT_PRODUCTS_DIR}/Nimble-iOS11.0/Nimble.framework",
				"${BUILT_PRODUCTS_DIR}/Quick-iOS11.0/Quick.framework",
			);
			name = "[CP] Embed Pods Frameworks";
			outputPaths = (
				"${TARGET_BUILD_DIR}/${FRAMEWORKS_FOLDER_PATH}/KMSOrientationPatch.framework",
				"${TARGET_BUILD_DIR}/${FRAMEWORKS_FOLDER_PATH}/Nimble.framework",
				"${TARGET_BUILD_DIR}/${FRAMEWORKS_FOLDER_PATH}/Quick.framework",
			);
			runOnlyForDeploymentPostprocessing = 0;
			shellPath = /bin/sh;
			shellScript = "\"${PODS_ROOT}/Target Support Files/Pods-ui-ui tests/Pods-ui-ui tests-frameworks.sh\"\n";
			showEnvVarsInLog = 0;
		};
		4A4829C318D071D8D754F3AF14852894 /* [CP] Check Pods Manifest.lock */ = {
			isa = PBXShellScriptBuildPhase;
			buildActionMask = 2147483647;
			files = (
			);
			inputPaths = (
				"${PODS_PODFILE_DIR_PATH}/Podfile.lock",
				"${PODS_ROOT}/Manifest.lock",
			);
			name = "[CP] Check Pods Manifest.lock";
			outputPaths = (
				"$(DERIVED_FILE_DIR)/Pods-ui-ui tests-checkManifestLockResult.txt",
			);
			runOnlyForDeploymentPostprocessing = 0;
			shellPath = /bin/sh;
			shellScript = "diff \"${PODS_PODFILE_DIR_PATH}/Podfile.lock\" \"${PODS_ROOT}/Manifest.lock\" > /dev/null\nif [ $? != 0 ] ; then\n    # print error to STDERR\n    echo \"error: The sandbox is not in sync with the Podfile.lock. Run 'pod install' or update your CocoaPods installation.\" >&2\n    exit 1\nfi\n# This output is used by Xcode 'outputs' to avoid re-running this script phase.\necho \"SUCCESS\" > \"${SCRIPT_OUTPUT_FILE_0}\"\n";
			showEnvVarsInLog = 0;
		};
		E6B5ACB0B984F50AD00636D4B79B5140 /* [CP] Check Pods Manifest.lock */ = {
			isa = PBXShellScriptBuildPhase;
			buildActionMask = 2147483647;
			files = (
			);
			inputPaths = (
				"${PODS_PODFILE_DIR_PATH}/Podfile.lock",
				"${PODS_ROOT}/Manifest.lock",
			);
			name = "[CP] Check Pods Manifest.lock";
			outputPaths = (
				"$(DERIVED_FILE_DIR)/Pods-ui-checkManifestLockResult.txt",
			);
			runOnlyForDeploymentPostprocessing = 0;
			shellPath = /bin/sh;
			shellScript = "diff \"${PODS_PODFILE_DIR_PATH}/Podfile.lock\" \"${PODS_ROOT}/Manifest.lock\" > /dev/null\nif [ $? != 0 ] ; then\n    # print error to STDERR\n    echo \"error: The sandbox is not in sync with the Podfile.lock. Run 'pod install' or update your CocoaPods installation.\" >&2\n    exit 1\nfi\n# This output is used by Xcode 'outputs' to avoid re-running this script phase.\necho \"SUCCESS\" > \"${SCRIPT_OUTPUT_FILE_0}\"\n";
			showEnvVarsInLog = 0;
		};
/* End PBXShellScriptBuildPhase section */

/* Begin PBXSourcesBuildPhase section */
		6F83EDD1BFDF71417E6305C3BF0B56DD /* Sources */ = {
			isa = PBXSourcesBuildPhase;
			buildActionMask = 2147483647;
			files = (
				5E10F29CA368B100F91653DA1DFF6BA4 /* DummyViewSpec.swift in Sources */,
				A717E6EC4E4916C3B6AEC35785DC9ABC /* NavigationControllerSpec.swift in Sources */,
				8A97F6576064DD5F43BF583185DF6DFB /* UIViewExtensionSpec.swift in Sources */,
				5016E8467E129BA67660DF9C6088148E /* ViewControllerSpec.swift in Sources */,
			);
			runOnlyForDeploymentPostprocessing = 0;
		};
		98E1478791C39A8B7B77CC22F5B99472 /* Sources */ = {
			isa = PBXSourcesBuildPhase;
			buildActionMask = 2147483647;
			files = (
				A2BB1EFD3F125F0889D7D82C30BC421F /* AnnotionView.swift in Sources */,
				4C91448319D47832BF9E7EA9C2D4E15C /* Application.swift in Sources */,
				C94660E41D2944FC4E6688BCB980C3C2 /* DummyView.swift in Sources */,
				5CB159274BA386E1E961CE10BDA35255 /* NavigationController.swift in Sources */,
				208EE6352C4987C43DDD2DD7171278F8 /* UIView+InterfaceBuilderSupport.swift in Sources */,
				61B2A4DB8458F67E4C1B5C7D7A2C9D90 /* ViewController.swift in Sources */,
			);
			runOnlyForDeploymentPostprocessing = 0;
		};
/* End PBXSourcesBuildPhase section */

/* Begin PBXTargetDependency section */
		F88EFEEE9DE5295C34977920096CAD97 /* PBXTargetDependency */ = {
			isa = PBXTargetDependency;
			target = 192262B84B1926AE4C080D5417277020 /* ui */;
			targetProxy = 46B60865D46B2BEF175E1C2A5995675D /* PBXContainerItemProxy */;
		};
/* End PBXTargetDependency section */

/* Begin XCBuildConfiguration section */
		24B8A6F099B500ADC9768C2B1AF622A1 /* Debug */ = {
			isa = XCBuildConfiguration;
			baseConfigurationReference = CDD5220AB11CE2E3563B3C3D225D4BE3 /* Pods-ui.debug.xcconfig */;
			buildSettings = {
				CLANG_ENABLE_MODULES = YES;
				CODE_SIGN_IDENTITY = "";
				CODE_SIGN_STYLE = Automatic;
				DEFINES_MODULE = YES;
				DEVELOPMENT_TEAM = "";
				DYLIB_COMPATIBILITY_VERSION = 1;
				DYLIB_CURRENT_VERSION = 1;
				DYLIB_INSTALL_NAME_BASE = "@rpath";
				INFOPLIST_FILE = "$(TARGET_NAME)/Info.plist";
				INSTALL_PATH = "$(LOCAL_LIBRARY_DIR)/Frameworks";
				IPHONEOS_DEPLOYMENT_TARGET = 11.0;
				LD_RUNPATH_SEARCH_PATHS = (
					"$(inherited)",
					"@executable_path/Frameworks",
					"@loader_path/Frameworks",
				);
				PRODUCT_BUNDLE_IDENTIFIER = "com.zno.client.$(PROJECT_NAME:c99extidentifier).Main";
				PRODUCT_NAME = "$(TARGET_NAME:c99extidentifier)";
				SKIP_INSTALL = YES;
				SWIFT_OPTIMIZATION_LEVEL = "-Onone";
				SWIFT_VERSION = 4.2;
				TARGETED_DEVICE_FAMILY = "1,2";
			};
			name = Debug;
		};
		645ACB9A1E8421E5436DFCBAAFC45D3D /* Release */ = {
			isa = XCBuildConfiguration;
			baseConfigurationReference = FF57D49E7199CC020CA604EBF1A4D6A6 /* Pods-ui-ui tests.release.xcconfig */;
			buildSettings = {
				ALWAYS_EMBED_SWIFT_STANDARD_LIBRARIES = "$(inherited)";
				CODE_SIGN_IDENTITY = "";
				CODE_SIGN_STYLE = Automatic;
				DEVELOPMENT_TEAM = "";
				INFOPLIST_FILE = "$(TARGET_NAME)/Info.plist";
				LD_RUNPATH_SEARCH_PATHS = (
					"$(inherited)",
					"@executable_path/Frameworks",
					"@loader_path/Frameworks",
				);
				PRODUCT_BUNDLE_IDENTIFIER = "com.zno.client.$(PROJECT_NAME:c99extidentifier).Tests";
				PRODUCT_NAME = "$(TARGET_NAME)";
				SWIFT_VERSION = 4.2;
				TARGETED_DEVICE_FAMILY = "1,2";
			};
			name = Release;
		};
		9E0F249657DF78E4A3DBEE781B0C6A32 /* Release */ = {
			isa = XCBuildConfiguration;
			buildSettings = {
				ALWAYS_SEARCH_USER_PATHS = NO;
				CLANG_ANALYZER_NONNULL = YES;
				CLANG_ANALYZER_NUMBER_OBJECT_CONVERSION = YES_AGGRESSIVE;
				CLANG_CXX_LANGUAGE_STANDARD = "gnu++14";
				CLANG_CXX_LIBRARY = "libc++";
				CLANG_ENABLE_MODULES = YES;
				CLANG_ENABLE_OBJC_ARC = YES;
				CLANG_ENABLE_OBJC_WEAK = YES;
				CLANG_WARN_BLOCK_CAPTURE_AUTORELEASING = YES;
				CLANG_WARN_BOOL_CONVERSION = YES;
				CLANG_WARN_COMMA = YES;
				CLANG_WARN_CONSTANT_CONVERSION = YES;
				CLANG_WARN_DEPRECATED_OBJC_IMPLEMENTATIONS = YES;
				CLANG_WARN_DIRECT_OBJC_ISA_USAGE = YES_ERROR;
				CLANG_WARN_DOCUMENTATION_COMMENTS = YES;
				CLANG_WARN_EMPTY_BODY = YES;
				CLANG_WARN_ENUM_CONVERSION = YES;
				CLANG_WARN_INFINITE_RECURSION = YES;
				CLANG_WARN_INT_CONVERSION = YES;
				CLANG_WARN_NON_LITERAL_NULL_CONVERSION = YES;
				CLANG_WARN_OBJC_IMPLICIT_RETAIN_SELF = YES;
				CLANG_WARN_OBJC_LITERAL_CONVERSION = YES;
				CLANG_WARN_OBJC_ROOT_CLASS = YES_ERROR;
				CLANG_WARN_RANGE_LOOP_ANALYSIS = YES;
				CLANG_WARN_STRICT_PROTOTYPES = YES;
				CLANG_WARN_SUSPICIOUS_MOVE = YES;
				CLANG_WARN_UNGUARDED_AVAILABILITY = YES_AGGRESSIVE;
				CLANG_WARN_UNREACHABLE_CODE = YES;
				CLANG_WARN__DUPLICATE_METHOD_MATCH = YES;
				CODE_SIGN_IDENTITY = "iPhone Developer";
				COPY_PHASE_STRIP = NO;
				CURRENT_PROJECT_VERSION = 1;
				DEBUG_INFORMATION_FORMAT = "dwarf-with-dsym";
				ENABLE_NS_ASSERTIONS = NO;
				ENABLE_STRICT_OBJC_MSGSEND = YES;
				GCC_C_LANGUAGE_STANDARD = gnu11;
				GCC_NO_COMMON_BLOCKS = YES;
				GCC_WARN_64_TO_32_BIT_CONVERSION = YES;
				GCC_WARN_ABOUT_RETURN_TYPE = YES_ERROR;
				GCC_WARN_UNDECLARED_SELECTOR = YES;
				GCC_WARN_UNINITIALIZED_AUTOS = YES_AGGRESSIVE;
				GCC_WARN_UNUSED_FUNCTION = YES;
				GCC_WARN_UNUSED_VARIABLE = YES;
				IPHONEOS_DEPLOYMENT_TARGET = 11.4;
				MTL_ENABLE_DEBUG_INFO = NO;
				SDKROOT = iphoneos;
				SWIFT_COMPILATION_MODE = wholemodule;
				SWIFT_OPTIMIZATION_LEVEL = "-O";
				VALIDATE_PRODUCT = YES;
				VERSIONING_SYSTEM = "apple-generic";
				VERSION_INFO_PREFIX = "";
			};
			name = Release;
		};
		B20177CB91C126A1849D2144AF8FFC76 /* Debug */ = {
			isa = XCBuildConfiguration;
			buildSettings = {
				ALWAYS_SEARCH_USER_PATHS = NO;
				CLANG_ANALYZER_NONNULL = YES;
				CLANG_ANALYZER_NUMBER_OBJECT_CONVERSION = YES_AGGRESSIVE;
				CLANG_CXX_LANGUAGE_STANDARD = "gnu++14";
				CLANG_CXX_LIBRARY = "libc++";
				CLANG_ENABLE_MODULES = YES;
				CLANG_ENABLE_OBJC_ARC = YES;
				CLANG_ENABLE_OBJC_WEAK = YES;
				CLANG_WARN_BLOCK_CAPTURE_AUTORELEASING = YES;
				CLANG_WARN_BOOL_CONVERSION = YES;
				CLANG_WARN_COMMA = YES;
				CLANG_WARN_CONSTANT_CONVERSION = YES;
				CLANG_WARN_DEPRECATED_OBJC_IMPLEMENTATIONS = YES;
				CLANG_WARN_DIRECT_OBJC_ISA_USAGE = YES_ERROR;
				CLANG_WARN_DOCUMENTATION_COMMENTS = YES;
				CLANG_WARN_EMPTY_BODY = YES;
				CLANG_WARN_ENUM_CONVERSION = YES;
				CLANG_WARN_INFINITE_RECURSION = YES;
				CLANG_WARN_INT_CONVERSION = YES;
				CLANG_WARN_NON_LITERAL_NULL_CONVERSION = YES;
				CLANG_WARN_OBJC_IMPLICIT_RETAIN_SELF = YES;
				CLANG_WARN_OBJC_LITERAL_CONVERSION = YES;
				CLANG_WARN_OBJC_ROOT_CLASS = YES_ERROR;
				CLANG_WARN_RANGE_LOOP_ANALYSIS = YES;
				CLANG_WARN_STRICT_PROTOTYPES = YES;
				CLANG_WARN_SUSPICIOUS_MOVE = YES;
				CLANG_WARN_UNGUARDED_AVAILABILITY = YES_AGGRESSIVE;
				CLANG_WARN_UNREACHABLE_CODE = YES;
				CLANG_WARN__DUPLICATE_METHOD_MATCH = YES;
				CODE_SIGN_IDENTITY = "iPhone Developer";
				COPY_PHASE_STRIP = NO;
				CURRENT_PROJECT_VERSION = 1;
				DEBUG_INFORMATION_FORMAT = dwarf;
				ENABLE_STRICT_OBJC_MSGSEND = YES;
				ENABLE_TESTABILITY = YES;
				GCC_C_LANGUAGE_STANDARD = gnu11;
				GCC_DYNAMIC_NO_PIC = NO;
				GCC_NO_COMMON_BLOCKS = YES;
				GCC_OPTIMIZATION_LEVEL = 0;
				GCC_PREPROCESSOR_DEFINITIONS = (
					"DEBUG=1",
					"$(inherited)",
				);
				GCC_WARN_64_TO_32_BIT_CONVERSION = YES;
				GCC_WARN_ABOUT_RETURN_TYPE = YES_ERROR;
				GCC_WARN_UNDECLARED_SELECTOR = YES;
				GCC_WARN_UNINITIALIZED_AUTOS = YES_AGGRESSIVE;
				GCC_WARN_UNUSED_FUNCTION = YES;
				GCC_WARN_UNUSED_VARIABLE = YES;
				IPHONEOS_DEPLOYMENT_TARGET = 11.4;
				MTL_ENABLE_DEBUG_INFO = YES;
				ONLY_ACTIVE_ARCH = YES;
				SDKROOT = iphoneos;
				SWIFT_ACTIVE_COMPILATION_CONDITIONS = DEBUG;
				SWIFT_OPTIMIZATION_LEVEL = "-Onone";
				VERSIONING_SYSTEM = "apple-generic";
				VERSION_INFO_PREFIX = "";
			};
			name = Debug;
		};
		DA02BF82BC0970FFB9B1ABBFCDFB28A7 /* Debug */ = {
			isa = XCBuildConfiguration;
			baseConfigurationReference = 474C1BA663B38B4DCC50874EF53F3632 /* Pods-ui-ui tests.debug.xcconfig */;
			buildSettings = {
				ALWAYS_EMBED_SWIFT_STANDARD_LIBRARIES = "$(inherited)";
				CODE_SIGN_IDENTITY = "";
				CODE_SIGN_STYLE = Automatic;
				DEVELOPMENT_TEAM = "";
				INFOPLIST_FILE = "$(TARGET_NAME)/Info.plist";
				LD_RUNPATH_SEARCH_PATHS = (
					"$(inherited)",
					"@executable_path/Frameworks",
					"@loader_path/Frameworks",
				);
				PRODUCT_BUNDLE_IDENTIFIER = "com.zno.client.$(PROJECT_NAME:c99extidentifier).Tests";
				PRODUCT_NAME = "$(TARGET_NAME)";
				SWIFT_VERSION = 4.2;
				TARGETED_DEVICE_FAMILY = "1,2";
			};
			name = Debug;
		};
		E931C64A1C261DC402B6AD756FCB79C4 /* Release */ = {
			isa = XCBuildConfiguration;
			baseConfigurationReference = 682E951EC5262FACBEEF971AD78F0FEA /* Pods-ui.release.xcconfig */;
			buildSettings = {
				CLANG_ENABLE_MODULES = YES;
				CODE_SIGN_IDENTITY = "";
				CODE_SIGN_STYLE = Automatic;
				DEFINES_MODULE = YES;
				DEVELOPMENT_TEAM = "";
				DYLIB_COMPATIBILITY_VERSION = 1;
				DYLIB_CURRENT_VERSION = 1;
				DYLIB_INSTALL_NAME_BASE = "@rpath";
				INFOPLIST_FILE = "$(TARGET_NAME)/Info.plist";
				INSTALL_PATH = "$(LOCAL_LIBRARY_DIR)/Frameworks";
				IPHONEOS_DEPLOYMENT_TARGET = 11.0;
				LD_RUNPATH_SEARCH_PATHS = (
					"$(inherited)",
					"@executable_path/Frameworks",
					"@loader_path/Frameworks",
				);
				PRODUCT_BUNDLE_IDENTIFIER = "com.zno.client.$(PROJECT_NAME:c99extidentifier).Main";
				PRODUCT_NAME = "$(TARGET_NAME:c99extidentifier)";
				SKIP_INSTALL = YES;
				SWIFT_VERSION = 4.2;
				TARGETED_DEVICE_FAMILY = "1,2";
			};
			name = Release;
		};
/* End XCBuildConfiguration section */

/* Begin XCConfigurationList section */
		A3070C4A669A484EEE11B9B3CA01B2DC /* Build configuration list for PBXNativeTarget "ui tests" */ = {
			isa = XCConfigurationList;
			buildConfigurations = (
				DA02BF82BC0970FFB9B1ABBFCDFB28A7 /* Debug */,
				645ACB9A1E8421E5436DFCBAAFC45D3D /* Release */,
			);
			defaultConfigurationIsVisible = 0;
			defaultConfigurationName = Release;
		};
		CFFFB886DC071EE9905A3F4D23B6D96D /* Build configuration list for PBXNativeTarget "ui" */ = {
			isa = XCConfigurationList;
			buildConfigurations = (
				24B8A6F099B500ADC9768C2B1AF622A1 /* Debug */,
				E931C64A1C261DC402B6AD756FCB79C4 /* Release */,
			);
			defaultConfigurationIsVisible = 0;
			defaultConfigurationName = Release;
		};
		E48642CB692F1736596B884619E43DD5 /* Build configuration list for PBXProject "ui" */ = {
			isa = XCConfigurationList;
			buildConfigurations = (
				B20177CB91C126A1849D2144AF8FFC76 /* Debug */,
				9E0F249657DF78E4A3DBEE781B0C6A32 /* Release */,
			);
			defaultConfigurationIsVisible = 0;
			defaultConfigurationName = Release;
		};
/* End XCConfigurationList section */
	};
	rootObject = CC428020C805AAC96F1E1A7BF2A150D5 /* Project object */;
}
