// !$*UTF8*$!
{
	archiveVersion = 1;
	classes = {
	};
	objectVersion = 51;
	objects = {

/* Begin PBXBuildFile section */
		0C6A3B9E3656D544F7326D374E3A37BE /* product_spec.framework in Frameworks */ = {isa = PBXBuildFile; fileRef = 762A59244060BBA8E8379BA8C4AE9CA7 /* product_spec.framework */; };
		0FFD1FA961457A708BC15B89684273B2 /* Pods_product_spec.framework in Frameworks */ = {isa = PBXBuildFile; fileRef = 8F9DEEE27C72080574BC0AF42DFC245D /* Pods_product_spec.framework */; };
		19E708874A5F6DF2C4578DB69E0D6CD1 /* Option.swift in Sources */ = {isa = PBXBuildFile; fileRef = FD629C446915D7F2FD413A3A7DE7C842 /* Option.swift */; };
		21ADC164A33CA69153B2A87EFDA8D34F /* Pods_product_spec_product_spec_tests.framework in Frameworks */ = {isa = PBXBuildFile; fileRef = 16229839EF3F8F620C34702BE2BFF12C /* Pods_product_spec_product_spec_tests.framework */; };
		2FFEF7BBC0208C85997F574CB80F4469 /* OptionSetMap.swift in Sources */ = {isa = PBXBuildFile; fileRef = 3B3C5A50890F3C6A7EC0DA6BBE3D30C9 /* OptionSetMap.swift */; };
		31EA3348FA26EC76D82845EC34690F2B /* StringSpec.swift in Sources */ = {isa = PBXBuildFile; fileRef = 5C993DC4A5831A9F50B8908A4744C6A1 /* StringSpec.swift */; };
		4ECB84038DBDF55117BC493C02D8E918 /* XmlElement+Extension.swift in Sources */ = {isa = PBXBuildFile; fileRef = 83E9DD33FB5C2DAA2DA72DEDB1720FB6 /* XmlElement+Extension.swift */; };
		8C21D53A379FAB6FAC6148BEEE68EC85 /* Manual.swift in Sources */ = {isa = PBXBuildFile; fileRef = 452B88C671B8141628BD06C8979FC0A2 /* Manual.swift */; };
		8DFB96E247E3043967548E4B5D5B476C /* OptionSetRule.swift in Sources */ = {isa = PBXBuildFile; fileRef = ACC05DA21CC0B5E3D187F1E06B828CF2 /* OptionSetRule.swift */; };
		91BE049A319394848B952569A2809328 /* OptionGroup.swift in Sources */ = {isa = PBXBuildFile; fileRef = F415CE1E0C1D69E4457926C8428CE23F /* OptionGroup.swift */; };
		9464CF87F0782AC58AA8C754E74B4818 /* ManualSpec.swift in Sources */ = {isa = PBXBuildFile; fileRef = 9AFB7977CFD9E8D82005358F8EC4AE25 /* ManualSpec.swift */; };
		996087B82686813029B96306EF638764 /* sample_spec.xml in Resources */ = {isa = PBXBuildFile; fileRef = E63027A1FD50978BFB5432DE2756E227 /* sample_spec.xml */; };
		A6BA8FDA1AF8615770782D3C6BA15CE4 /* String+Extension.swift in Sources */ = {isa = PBXBuildFile; fileRef = 31ED312A5C5440ED445EAB7319871D2F /* String+Extension.swift */; };
		BCA6D913A784EB9FB00CA33A8E40EBAF /* ParameterMap.swift in Sources */ = {isa = PBXBuildFile; fileRef = 82E1507B96B013D5056938D68F4FAF7A /* ParameterMap.swift */; };
/* End PBXBuildFile section */

/* Begin PBXContainerItemProxy section */
		42B0D7D3EB51E5ED072186EFA068B49B /* PBXContainerItemProxy */ = {
			isa = PBXContainerItemProxy;
			containerPortal = B44BFA790235A3B048A3886504DBFD52 /* Project object */;
			proxyType = 1;
			remoteGlobalIDString = D1C0B80CF416E23EA8797B99DFFD3D5C;
			remoteInfo = "product spec";
		};
/* End PBXContainerItemProxy section */

/* Begin PBXFileReference section */
		16229839EF3F8F620C34702BE2BFF12C /* Pods_product_spec_product_spec_tests.framework */ = {isa = PBXFileReference; explicitFileType = wrapper.framework; includeInIndex = 0; path = Pods_product_spec_product_spec_tests.framework; sourceTree = BUILT_PRODUCTS_DIR; };
		284E1A61CB95AD4893C5F1C2948950EE /* Pods-product spec.release.xcconfig */ = {isa = PBXFileReference; includeInIndex = 1; lastKnownFileType = text.xcconfig; name = "Pods-product spec.release.xcconfig"; path = "../Pods/Target Support Files/Pods-product spec/Pods-product spec.release.xcconfig"; sourceTree = "<group>"; };
		31ED312A5C5440ED445EAB7319871D2F /* String+Extension.swift */ = {isa = PBXFileReference; lastKnownFileType = sourcecode.swift; path = "String+Extension.swift"; sourceTree = "<group>"; };
		3B3C5A50890F3C6A7EC0DA6BBE3D30C9 /* OptionSetMap.swift */ = {isa = PBXFileReference; lastKnownFileType = sourcecode.swift; path = OptionSetMap.swift; sourceTree = "<group>"; };
		452B88C671B8141628BD06C8979FC0A2 /* Manual.swift */ = {isa = PBXFileReference; lastKnownFileType = sourcecode.swift; path = Manual.swift; sourceTree = "<group>"; };
		5C993DC4A5831A9F50B8908A4744C6A1 /* StringSpec.swift */ = {isa = PBXFileReference; lastKnownFileType = sourcecode.swift; path = StringSpec.swift; sourceTree = "<group>"; };
		639B37BE3CCB34F1AC2C17A6E8895BE7 /* Pods-product spec.debug.xcconfig */ = {isa = PBXFileReference; includeInIndex = 1; lastKnownFileType = text.xcconfig; name = "Pods-product spec.debug.xcconfig"; path = "../Pods/Target Support Files/Pods-product spec/Pods-product spec.debug.xcconfig"; sourceTree = "<group>"; };
		762A59244060BBA8E8379BA8C4AE9CA7 /* product_spec.framework */ = {isa = PBXFileReference; explicitFileType = wrapper.framework; includeInIndex = 0; path = product_spec.framework; sourceTree = BUILT_PRODUCTS_DIR; };
		82E1507B96B013D5056938D68F4FAF7A /* ParameterMap.swift */ = {isa = PBXFileReference; lastKnownFileType = sourcecode.swift; path = ParameterMap.swift; sourceTree = "<group>"; };
		83E9DD33FB5C2DAA2DA72DEDB1720FB6 /* XmlElement+Extension.swift */ = {isa = PBXFileReference; lastKnownFileType = sourcecode.swift; path = "XmlElement+Extension.swift"; sourceTree = "<group>"; };
		8F9DEEE27C72080574BC0AF42DFC245D /* Pods_product_spec.framework */ = {isa = PBXFileReference; explicitFileType = wrapper.framework; includeInIndex = 0; path = Pods_product_spec.framework; sourceTree = BUILT_PRODUCTS_DIR; };
		966650D407659852CE71A2AD1E05EB06 /* Pods-product spec-product spec tests.release.xcconfig */ = {isa = PBXFileReference; includeInIndex = 1; lastKnownFileType = text.xcconfig; name = "Pods-product spec-product spec tests.release.xcconfig"; path = "../Pods/Target Support Files/Pods-product spec-product spec tests/Pods-product spec-product spec tests.release.xcconfig"; sourceTree = "<group>"; };
		9AFB7977CFD9E8D82005358F8EC4AE25 /* ManualSpec.swift */ = {isa = PBXFileReference; lastKnownFileType = sourcecode.swift; path = ManualSpec.swift; sourceTree = "<group>"; };
		A7C55CBE643A18AED83D2661F6478A57 /* product spec tests.xctest */ = {isa = PBXFileReference; explicitFileType = wrapper.cfbundle; includeInIndex = 0; path = "product spec tests.xctest"; sourceTree = BUILT_PRODUCTS_DIR; };
		ACC05DA21CC0B5E3D187F1E06B828CF2 /* OptionSetRule.swift */ = {isa = PBXFileReference; lastKnownFileType = sourcecode.swift; path = OptionSetRule.swift; sourceTree = "<group>"; };
		B7177FD63CEF8CFF55A1A9A7204047E4 /* Pods-product spec-product spec tests.debug.xcconfig */ = {isa = PBXFileReference; includeInIndex = 1; lastKnownFileType = text.xcconfig; name = "Pods-product spec-product spec tests.debug.xcconfig"; path = "../Pods/Target Support Files/Pods-product spec-product spec tests/Pods-product spec-product spec tests.debug.xcconfig"; sourceTree = "<group>"; };
		E63027A1FD50978BFB5432DE2756E227 /* sample_spec.xml */ = {isa = PBXFileReference; lastKnownFileType = text.xml; path = sample_spec.xml; sourceTree = "<group>"; };
		F415CE1E0C1D69E4457926C8428CE23F /* OptionGroup.swift */ = {isa = PBXFileReference; lastKnownFileType = sourcecode.swift; path = OptionGroup.swift; sourceTree = "<group>"; };
		FD629C446915D7F2FD413A3A7DE7C842 /* Option.swift */ = {isa = PBXFileReference; lastKnownFileType = sourcecode.swift; path = Option.swift; sourceTree = "<group>"; };
/* End PBXFileReference section */

/* Begin PBXFrameworksBuildPhase section */
		740BAD6A727D6FA948AF633CDD474AE4 /* Frameworks */ = {
			isa = PBXFrameworksBuildPhase;
			buildActionMask = 2147483647;
			files = (
				21ADC164A33CA69153B2A87EFDA8D34F /* Pods_product_spec_product_spec_tests.framework in Frameworks */,
				0C6A3B9E3656D544F7326D374E3A37BE /* product_spec.framework in Frameworks */,
			);
			runOnlyForDeploymentPostprocessing = 0;
		};
		8B22C37AA4384C681989888804BF2FA1 /* Frameworks */ = {
			isa = PBXFrameworksBuildPhase;
			buildActionMask = 2147483647;
			files = (
				0FFD1FA961457A708BC15B89684273B2 /* Pods_product_spec.framework in Frameworks */,
			);
			runOnlyForDeploymentPostprocessing = 0;
		};
/* End PBXFrameworksBuildPhase section */

/* Begin PBXGroup section */
		2B5214F2837E752ADDD33B3DFE590887 /* product spec */ = {
			isa = PBXGroup;
			children = (
				B86584DC7EC4E18ED3BA2B9D3DDD34C5 /* code */,
			);
			path = "product spec";
			sourceTree = "<group>";
		};
		3F835C701B59F6E9DCC21E6B326F8079 /* Frameworks */ = {
			isa = PBXGroup;
			children = (
				8F9DEEE27C72080574BC0AF42DFC245D /* Pods_product_spec.framework */,
				16229839EF3F8F620C34702BE2BFF12C /* Pods_product_spec_product_spec_tests.framework */,
			);
			name = Frameworks;
			sourceTree = "<group>";
		};
		D0E5EE61C824B7B5E750EAB7486B5D9D /* spec */ = {
			isa = PBXGroup;
			children = (
				452B88C671B8141628BD06C8979FC0A2 /* Manual.swift */,
				FD629C446915D7F2FD413A3A7DE7C842 /* Option.swift */,
				F415CE1E0C1D69E4457926C8428CE23F /* OptionGroup.swift */,
				3B3C5A50890F3C6A7EC0DA6BBE3D30C9 /* OptionSetMap.swift */,
				ACC05DA21CC0B5E3D187F1E06B828CF2 /* OptionSetRule.swift */,
				82E1507B96B013D5056938D68F4FAF7A /* ParameterMap.swift */,
			);
			path = spec;
			sourceTree = "<group>";
		};
		90587CA56D04FC9A763DE577F8497C0F /* utilities */ = {
			isa = PBXGroup;
			children = (
				31ED312A5C5440ED445EAB7319871D2F /* String+Extension.swift */,
				83E9DD33FB5C2DAA2DA72DEDB1720FB6 /* XmlElement+Extension.swift */,
			);
			path = utilities;
			sourceTree = "<group>";
		};
		4CEEB32F53523E018E5A532B5582C193 /* product spec tests */ = {
			isa = PBXGroup;
			children = (
				5823CB23A7DCE4C7CAEF3696AAC68A0A /* code */,
				B3C122F453C08FE91A2EC47759036EE7 /* resources */,
			);
			path = "product spec tests";
			sourceTree = "<group>";
		};
		5823CB23A7DCE4C7CAEF3696AAC68A0A /* code */ = {
			isa = PBXGroup;
			children = (
				9AFB7977CFD9E8D82005358F8EC4AE25 /* ManualSpec.swift */,
				5C993DC4A5831A9F50B8908A4744C6A1 /* StringSpec.swift */,
			);
			path = code;
			sourceTree = "<group>";
		};
		6ADFFA96C6F804E42942BF798FD56356 /* Pods */ = {
			isa = PBXGroup;
			children = (
				B7177FD63CEF8CFF55A1A9A7204047E4 /* Pods-product spec-product spec tests.debug.xcconfig */,
				966650D407659852CE71A2AD1E05EB06 /* Pods-product spec-product spec tests.release.xcconfig */,
				639B37BE3CCB34F1AC2C17A6E8895BE7 /* Pods-product spec.debug.xcconfig */,
				284E1A61CB95AD4893C5F1C2948950EE /* Pods-product spec.release.xcconfig */,
			);
			name = Pods;
			sourceTree = "<group>";
		};
		8F337B9A683A453A7443CA85E56DD98C = {
			isa = PBXGroup;
			children = (
				3F835C701B59F6E9DCC21E6B326F8079 /* Frameworks */,
				6ADFFA96C6F804E42942BF798FD56356 /* Pods */,
				DC7831A1E95C82094FEF283D88675ACF /* Products */,
				2B5214F2837E752ADDD33B3DFE590887 /* product spec */,
				4CEEB32F53523E018E5A532B5582C193 /* product spec tests */,
			);
			sourceTree = "<group>";
		};
		B3C122F453C08FE91A2EC47759036EE7 /* resources */ = {
			isa = PBXGroup;
			children = (
				E63027A1FD50978BFB5432DE2756E227 /* sample_spec.xml */,
			);
			path = resources;
			sourceTree = "<group>";
		};
		B86584DC7EC4E18ED3BA2B9D3DDD34C5 /* code */ = {
			isa = PBXGroup;
			children = (
				D0E5EE61C824B7B5E750EAB7486B5D9D /* spec */,
				90587CA56D04FC9A763DE577F8497C0F /* utilities */,
			);
			path = code;
			sourceTree = "<group>";
		};
		DC7831A1E95C82094FEF283D88675ACF /* Products */ = {
			isa = PBXGroup;
			children = (
				A7C55CBE643A18AED83D2661F6478A57 /* product spec tests.xctest */,
				762A59244060BBA8E8379BA8C4AE9CA7 /* product_spec.framework */,
			);
			name = Products;
			sourceTree = "<group>";
		};
/* End PBXGroup section */

/* Begin PBXHeadersBuildPhase section */
		A551F573DAA642CF80C3EB09B4F2BA2F /* Headers */ = {
			isa = PBXHeadersBuildPhase;
			buildActionMask = 2147483647;
			files = (
			);
			runOnlyForDeploymentPostprocessing = 0;
		};
/* End PBXHeadersBuildPhase section */

/* Begin PBXNativeTarget section */
		7113A3B92DF2F9798B462364500217AE /* product spec tests */ = {
			isa = PBXNativeTarget;
			buildConfigurationList = B8BC08B12B2E339F74B9B9C2C6929733 /* Build configuration list for PBXNativeTarget "product spec tests" */;
			buildPhases = (
				6DF3CEF8B2EEA08AF6D482A235B1D8CD /* [CP] Check Pods Manifest.lock */,
				A4A35D322F15437C30671B15DC8EBA46 /* Sources */,
				740BAD6A727D6FA948AF633CDD474AE4 /* Frameworks */,
				A66688604FEFC9B957B877966CB0DDC5 /* Resources */,
				B47DC354AD8A802E96C34007628C6A12 /* [CP] Embed Pods Frameworks */,
			);
			buildRules = (
			);
			dependencies = (
				321C0AB739BFB1A67E770CA84DA215E3 /* PBXTargetDependency */,
			);
			name = "product spec tests";
			productName = "product specTests";
			productReference = A7C55CBE643A18AED83D2661F6478A57 /* product spec tests.xctest */;
			productType = "com.apple.product-type.bundle.unit-test";
		};
		D1C0B80CF416E23EA8797B99DFFD3D5C /* product spec */ = {
			isa = PBXNativeTarget;
			buildConfigurationList = B59812FCFCCB5D0F7FF0F20986879F27 /* Build configuration list for PBXNativeTarget "product spec" */;
			buildPhases = (
				1E5DCCA354B665715FFF092D7EE107DA /* [CP] Check Pods Manifest.lock */,
				A02718AC872F11CA97ED2B339D3EE5DE /* Sources */,
				8B22C37AA4384C681989888804BF2FA1 /* Frameworks */,
				A551F573DAA642CF80C3EB09B4F2BA2F /* Headers */,
				90E0C38850D6588572EC6A70667B90CC /* Resources */,
			);
			buildRules = (
			);
			dependencies = (
			);
			name = "product spec";
			productName = "product spec";
			productReference = 762A59244060BBA8E8379BA8C4AE9CA7 /* product_spec.framework */;
			productType = "com.apple.product-type.framework";
		};
/* End PBXNativeTarget section */

/* Begin PBXProject section */
		B44BFA790235A3B048A3886504DBFD52 /* Project object */ = {
			isa = PBXProject;
			attributes = {
				LastSwiftUpdateCheck = 0940;
				LastUpgradeCheck = 0940;
				ORGANIZATIONNAME = "Zno Inc.";
				TargetAttributes = {
					7113A3B92DF2F9798B462364500217AE = {
						CreatedOnToolsVersion = 9.4.1;
						LastSwiftMigration = 1000;
					};
					D1C0B80CF416E23EA8797B99DFFD3D5C = {
						CreatedOnToolsVersion = 9.4.1;
						LastSwiftMigration = 1000;
					};
				};
			};
			buildConfigurationList = 183EB75C92AED3B8467C55945D2DCB72 /* Build configuration list for PBXProject "product spec" */;
			compatibilityVersion = "Xcode 10.0";
			developmentRegion = en;
			hasScannedForEncodings = 0;
			knownRegions = (
				en,
			);
			mainGroup = 8F337B9A683A453A7443CA85E56DD98C;
			productRefGroup = DC7831A1E95C82094FEF283D88675ACF /* Products */;
			projectDirPath = "";
			projectRoot = "";
			targets = (
				D1C0B80CF416E23EA8797B99DFFD3D5C /* product spec */,
				7113A3B92DF2F9798B462364500217AE /* product spec tests */,
			);
		};
/* End PBXProject section */

/* Begin PBXResourcesBuildPhase section */
		90E0C38850D6588572EC6A70667B90CC /* Resources */ = {
			isa = PBXResourcesBuildPhase;
			buildActionMask = 2147483647;
			files = (
			);
			runOnlyForDeploymentPostprocessing = 0;
		};
		A66688604FEFC9B957B877966CB0DDC5 /* Resources */ = {
			isa = PBXResourcesBuildPhase;
			buildActionMask = 2147483647;
			files = (
				996087B82686813029B96306EF638764 /* sample_spec.xml in Resources */,
			);
			runOnlyForDeploymentPostprocessing = 0;
		};
/* End PBXResourcesBuildPhase section */

/* Begin PBXShellScriptBuildPhase section */
		1E5DCCA354B665715FFF092D7EE107DA /* [CP] Check Pods Manifest.lock */ = {
			isa = PBXShellScriptBuildPhase;
			buildActionMask = 2147483647;
			files = (
			);
			inputPaths = (
				"${PODS_PODFILE_DIR_PATH}/Podfile.lock",
				"${PODS_ROOT}/Manifest.lock",
			);
			name = "[CP] Check Pods Manifest.lock";
			outputPaths = (
				"$(DERIVED_FILE_DIR)/Pods-product spec-checkManifestLockResult.txt",
			);
			runOnlyForDeploymentPostprocessing = 0;
			shellPath = /bin/sh;
			shellScript = "diff \"${PODS_PODFILE_DIR_PATH}/Podfile.lock\" \"${PODS_ROOT}/Manifest.lock\" > /dev/null\nif [ $? != 0 ] ; then\n    # print error to STDERR\n    echo \"error: The sandbox is not in sync with the Podfile.lock. Run 'pod install' or update your CocoaPods installation.\" >&2\n    exit 1\nfi\n# This output is used by Xcode 'outputs' to avoid re-running this script phase.\necho \"SUCCESS\" > \"${SCRIPT_OUTPUT_FILE_0}\"\n";
			showEnvVarsInLog = 0;
		};
		6DF3CEF8B2EEA08AF6D482A235B1D8CD /* [CP] Check Pods Manifest.lock */ = {
			isa = PBXShellScriptBuildPhase;
			buildActionMask = 2147483647;
			files = (
			);
			inputFileListPaths = (
			);
			inputPaths = (
				"${PODS_PODFILE_DIR_PATH}/Podfile.lock",
				"${PODS_ROOT}/Manifest.lock",
			);
			name = "[CP] Check Pods Manifest.lock";
			outputFileListPaths = (
			);
			outputPaths = (
				"$(DERIVED_FILE_DIR)/Pods-product spec-product spec tests-checkManifestLockResult.txt",
			);
			runOnlyForDeploymentPostprocessing = 0;
			shellPath = /bin/sh;
			shellScript = "diff \"${PODS_PODFILE_DIR_PATH}/Podfile.lock\" \"${PODS_ROOT}/Manifest.lock\" > /dev/null\nif [ $? != 0 ] ; then\n    # print error to STDERR\n    echo \"error: The sandbox is not in sync with the Podfile.lock. Run 'pod install' or update your CocoaPods installation.\" >&2\n    exit 1\nfi\n# This output is used by Xcode 'outputs' to avoid re-running this script phase.\necho \"SUCCESS\" > \"${SCRIPT_OUTPUT_FILE_0}\"\n";
			showEnvVarsInLog = 0;
		};
		B47DC354AD8A802E96C34007628C6A12 /* [CP] Embed Pods Frameworks */ = {
			isa = PBXShellScriptBuildPhase;
			buildActionMask = 2147483647;
			files = (
			);
			inputFileListPaths = (
			);
			inputPaths = (
				"${PODS_ROOT}/Target Support Files/Pods-product spec-product spec tests/Pods-product spec-product spec tests-frameworks.sh",
				"${BUILT_PRODUCTS_DIR}/KMSXmlProcessor/KMSXmlProcessor.framework",
				"${BUILT_PRODUCTS_DIR}/Nimble-iOS9.0/Nimble.framework",
				"${BUILT_PRODUCTS_DIR}/Quick-iOS9.0/Quick.framework",
			);
			name = "[CP] Embed Pods Frameworks";
			outputFileListPaths = (
			);
			outputPaths = (
				"${TARGET_BUILD_DIR}/${FRAMEWORKS_FOLDER_PATH}/KMSXmlProcessor.framework",
				"${TARGET_BUILD_DIR}/${FRAMEWORKS_FOLDER_PATH}/Nimble.framework",
				"${TARGET_BUILD_DIR}/${FRAMEWORKS_FOLDER_PATH}/Quick.framework",
			);
			runOnlyForDeploymentPostprocessing = 0;
			shellPath = /bin/sh;
			shellScript = "\"${PODS_ROOT}/Target Support Files/Pods-product spec-product spec tests/Pods-product spec-product spec tests-frameworks.sh\"\n";
			showEnvVarsInLog = 0;
		};
/* End PBXShellScriptBuildPhase section */

/* Begin PBXSourcesBuildPhase section */
		A02718AC872F11CA97ED2B339D3EE5DE /* Sources */ = {
			isa = PBXSourcesBuildPhase;
			buildActionMask = 2147483647;
			files = (
				8C21D53A379FAB6FAC6148BEEE68EC85 /* Manual.swift in Sources */,
				19E708874A5F6DF2C4578DB69E0D6CD1 /* Option.swift in Sources */,
				91BE049A319394848B952569A2809328 /* OptionGroup.swift in Sources */,
				2FFEF7BBC0208C85997F574CB80F4469 /* OptionSetMap.swift in Sources */,
				8DFB96E247E3043967548E4B5D5B476C /* OptionSetRule.swift in Sources */,
				BCA6D913A784EB9FB00CA33A8E40EBAF /* ParameterMap.swift in Sources */,
				A6BA8FDA1AF8615770782D3C6BA15CE4 /* String+Extension.swift in Sources */,
				4ECB84038DBDF55117BC493C02D8E918 /* XmlElement+Extension.swift in Sources */,
			);
			runOnlyForDeploymentPostprocessing = 0;
		};
		A4A35D322F15437C30671B15DC8EBA46 /* Sources */ = {
			isa = PBXSourcesBuildPhase;
			buildActionMask = 2147483647;
			files = (
				9464CF87F0782AC58AA8C754E74B4818 /* ManualSpec.swift in Sources */,
				31EA3348FA26EC76D82845EC34690F2B /* StringSpec.swift in Sources */,
			);
			runOnlyForDeploymentPostprocessing = 0;
		};
/* End PBXSourcesBuildPhase section */

/* Begin PBXTargetDependency section */
		321C0AB739BFB1A67E770CA84DA215E3 /* PBXTargetDependency */ = {
			isa = PBXTargetDependency;
			target = D1C0B80CF416E23EA8797B99DFFD3D5C /* product spec */;
			targetProxy = 42B0D7D3EB51E5ED072186EFA068B49B /* PBXContainerItemProxy */;
		};
/* End PBXTargetDependency section */

/* Begin XCBuildConfiguration section */
		1E4A83EFF5E087B80D18C9D2F1514E29 /* Release */ = {
			isa = XCBuildConfiguration;
			baseConfigurationReference = 966650D407659852CE71A2AD1E05EB06 /* Pods-product spec-product spec tests.release.xcconfig */;
			buildSettings = {
				ALWAYS_EMBED_SWIFT_STANDARD_LIBRARIES = "${inherited}";
				CLANG_ENABLE_MODULES = YES;
				CODE_SIGN_IDENTITY = "";
				CODE_SIGN_STYLE = Automatic;
				INFOPLIST_FILE = "product spec tests/Info.plist";
				LD_RUNPATH_SEARCH_PATHS = (
					"$(inherited)",
					"@executable_path/Frameworks",
					"@loader_path/Frameworks",
				);
				PRODUCT_BUNDLE_IDENTIFIER = "com.zno.client.product-spec.Tests";
				PRODUCT_NAME = "$(TARGET_NAME)";
				SWIFT_VERSION = 4.2;
				TARGETED_DEVICE_FAMILY = "1,2";
			};
			name = Release;
		};
		4A056456D6D2432E4CF23C340DAA07A0 /* Release */ = {
			isa = XCBuildConfiguration;
			buildSettings = {
				ALWAYS_SEARCH_USER_PATHS = NO;
				CLANG_ANALYZER_NONNULL = YES;
				CLANG_ANALYZER_NUMBER_OBJECT_CONVERSION = YES_AGGRESSIVE;
				CLANG_CXX_LANGUAGE_STANDARD = "gnu++14";
				CLANG_CXX_LIBRARY = "libc++";
				CLANG_ENABLE_MODULES = YES;
				CLANG_ENABLE_OBJC_ARC = YES;
				CLANG_ENABLE_OBJC_WEAK = YES;
				CLANG_WARN_BLOCK_CAPTURE_AUTORELEASING = YES;
				CLANG_WARN_BOOL_CONVERSION = YES;
				CLANG_WARN_COMMA = YES;
				CLANG_WARN_CONSTANT_CONVERSION = YES;
				CLANG_WARN_DEPRECATED_OBJC_IMPLEMENTATIONS = YES;
				CLANG_WARN_DIRECT_OBJC_ISA_USAGE = YES_ERROR;
				CLANG_WARN_DOCUMENTATION_COMMENTS = YES;
				CLANG_WARN_EMPTY_BODY = YES;
				CLANG_WARN_ENUM_CONVERSION = YES;
				CLANG_WARN_INFINITE_RECURSION = YES;
				CLANG_WARN_INT_CONVERSION = YES;
				CLANG_WARN_NON_LITERAL_NULL_CONVERSION = YES;
				CLANG_WARN_OBJC_IMPLICIT_RETAIN_SELF = YES;
				CLANG_WARN_OBJC_LITERAL_CONVERSION = YES;
				CLANG_WARN_OBJC_ROOT_CLASS = YES_ERROR;
				CLANG_WARN_RANGE_LOOP_ANALYSIS = YES;
				CLANG_WARN_STRICT_PROTOTYPES = YES;
				CLANG_WARN_SUSPICIOUS_MOVE = YES;
				CLANG_WARN_UNGUARDED_AVAILABILITY = YES_AGGRESSIVE;
				CLANG_WARN_UNREACHABLE_CODE = YES;
				CLANG_WARN__DUPLICATE_METHOD_MATCH = YES;
				CODE_SIGN_IDENTITY = "iPhone Developer";
				COPY_PHASE_STRIP = NO;
				CURRENT_PROJECT_VERSION = 1;
				DEBUG_INFORMATION_FORMAT = "dwarf-with-dsym";
				ENABLE_NS_ASSERTIONS = NO;
				ENABLE_STRICT_OBJC_MSGSEND = YES;
				GCC_C_LANGUAGE_STANDARD = gnu11;
				GCC_NO_COMMON_BLOCKS = YES;
				GCC_WARN_64_TO_32_BIT_CONVERSION = YES;
				GCC_WARN_ABOUT_RETURN_TYPE = YES_ERROR;
				GCC_WARN_UNDECLARED_SELECTOR = YES;
				GCC_WARN_UNINITIALIZED_AUTOS = YES_AGGRESSIVE;
				GCC_WARN_UNUSED_FUNCTION = YES;
				GCC_WARN_UNUSED_VARIABLE = YES;
				IPHONEOS_DEPLOYMENT_TARGET = 11.4;
				MTL_ENABLE_DEBUG_INFO = NO;
				SDKROOT = iphoneos;
				SWIFT_COMPILATION_MODE = wholemodule;
				SWIFT_OPTIMIZATION_LEVEL = "-O";
				VALIDATE_PRODUCT = YES;
				VERSIONING_SYSTEM = "apple-generic";
				VERSION_INFO_PREFIX = "";
			};
			name = Release;
		};
		B0EA70ECE2EE4255124E943E658BB6EC /* Debug */ = {
			isa = XCBuildConfiguration;
			baseConfigurationReference = B7177FD63CEF8CFF55A1A9A7204047E4 /* Pods-product spec-product spec tests.debug.xcconfig */;
			buildSettings = {
				ALWAYS_EMBED_SWIFT_STANDARD_LIBRARIES = "${inherited}";
				CLANG_ENABLE_MODULES = YES;
				CODE_SIGN_IDENTITY = "";
				CODE_SIGN_STYLE = Automatic;
				INFOPLIST_FILE = "product spec tests/Info.plist";
				LD_RUNPATH_SEARCH_PATHS = (
					"$(inherited)",
					"@executable_path/Frameworks",
					"@loader_path/Frameworks",
				);
				PRODUCT_BUNDLE_IDENTIFIER = "com.zno.client.product-spec.Tests";
				PRODUCT_NAME = "$(TARGET_NAME)";
				SWIFT_OPTIMIZATION_LEVEL = "-Onone";
				SWIFT_VERSION = 4.2;
				TARGETED_DEVICE_FAMILY = "1,2";
			};
			name = Debug;
		};
		E3F4B33E4A657C8A2EFB604203D21B64 /* Release */ = {
			isa = XCBuildConfiguration;
			baseConfigurationReference = 284E1A61CB95AD4893C5F1C2948950EE /* Pods-product spec.release.xcconfig */;
			buildSettings = {
				ALWAYS_EMBED_SWIFT_STANDARD_LIBRARIES = "${inherited}";
				CLANG_ENABLE_MODULES = YES;
				CODE_SIGN_IDENTITY = "";
				CODE_SIGN_STYLE = Automatic;
				DEFINES_MODULE = YES;
				DYLIB_COMPATIBILITY_VERSION = 1;
				DYLIB_CURRENT_VERSION = 1;
				DYLIB_INSTALL_NAME_BASE = "@rpath";
				INFOPLIST_FILE = "product spec/Info.plist";
				INSTALL_PATH = "$(LOCAL_LIBRARY_DIR)/Frameworks";
				IPHONEOS_DEPLOYMENT_TARGET = 9.0;
				LD_RUNPATH_SEARCH_PATHS = (
					"$(inherited)",
					"@executable_path/Frameworks",
					"@loader_path/Frameworks",
				);
				PRODUCT_BUNDLE_IDENTIFIER = "com.zno.client.product-spec.Main";
				PRODUCT_NAME = "$(TARGET_NAME:c99extidentifier)";
				SKIP_INSTALL = YES;
				SWIFT_VERSION = 4.2;
				TARGETED_DEVICE_FAMILY = "1,2";
			};
			name = Release;
		};
		F4532A279F9FFB3600C9248E3320E263 /* Debug */ = {
			isa = XCBuildConfiguration;
			buildSettings = {
				ALWAYS_SEARCH_USER_PATHS = NO;
				CLANG_ANALYZER_NONNULL = YES;
				CLANG_ANALYZER_NUMBER_OBJECT_CONVERSION = YES_AGGRESSIVE;
				CLANG_CXX_LANGUAGE_STANDARD = "gnu++14";
				CLANG_CXX_LIBRARY = "libc++";
				CLANG_ENABLE_MODULES = YES;
				CLANG_ENABLE_OBJC_ARC = YES;
				CLANG_ENABLE_OBJC_WEAK = YES;
				CLANG_WARN_BLOCK_CAPTURE_AUTORELEASING = YES;
				CLANG_WARN_BOOL_CONVERSION = YES;
				CLANG_WARN_COMMA = YES;
				CLANG_WARN_CONSTANT_CONVERSION = YES;
				CLANG_WARN_DEPRECATED_OBJC_IMPLEMENTATIONS = YES;
				CLANG_WARN_DIRECT_OBJC_ISA_USAGE = YES_ERROR;
				CLANG_WARN_DOCUMENTATION_COMMENTS = YES;
				CLANG_WARN_EMPTY_BODY = YES;
				CLANG_WARN_ENUM_CONVERSION = YES;
				CLANG_WARN_INFINITE_RECURSION = YES;
				CLANG_WARN_INT_CONVERSION = YES;
				CLANG_WARN_NON_LITERAL_NULL_CONVERSION = YES;
				CLANG_WARN_OBJC_IMPLICIT_RETAIN_SELF = YES;
				CLANG_WARN_OBJC_LITERAL_CONVERSION = YES;
				CLANG_WARN_OBJC_ROOT_CLASS = YES_ERROR;
				CLANG_WARN_RANGE_LOOP_ANALYSIS = YES;
				CLANG_WARN_STRICT_PROTOTYPES = YES;
				CLANG_WARN_SUSPICIOUS_MOVE = YES;
				CLANG_WARN_UNGUARDED_AVAILABILITY = YES_AGGRESSIVE;
				CLANG_WARN_UNREACHABLE_CODE = YES;
				CLANG_WARN__DUPLICATE_METHOD_MATCH = YES;
				CODE_SIGN_IDENTITY = "iPhone Developer";
				COPY_PHASE_STRIP = NO;
				CURRENT_PROJECT_VERSION = 1;
				DEBUG_INFORMATION_FORMAT = dwarf;
				ENABLE_STRICT_OBJC_MSGSEND = YES;
				ENABLE_TESTABILITY = YES;
				GCC_C_LANGUAGE_STANDARD = gnu11;
				GCC_DYNAMIC_NO_PIC = NO;
				GCC_NO_COMMON_BLOCKS = YES;
				GCC_OPTIMIZATION_LEVEL = 0;
				GCC_PREPROCESSOR_DEFINITIONS = (
					"DEBUG=1",
					"$(inherited)",
				);
				GCC_WARN_64_TO_32_BIT_CONVERSION = YES;
				GCC_WARN_ABOUT_RETURN_TYPE = YES_ERROR;
				GCC_WARN_UNDECLARED_SELECTOR = YES;
				GCC_WARN_UNINITIALIZED_AUTOS = YES_AGGRESSIVE;
				GCC_WARN_UNUSED_FUNCTION = YES;
				GCC_WARN_UNUSED_VARIABLE = YES;
				IPHONEOS_DEPLOYMENT_TARGET = 11.4;
				MTL_ENABLE_DEBUG_INFO = YES;
				ONLY_ACTIVE_ARCH = YES;
				SDKROOT = iphoneos;
				SWIFT_ACTIVE_COMPILATION_CONDITIONS = DEBUG;
				SWIFT_OPTIMIZATION_LEVEL = "-Onone";
				VERSIONING_SYSTEM = "apple-generic";
				VERSION_INFO_PREFIX = "";
			};
			name = Debug;
		};
		F55678DA27644E18747983E1DB317088 /* Debug */ = {
			isa = XCBuildConfiguration;
			baseConfigurationReference = 639B37BE3CCB34F1AC2C17A6E8895BE7 /* Pods-product spec.debug.xcconfig */;
			buildSettings = {
				ALWAYS_EMBED_SWIFT_STANDARD_LIBRARIES = "${inherited}";
				CLANG_ENABLE_MODULES = YES;
				CODE_SIGN_IDENTITY = "";
				CODE_SIGN_STYLE = Automatic;
				DEFINES_MODULE = YES;
				DYLIB_COMPATIBILITY_VERSION = 1;
				DYLIB_CURRENT_VERSION = 1;
				DYLIB_INSTALL_NAME_BASE = "@rpath";
				INFOPLIST_FILE = "product spec/Info.plist";
				INSTALL_PATH = "$(LOCAL_LIBRARY_DIR)/Frameworks";
				IPHONEOS_DEPLOYMENT_TARGET = 9.0;
				LD_RUNPATH_SEARCH_PATHS = (
					"$(inherited)",
					"@executable_path/Frameworks",
					"@loader_path/Frameworks",
				);
				PRODUCT_BUNDLE_IDENTIFIER = "com.zno.client.product-spec.Main";
				PRODUCT_NAME = "$(TARGET_NAME:c99extidentifier)";
				SKIP_INSTALL = YES;
				SWIFT_OPTIMIZATION_LEVEL = "-Onone";
				SWIFT_VERSION = 4.2;
				TARGETED_DEVICE_FAMILY = "1,2";
			};
			name = Debug;
		};
/* End XCBuildConfiguration section */

/* Begin XCConfigurationList section */
		183EB75C92AED3B8467C55945D2DCB72 /* Build configuration list for PBXProject "product spec" */ = {
			isa = XCConfigurationList;
			buildConfigurations = (
				F4532A279F9FFB3600C9248E3320E263 /* Debug */,
				4A056456D6D2432E4CF23C340DAA07A0 /* Release */,
			);
			defaultConfigurationIsVisible = 0;
			defaultConfigurationName = Release;
		};
		B59812FCFCCB5D0F7FF0F20986879F27 /* Build configuration list for PBXNativeTarget "product spec" */ = {
			isa = XCConfigurationList;
			buildConfigurations = (
				F55678DA27644E18747983E1DB317088 /* Debug */,
				E3F4B33E4A657C8A2EFB604203D21B64 /* Release */,
			);
			defaultConfigurationIsVisible = 0;
			defaultConfigurationName = Release;
		};
		B8BC08B12B2E339F74B9B9C2C6929733 /* Build configuration list for PBXNativeTarget "product spec tests" */ = {
			isa = XCConfigurationList;
			buildConfigurations = (
				B0EA70ECE2EE4255124E943E658BB6EC /* Debug */,
				1E4A83EFF5E087B80D18C9D2F1514E29 /* Release */,
			);
			defaultConfigurationIsVisible = 0;
			defaultConfigurationName = Release;
		};
/* End XCConfigurationList section */
	};
	rootObject = B44BFA790235A3B048A3886504DBFD52 /* Project object */;
}
