// !$*UTF8*$!
{
	archiveVersion = 1;
	classes = {
	};
	objectVersion = 51;
	objects = {

/* Begin PBXBuildFile section */
		0767688AE2E7C62B5BEEF5EBE0F49760 /* HomeViewController.xib in Resources */ = {isa = PBXBuildFile; fileRef = 19D0052ECA99A431045F1E0690F3C8EF /* HomeViewController.xib */; };
		1E560C9F6448E300E9650CEFF88DAD54 /* ApplicationDelegate.swift in Sources */ = {isa = PBXBuildFile; fileRef = 0E9B75013AFC65C0AFAAA968E06BB059 /* ApplicationDelegate.swift */; };
		2735314AC7822E5590F6FC975DD1B0B3 /* main.swift in Sources */ = {isa = PBXBuildFile; fileRef = 37C72A17D2F3B676F114145A1C41C143 /* main.swift */; };
		3ABD69BEA3C87E4B53E347CF785A2477 /* ui.framework in Embed Frameworks */ = {isa = PBXBuildFile; fileRef = 69852AFEC9CC055AEAA7B93309737EC8 /* ui.framework */; settings = {ATTRIBUTES = (CodeSignOnCopy, RemoveHeadersOnCopy, ); }; };
		448F19AADC57E4BDC87D0DB3CF82B969 /* HomeViewController.swift in Sources */ = {isa = PBXBuildFile; fileRef = 5C7009555496C6FBE77F810651A26F3B /* HomeViewController.swift */; };
		51CCE93475EA2506D8AA3AA87AA7CFA7 /* AnnotionViewExampleViewController.swift in Sources */ = {isa = PBXBuildFile; fileRef = 312A52636815A850B3DC9A72428F988E /* AnnotionViewExampleViewController.swift */; };
		A095626127F2208B4F93EE8963C376FA /* Bootstrap.xcassets in Resources */ = {isa = PBXBuildFile; fileRef = B0A54D2F8E53F1A9EE9BB800F6D19AF8 /* Bootstrap.xcassets */; };
		A23BDF7C93EBA58C8553541298F0191F /* DummyViewExampleViewController.xib in Resources */ = {isa = PBXBuildFile; fileRef = 1B0FA32A15F54D90FD08B81B561EA4E0 /* DummyViewExampleViewController.xib */; };
		A3A02ACFF7E74FB507E89473AD2E5A2B /* Pods_ui_examples.framework in Frameworks */ = {isa = PBXBuildFile; fileRef = 29734DFD446F5CDE653D94B67B65D41A /* Pods_ui_examples.framework */; };
		B2F29CEF0F47302C5F5EF8E4291F2DF0 /* AnnotionViewExampleViewController.xib in Resources */ = {isa = PBXBuildFile; fileRef = 1FEED117E5061C9551D8C37CDBA8ECEA /* AnnotionViewExampleViewController.xib */; };
		BA161103AC6B889AF8930BEBB85F25BB /* LaunchScreen.storyboard in Resources */ = {isa = PBXBuildFile; fileRef = 9165AE5D387C529B2C4F65884C1602B8 /* LaunchScreen.storyboard */; };
		BD8FD5A72371DCCE966942C29FCEA676 /* NavigationControllerExampleViewController.swift in Sources */ = {isa = PBXBuildFile; fileRef = 8B0AF519FF0F014D4594E959147CBC49 /* NavigationControllerExampleViewController.swift */; };
		CC66C52C4283C11AD5B74D8CA1860F70 /* DummyViewExampleViewController.swift in Sources */ = {isa = PBXBuildFile; fileRef = 6D551C39BEECADEA58651EDD8BB86C9E /* DummyViewExampleViewController.swift */; };
		CF4FE5C3D1BD343CCBF3CABDC946D1CB /* NavigationControllerExampleViewController.xib in Resources */ = {isa = PBXBuildFile; fileRef = 288C873489C6F35B6DD6F674A49E71A4 /* NavigationControllerExampleViewController.xib */; };
/* End PBXBuildFile section */

/* Begin PBXCopyFilesBuildPhase section */
		1B707F73B61010C70A59DC29CD445186 /* Embed Frameworks */ = {
			isa = PBXCopyFilesBuildPhase;
			buildActionMask = 2147483647;
			dstPath = "";
			dstSubfolderSpec = 10;
			files = (
				3ABD69BEA3C87E4B53E347CF785A2477 /* ui.framework in Embed Frameworks */,
			);
			name = "Embed Frameworks";
			runOnlyForDeploymentPostprocessing = 0;
		};
/* End PBXCopyFilesBuildPhase section */

/* Begin PBXFileReference section */
		0E9B75013AFC65C0AFAAA968E06BB059 /* ApplicationDelegate.swift */ = {isa = PBXFileReference; fileEncoding = 4; lastKnownFileType = sourcecode.swift; path = ApplicationDelegate.swift; sourceTree = "<group>"; };
		19D0052ECA99A431045F1E0690F3C8EF /* HomeViewController.xib */ = {isa = PBXFileReference; lastKnownFileType = file.xib; path = HomeViewController.xib; sourceTree = "<group>"; };
		1B0FA32A15F54D90FD08B81B561EA4E0 /* DummyViewExampleViewController.xib */ = {isa = PBXFileReference; lastKnownFileType = file.xib; path = DummyViewExampleViewController.xib; sourceTree = "<group>"; };
		1FEED117E5061C9551D8C37CDBA8ECEA /* AnnotionViewExampleViewController.xib */ = {isa = PBXFileReference; lastKnownFileType = file.xib; path = AnnotionViewExampleViewController.xib; sourceTree = "<group>"; };
		288C873489C6F35B6DD6F674A49E71A4 /* NavigationControllerExampleViewController.xib */ = {isa = PBXFileReference; lastKnownFileType = file.xib; path = NavigationControllerExampleViewController.xib; sourceTree = "<group>"; };
		29734DFD446F5CDE653D94B67B65D41A /* Pods_ui_examples.framework */ = {isa = PBXFileReference; explicitFileType = wrapper.framework; includeInIndex = 0; path = Pods_ui_examples.framework; sourceTree = BUILT_PRODUCTS_DIR; };
		312A52636815A850B3DC9A72428F988E /* AnnotionViewExampleViewController.swift */ = {isa = PBXFileReference; lastKnownFileType = sourcecode.swift; path = AnnotionViewExampleViewController.swift; sourceTree = "<group>"; };
		37C72A17D2F3B676F114145A1C41C143 /* main.swift */ = {isa = PBXFileReference; lastKnownFileType = sourcecode.swift; path = main.swift; sourceTree = "<group>"; };
		5AA4BFFCDB9B844C9201CA8E40023259 /* Pods-ui examples.release.xcconfig */ = {isa = PBXFileReference; includeInIndex = 1; lastKnownFileType = text.xcconfig; name = "Pods-ui examples.release.xcconfig"; path = "../Pods/Target Support Files/Pods-ui examples/Pods-ui examples.release.xcconfig"; sourceTree = "<group>"; };
		5C7009555496C6FBE77F810651A26F3B /* HomeViewController.swift */ = {isa = PBXFileReference; lastKnownFileType = sourcecode.swift; path = HomeViewController.swift; sourceTree = "<group>"; };
		69852AFEC9CC055AEAA7B93309737EC8 /* ui.framework */ = {isa = PBXFileReference; explicitFileType = wrapper.framework; path = ui.framework; sourceTree = BUILT_PRODUCTS_DIR; };
		6D551C39BEECADEA58651EDD8BB86C9E /* DummyViewExampleViewController.swift */ = {isa = PBXFileReference; lastKnownFileType = sourcecode.swift; path = DummyViewExampleViewController.swift; sourceTree = "<group>"; };
		889C8667271F554C9D171017DCDD44D5 /* ui examples.app */ = {isa = PBXFileReference; explicitFileType = wrapper.application; includeInIndex = 0; path = "ui examples.app"; sourceTree = BUILT_PRODUCTS_DIR; };
		8B0AF519FF0F014D4594E959147CBC49 /* NavigationControllerExampleViewController.swift */ = {isa = PBXFileReference; lastKnownFileType = sourcecode.swift; path = NavigationControllerExampleViewController.swift; sourceTree = "<group>"; };
		9165AE5D387C529B2C4F65884C1602B8 /* LaunchScreen.storyboard */ = {isa = PBXFileReference; lastKnownFileType = file.storyboard; path = LaunchScreen.storyboard; sourceTree = "<group>"; };
		B0A54D2F8E53F1A9EE9BB800F6D19AF8 /* Bootstrap.xcassets */ = {isa = PBXFileReference; lastKnownFileType = folder.assetcatalog; path = Bootstrap.xcassets; sourceTree = "<group>"; };
		F9A8CB768E49F8B72ADFBAA3E802303A /* Pods-ui examples.debug.xcconfig */ = {isa = PBXFileReference; includeInIndex = 1; lastKnownFileType = text.xcconfig; name = "Pods-ui examples.debug.xcconfig"; path = "../Pods/Target Support Files/Pods-ui examples/Pods-ui examples.debug.xcconfig"; sourceTree = "<group>"; };
/* End PBXFileReference section */

/* Begin PBXFrameworksBuildPhase section */
		EDE1CA3809CE7B3ECBC70ED5EBB736D4 /* Frameworks */ = {
			isa = PBXFrameworksBuildPhase;
			buildActionMask = 2147483647;
			files = (
				A3A02ACFF7E74FB507E89473AD2E5A2B /* Pods_ui_examples.framework in Frameworks */,
			);
			runOnlyForDeploymentPostprocessing = 0;
		};
/* End PBXFrameworksBuildPhase section */

/* Begin PBXGroup section */
		074AA3015B2E1895B636177475AB6194 /* examples */ = {
			isa = PBXGroup;
			children = (
				778D132612D5F5A737A6A1C4CE21F66A /* annotion view */,
				8CC7CAD1F911AA485496F51D107C9486 /* dummy view */,
				43A64EF2441D936F1DEEE88C853A7843 /* navigation controller */,
			);
			path = examples;
			sourceTree = "<group>";
		};
		27F2E0A9F98F33DAB383C16FBE1548C2 /* ui examples */ = {
			isa = PBXGroup;
			children = (
				CFB3C9BC02873FAB08C611CF3EAAF1DA /* code */,
			);
			path = "ui examples";
			sourceTree = "<group>";
		};
		3BE5464DD0E0D8C1D243A4FF68D096C4 = {
			isa = PBXGroup;
			children = (
				40B9EDCE1B26F500E3D2A808FC3FBBA3 /* Frameworks */,
				96FD599793855D9D321C73756F56C738 /* Pods */,
				A05966B0E0A6BA304A5F7C321456C07E /* Products */,
				27F2E0A9F98F33DAB383C16FBE1548C2 /* ui examples */,
			);
			sourceTree = "<group>";
		};
		40B9EDCE1B26F500E3D2A808FC3FBBA3 /* Frameworks */ = {
			isa = PBXGroup;
			children = (
				29734DFD446F5CDE653D94B67B65D41A /* Pods_ui_examples.framework */,
				69852AFEC9CC055AEAA7B93309737EC8 /* ui.framework */,
			);
			name = Frameworks;
			sourceTree = "<group>";
		};
		43A64EF2441D936F1DEEE88C853A7843 /* navigation controller */ = {
			isa = PBXGroup;
			children = (
				8B0AF519FF0F014D4594E959147CBC49 /* NavigationControllerExampleViewController.swift */,
				288C873489C6F35B6DD6F674A49E71A4 /* NavigationControllerExampleViewController.xib */,
			);
			path = "navigation controller";
			sourceTree = "<group>";
		};
		4BD26B2F5E56B31C7349AE5B63C70DC5 /* home */ = {
			isa = PBXGroup;
			children = (
				5C7009555496C6FBE77F810651A26F3B /* HomeViewController.swift */,
				19D0052ECA99A431045F1E0690F3C8EF /* HomeViewController.xib */,
			);
			path = home;
			sourceTree = "<group>";
		};
		778D132612D5F5A737A6A1C4CE21F66A /* annotion view */ = {
			isa = PBXGroup;
			children = (
				312A52636815A850B3DC9A72428F988E /* AnnotionViewExampleViewController.swift */,
				1FEED117E5061C9551D8C37CDBA8ECEA /* AnnotionViewExampleViewController.xib */,
			);
			path = "annotion view";
			sourceTree = "<group>";
		};
		8CC7CAD1F911AA485496F51D107C9486 /* dummy view */ = {
			isa = PBXGroup;
			children = (
				6D551C39BEECADEA58651EDD8BB86C9E /* DummyViewExampleViewController.swift */,
				1B0FA32A15F54D90FD08B81B561EA4E0 /* DummyViewExampleViewController.xib */,
			);
			path = "dummy view";
			sourceTree = "<group>";
		};
		96FD599793855D9D321C73756F56C738 /* Pods */ = {
			isa = PBXGroup;
			children = (
				F9A8CB768E49F8B72ADFBAA3E802303A /* Pods-ui examples.debug.xcconfig */,
				5AA4BFFCDB9B844C9201CA8E40023259 /* Pods-ui examples.release.xcconfig */,
			);
			name = Pods;
			sourceTree = "<group>";
		};
		A05966B0E0A6BA304A5F7C321456C07E /* Products */ = {
			isa = PBXGroup;
			children = (
				889C8667271F554C9D171017DCDD44D5 /* ui examples.app */,
			);
			name = Products;
			sourceTree = "<group>";
		};
		A66D12C0E0FF7CFDC6A681030262EE1C /* bootstrap */ = {
			isa = PBXGroup;
			children = (
				0E9B75013AFC65C0AFAAA968E06BB059 /* ApplicationDelegate.swift */,
				B0A54D2F8E53F1A9EE9BB800F6D19AF8 /* Bootstrap.xcassets */,
				9165AE5D387C529B2C4F65884C1602B8 /* LaunchScreen.storyboard */,
				37C72A17D2F3B676F114145A1C41C143 /* main.swift */,
			);
			path = bootstrap;
			sourceTree = "<group>";
		};
		CFB3C9BC02873FAB08C611CF3EAAF1DA /* code */ = {
			isa = PBXGroup;
			children = (
				A66D12C0E0FF7CFDC6A681030262EE1C /* bootstrap */,
				074AA3015B2E1895B636177475AB6194 /* examples */,
				4BD26B2F5E56B31C7349AE5B63C70DC5 /* home */,
			);
			path = code;
			sourceTree = "<group>";
		};
/* End PBXGroup section */

/* Begin PBXNativeTarget section */
		38758E399E64536F45EC9BDB02A6FD2B /* ui examples */ = {
			isa = PBXNativeTarget;
			buildConfigurationList = 92EA3707A9BE5836CA44585D919ADFBC /* Build configuration list for PBXNativeTarget "ui examples" */;
			buildPhases = (
				D71C87696C933EDD520FF2F3EBD8F09D /* [CP] Check Pods Manifest.lock */,
				4446A5635FF80D8DF27ACD7F38718BEC /* Sources */,
				EDE1CA3809CE7B3ECBC70ED5EBB736D4 /* Frameworks */,
				2488CBBF0FE55A3F9410710A0B3DFABE /* Resources */,
				4B646FD8E78F01736DB70082352C3F36 /* [CP] Embed Pods Frameworks */,
				1B707F73B61010C70A59DC29CD445186 /* Embed Frameworks */,
			);
			buildRules = (
			);
			dependencies = (
			);
			name = "ui examples";
			productName = "ui example";
			productReference = 889C8667271F554C9D171017DCDD44D5 /* ui examples.app */;
			productType = "com.apple.product-type.application";
		};
/* End PBXNativeTarget section */

/* Begin PBXProject section */
		B8D543B8E9E3EA4875E6E062FEAB1EC9 /* Project object */ = {
			isa = PBXProject;
			attributes = {
				LastSwiftUpdateCheck = 0940;
				LastUpgradeCheck = 0940;
				ORGANIZATIONNAME = "Zno Inc.";
				TargetAttributes = {
					38758E399E64536F45EC9BDB02A6FD2B = {
						CreatedOnToolsVersion = 9.4.1;
						LastSwiftMigration = 0940;
					};
				};
			};
			buildConfigurationList = 5766C97203B99E86F0A3A150349D77DD /* Build configuration list for PBXProject "ui examples" */;
			compatibilityVersion = "Xcode 10.0";
			developmentRegion = en;
			hasScannedForEncodings = 0;
			knownRegions = (
				en,
				Base,
			);
			mainGroup = 3BE5464DD0E0D8C1D243A4FF68D096C4;
			productRefGroup = A05966B0E0A6BA304A5F7C321456C07E /* Products */;
			projectDirPath = "";
			projectRoot = "";
			targets = (
				38758E399E64536F45EC9BDB02A6FD2B /* ui examples */,
			);
		};
/* End PBXProject section */

/* Begin PBXResourcesBuildPhase section */
		2488CBBF0FE55A3F9410710A0B3DFABE /* Resources */ = {
			isa = PBXResourcesBuildPhase;
			buildActionMask = 2147483647;
			files = (
				B2F29CEF0F47302C5F5EF8E4291F2DF0 /* AnnotionViewExampleViewController.xib in Resources */,
				A095626127F2208B4F93EE8963C376FA /* Bootstrap.xcassets in Resources */,
				A23BDF7C93EBA58C8553541298F0191F /* DummyViewExampleViewController.xib in Resources */,
				0767688AE2E7C62B5BEEF5EBE0F49760 /* HomeViewController.xib in Resources */,
				BA161103AC6B889AF8930BEBB85F25BB /* LaunchScreen.storyboard in Resources */,
				CF4FE5C3D1BD343CCBF3CABDC946D1CB /* NavigationControllerExampleViewController.xib in Resources */,
			);
			runOnlyForDeploymentPostprocessing = 0;
		};
/* End PBXResourcesBuildPhase section */

/* Begin PBXShellScriptBuildPhase section */
		4B646FD8E78F01736DB70082352C3F36 /* [CP] Embed Pods Frameworks */ = {
			isa = PBXShellScriptBuildPhase;
			buildActionMask = 2147483647;
			files = (
			);
			inputPaths = (
				"${PODS_ROOT}/Target Support Files/Pods-ui examples/Pods-ui examples-frameworks.sh",
				"${BUILT_PRODUCTS_DIR}/KMSOrientationPatch/KMSOrientationPatch.framework",
				"${BUILT_PRODUCTS_DIR}/ReactiveCocoa-iOS11.0/ReactiveCocoa.framework",
				"${BUILT_PRODUCTS_DIR}/ReactiveSwift-iOS11.0/ReactiveSwift.framework",
				"${BUILT_PRODUCTS_DIR}/Result-iOS11.0/Result.framework",
			);
			name = "[CP] Embed Pods Frameworks";
			outputPaths = (
				"${TARGET_BUILD_DIR}/${FRAMEWORKS_FOLDER_PATH}/KMSOrientationPatch.framework",
				"${TARGET_BUILD_DIR}/${FRAMEWORKS_FOLDER_PATH}/ReactiveCocoa.framework",
				"${TARGET_BUILD_DIR}/${FRAMEWORKS_FOLDER_PATH}/ReactiveSwift.framework",
				"${TARGET_BUILD_DIR}/${FRAMEWORKS_FOLDER_PATH}/Result.framework",
			);
			runOnlyForDeploymentPostprocessing = 0;
			shellPath = /bin/sh;
			shellScript = "\"${PODS_ROOT}/Target Support Files/Pods-ui examples/Pods-ui examples-frameworks.sh\"\n";
			showEnvVarsInLog = 0;
		};
		D71C87696C933EDD520FF2F3EBD8F09D /* [CP] Check Pods Manifest.lock */ = {
			isa = PBXShellScriptBuildPhase;
			buildActionMask = 2147483647;
			files = (
			);
			inputPaths = (
				"${PODS_PODFILE_DIR_PATH}/Podfile.lock",
				"${PODS_ROOT}/Manifest.lock",
			);
			name = "[CP] Check Pods Manifest.lock";
			outputPaths = (
				"$(DERIVED_FILE_DIR)/Pods-ui examples-checkManifestLockResult.txt",
			);
			runOnlyForDeploymentPostprocessing = 0;
			shellPath = /bin/sh;
			shellScript = "diff \"${PODS_PODFILE_DIR_PATH}/Podfile.lock\" \"${PODS_ROOT}/Manifest.lock\" > /dev/null\nif [ $? != 0 ] ; then\n    # print error to STDERR\n    echo \"error: The sandbox is not in sync with the Podfile.lock. Run 'pod install' or update your CocoaPods installation.\" >&2\n    exit 1\nfi\n# This output is used by Xcode 'outputs' to avoid re-running this script phase.\necho \"SUCCESS\" > \"${SCRIPT_OUTPUT_FILE_0}\"\n";
			showEnvVarsInLog = 0;
		};
/* End PBXShellScriptBuildPhase section */

/* Begin PBXSourcesBuildPhase section */
		4446A5635FF80D8DF27ACD7F38718BEC /* Sources */ = {
			isa = PBXSourcesBuildPhase;
			buildActionMask = 2147483647;
			files = (
				51CCE93475EA2506D8AA3AA87AA7CFA7 /* AnnotionViewExampleViewController.swift in Sources */,
				1E560C9F6448E300E9650CEFF88DAD54 /* ApplicationDelegate.swift in Sources */,
				CC66C52C4283C11AD5B74D8CA1860F70 /* DummyViewExampleViewController.swift in Sources */,
				448F19AADC57E4BDC87D0DB3CF82B969 /* HomeViewController.swift in Sources */,
				BD8FD5A72371DCCE966942C29FCEA676 /* NavigationControllerExampleViewController.swift in Sources */,
				2735314AC7822E5590F6FC975DD1B0B3 /* main.swift in Sources */,
			);
			runOnlyForDeploymentPostprocessing = 0;
		};
/* End PBXSourcesBuildPhase section */

/* Begin XCBuildConfiguration section */
		7F21355AB99DEDD924F1E05D90ED978D /* Release */ = {
			isa = XCBuildConfiguration;
			baseConfigurationReference = 5AA4BFFCDB9B844C9201CA8E40023259 /* Pods-ui examples.release.xcconfig */;
			buildSettings = {
				CLANG_ENABLE_MODULES = YES;
				CODE_SIGN_IDENTITY = "";
				CODE_SIGN_STYLE = Automatic;
				INFOPLIST_FILE = "$(TARGET_NAME)/Info.plist";
				IPHONEOS_DEPLOYMENT_TARGET = 11.0;
				LD_RUNPATH_SEARCH_PATHS = (
					"$(inherited)",
					"@executable_path/Frameworks",
				);
				PRODUCT_BUNDLE_IDENTIFIER = "com.zno.client.ui-examples.Main";
				PRODUCT_NAME = "$(TARGET_NAME)";
				SWIFT_VERSION = 4.2;
				TARGETED_DEVICE_FAMILY = "1,2";
			};
			name = Release;
		};
		A1AEEEE824712FCD8714C19147E02F2B /* Release */ = {
			isa = XCBuildConfiguration;
			buildSettings = {
				ALWAYS_SEARCH_USER_PATHS = NO;
				CLANG_ANALYZER_NONNULL = YES;
				CLANG_ANALYZER_NUMBER_OBJECT_CONVERSION = YES_AGGRESSIVE;
				CLANG_CXX_LANGUAGE_STANDARD = "gnu++14";
				CLANG_CXX_LIBRARY = "libc++";
				CLANG_ENABLE_MODULES = YES;
				CLANG_ENABLE_OBJC_ARC = YES;
				CLANG_ENABLE_OBJC_WEAK = YES;
				CLANG_WARN_BLOCK_CAPTURE_AUTORELEASING = YES;
				CLANG_WARN_BOOL_CONVERSION = YES;
				CLANG_WARN_COMMA = YES;
				CLANG_WARN_CONSTANT_CONVERSION = YES;
				CLANG_WARN_DEPRECATED_OBJC_IMPLEMENTATIONS = YES;
				CLANG_WARN_DIRECT_OBJC_ISA_USAGE = YES_ERROR;
				CLANG_WARN_DOCUMENTATION_COMMENTS = YES;
				CLANG_WARN_EMPTY_BODY = YES;
				CLANG_WARN_ENUM_CONVERSION = YES;
				CLANG_WARN_INFINITE_RECURSION = YES;
				CLANG_WARN_INT_CONVERSION = YES;
				CLANG_WARN_NON_LITERAL_NULL_CONVERSION = YES;
				CLANG_WARN_OBJC_IMPLICIT_RETAIN_SELF = YES;
				CLANG_WARN_OBJC_LITERAL_CONVERSION = YES;
				CLANG_WARN_OBJC_ROOT_CLASS = YES_ERROR;
				CLANG_WARN_RANGE_LOOP_ANALYSIS = YES;
				CLANG_WARN_STRICT_PROTOTYPES = YES;
				CLANG_WARN_SUSPICIOUS_MOVE = YES;
				CLANG_WARN_UNGUARDED_AVAILABILITY = YES_AGGRESSIVE;
				CLANG_WARN_UNREACHABLE_CODE = YES;
				CLANG_WARN__DUPLICATE_METHOD_MATCH = YES;
				CODE_SIGN_IDENTITY = "iPhone Developer";
				COPY_PHASE_STRIP = NO;
				DEBUG_INFORMATION_FORMAT = "dwarf-with-dsym";
				ENABLE_NS_ASSERTIONS = NO;
				ENABLE_STRICT_OBJC_MSGSEND = YES;
				GCC_C_LANGUAGE_STANDARD = gnu11;
				GCC_NO_COMMON_BLOCKS = YES;
				GCC_WARN_64_TO_32_BIT_CONVERSION = YES;
				GCC_WARN_ABOUT_RETURN_TYPE = YES_ERROR;
				GCC_WARN_UNDECLARED_SELECTOR = YES;
				GCC_WARN_UNINITIALIZED_AUTOS = YES_AGGRESSIVE;
				GCC_WARN_UNUSED_FUNCTION = YES;
				GCC_WARN_UNUSED_VARIABLE = YES;
				IPHONEOS_DEPLOYMENT_TARGET = 11.4;
				MTL_ENABLE_DEBUG_INFO = NO;
				SDKROOT = iphoneos;
				SWIFT_COMPILATION_MODE = wholemodule;
				SWIFT_OPTIMIZATION_LEVEL = "-O";
				VALIDATE_PRODUCT = YES;
			};
			name = Release;
		};
		B2277C0755739FBE16480A034206A07D /* Debug */ = {
			isa = XCBuildConfiguration;
			buildSettings = {
				ALWAYS_SEARCH_USER_PATHS = NO;
				CLANG_ANALYZER_NONNULL = YES;
				CLANG_ANALYZER_NUMBER_OBJECT_CONVERSION = YES_AGGRESSIVE;
				CLANG_CXX_LANGUAGE_STANDARD = "gnu++14";
				CLANG_CXX_LIBRARY = "libc++";
				CLANG_ENABLE_MODULES = YES;
				CLANG_ENABLE_OBJC_ARC = YES;
				CLANG_ENABLE_OBJC_WEAK = YES;
				CLANG_WARN_BLOCK_CAPTURE_AUTORELEASING = YES;
				CLANG_WARN_BOOL_CONVERSION = YES;
				CLANG_WARN_COMMA = YES;
				CLANG_WARN_CONSTANT_CONVERSION = YES;
				CLANG_WARN_DEPRECATED_OBJC_IMPLEMENTATIONS = YES;
				CLANG_WARN_DIRECT_OBJC_ISA_USAGE = YES_ERROR;
				CLANG_WARN_DOCUMENTATION_COMMENTS = YES;
				CLANG_WARN_EMPTY_BODY = YES;
				CLANG_WARN_ENUM_CONVERSION = YES;
				CLANG_WARN_INFINITE_RECURSION = YES;
				CLANG_WARN_INT_CONVERSION = YES;
				CLANG_WARN_NON_LITERAL_NULL_CONVERSION = YES;
				CLANG_WARN_OBJC_IMPLICIT_RETAIN_SELF = YES;
				CLANG_WARN_OBJC_LITERAL_CONVERSION = YES;
				CLANG_WARN_OBJC_ROOT_CLASS = YES_ERROR;
				CLANG_WARN_RANGE_LOOP_ANALYSIS = YES;
				CLANG_WARN_STRICT_PROTOTYPES = YES;
				CLANG_WARN_SUSPICIOUS_MOVE = YES;
				CLANG_WARN_UNGUARDED_AVAILABILITY = YES_AGGRESSIVE;
				CLANG_WARN_UNREACHABLE_CODE = YES;
				CLANG_WARN__DUPLICATE_METHOD_MATCH = YES;
				CODE_SIGN_IDENTITY = "iPhone Developer";
				COPY_PHASE_STRIP = NO;
				DEBUG_INFORMATION_FORMAT = dwarf;
				ENABLE_STRICT_OBJC_MSGSEND = YES;
				ENABLE_TESTABILITY = YES;
				GCC_C_LANGUAGE_STANDARD = gnu11;
				GCC_DYNAMIC_NO_PIC = NO;
				GCC_NO_COMMON_BLOCKS = YES;
				GCC_OPTIMIZATION_LEVEL = 0;
				GCC_PREPROCESSOR_DEFINITIONS = (
					"DEBUG=1",
					"$(inherited)",
				);
				GCC_WARN_64_TO_32_BIT_CONVERSION = YES;
				GCC_WARN_ABOUT_RETURN_TYPE = YES_ERROR;
				GCC_WARN_UNDECLARED_SELECTOR = YES;
				GCC_WARN_UNINITIALIZED_AUTOS = YES_AGGRESSIVE;
				GCC_WARN_UNUSED_FUNCTION = YES;
				GCC_WARN_UNUSED_VARIABLE = YES;
				IPHONEOS_DEPLOYMENT_TARGET = 11.4;
				MTL_ENABLE_DEBUG_INFO = YES;
				ONLY_ACTIVE_ARCH = YES;
				SDKROOT = iphoneos;
				SWIFT_ACTIVE_COMPILATION_CONDITIONS = DEBUG;
				SWIFT_OPTIMIZATION_LEVEL = "-Onone";
			};
			name = Debug;
		};
		F0040A4E6495BB16628A628AB71919D0 /* Debug */ = {
			isa = XCBuildConfiguration;
			baseConfigurationReference = F9A8CB768E49F8B72ADFBAA3E802303A /* Pods-ui examples.debug.xcconfig */;
			buildSettings = {
				CLANG_ENABLE_MODULES = YES;
				CODE_SIGN_IDENTITY = "";
				CODE_SIGN_STYLE = Automatic;
				INFOPLIST_FILE = "$(TARGET_NAME)/Info.plist";
				IPHONEOS_DEPLOYMENT_TARGET = 11.0;
				LD_RUNPATH_SEARCH_PATHS = (
					"$(inherited)",
					"@executable_path/Frameworks",
				);
				PRODUCT_BUNDLE_IDENTIFIER = "com.zno.client.ui-examples.Main";
				PRODUCT_NAME = "$(TARGET_NAME)";
				SWIFT_OPTIMIZATION_LEVEL = "-Onone";
				SWIFT_VERSION = 4.2;
				TARGETED_DEVICE_FAMILY = "1,2";
			};
			name = Debug;
		};
/* End XCBuildConfiguration section */

/* Begin XCConfigurationList section */
		5766C97203B99E86F0A3A150349D77DD /* Build configuration list for PBXProject "ui examples" */ = {
			isa = XCConfigurationList;
			buildConfigurations = (
				B2277C0755739FBE16480A034206A07D /* Debug */,
				A1AEEEE824712FCD8714C19147E02F2B /* Release */,
			);
			defaultConfigurationIsVisible = 0;
			defaultConfigurationName = Release;
		};
		92EA3707A9BE5836CA44585D919ADFBC /* Build configuration list for PBXNativeTarget "ui examples" */ = {
			isa = XCConfigurationList;
			buildConfigurations = (
				F0040A4E6495BB16628A628AB71919D0 /* Debug */,
				7F21355AB99DEDD924F1E05D90ED978D /* Release */,
			);
			defaultConfigurationIsVisible = 0;
			defaultConfigurationName = Release;
		};
/* End XCConfigurationList section */
	};
	rootObject = B8D543B8E9E3EA4875E6E062FEAB1EC9 /* Project object */;
}
