// !$*UTF8*$!
{
	archiveVersion = 1;
	classes = {
	};
	objectVersion = 50;
	objects = {

/* Begin PBXBuildFile section */
		0FCC2DD3FF05465D83E12A52E6BFB3BF /* Bootstrap.xcassets in Resources */ = {isa = PBXBuildFile; fileRef = 820C0A7CFAC3719BFECDB2E73112CD51 /* Bootstrap.xcassets */; };
		1AFAA8885FE53DCD2F23C24BB15D1962 /* ui.framework in Frameworks */ = {isa = PBXBuildFile; fileRef = 69852AFEC9CC055AEAA7B93309737EC8 /* ui.framework */; };
		20289508FDE0F34B186A6222A6B96409 /* NavigationControllerExampleViewController.swift in Sources */ = {isa = PBXBuildFile; fileRef = 162956153DA9FEC7D08D5205EB472F40 /* NavigationControllerExampleViewController.swift */; };
		2701D3E5B17250D84701ED4AACC47DF9 /* HomeViewController.swift in Sources */ = {isa = PBXBuildFile; fileRef = DC5F5C90A1CBAA4B8533E1C835E8C474 /* HomeViewController.swift */; };
		5334B512F55A648F3B20A4AF8C557609 /* AnnotionViewExampleViewController.xib in Resources */ = {isa = PBXBuildFile; fileRef = 44A85FF5A2B97349C4ABB142BC0AC8C0 /* AnnotionViewExampleViewController.xib */; };
		62F8627C5DA734CBDAEC1AF9CDA1AAEB /* DummyViewExampleViewController.xib in Resources */ = {isa = PBXBuildFile; fileRef = 0547724AC628B3D59277F7BBD90621BA /* DummyViewExampleViewController.xib */; };
		6900FE13C22C9C64FD29C3A5D8D4F187 /* main.swift in Sources */ = {isa = PBXBuildFile; fileRef = 056BD05101F1C2254D93ED0378D7A360 /* main.swift */; };
		6AAB18599F2BE6110E76E19EEF61FDBF /* AnnotionViewExampleViewController.swift in Sources */ = {isa = PBXBuildFile; fileRef = BC820879168FBBAFDA72B309F874D415 /* AnnotionViewExampleViewController.swift */; };
		89BB7F23ADA345222C7C1799EF4D27F6 /* DummyViewExampleViewController.swift in Sources */ = {isa = PBXBuildFile; fileRef = 8F926B6594C135580CC499570022F28C /* DummyViewExampleViewController.swift */; };
		A3A02ACFF7E74FB507E89473AD2E5A2B /* Pods_ui_examples.framework in Frameworks */ = {isa = PBXBuildFile; fileRef = 29734DFD446F5CDE653D94B67B65D41A /* Pods_ui_examples.framework */; };
		AF2F8D87371B3E64CFCD551BBE89AA80 /* LaunchScreen.storyboard in Resources */ = {isa = PBXBuildFile; fileRef = 83D7526A9FA9EA34099C520A6AF28664 /* LaunchScreen.storyboard */; };
		D74072B33F527D0C34EF5C7514885213 /* HomeViewController.xib in Resources */ = {isa = PBXBuildFile; fileRef = FEEFF9FC3977743677B2D0693BA22B5E /* HomeViewController.xib */; };
		E60C6BBAA551546A57B9055810E8CBF4 /* ApplicationDelegate.swift in Sources */ = {isa = PBXBuildFile; fileRef = CF3E728C8C37EDCBD537233B9CDEC91F /* ApplicationDelegate.swift */; };
		EEF7CB0BA8693BFCE9511E8A5161F719 /* NavigationControllerExampleViewController.xib in Resources */ = {isa = PBXBuildFile; fileRef = 628E1E579E09948B209F46E2E4643A1C /* NavigationControllerExampleViewController.xib */; };
/* End PBXBuildFile section */

/* Begin PBXFileReference section */
		0547724AC628B3D59277F7BBD90621BA /* DummyViewExampleViewController.xib */ = {isa = PBXFileReference; lastKnownFileType = file.xib; path = DummyViewExampleViewController.xib; sourceTree = "<group>"; };
		056BD05101F1C2254D93ED0378D7A360 /* main.swift */ = {isa = PBXFileReference; lastKnownFileType = sourcecode.swift; path = main.swift; sourceTree = "<group>"; };
		162956153DA9FEC7D08D5205EB472F40 /* NavigationControllerExampleViewController.swift */ = {isa = PBXFileReference; lastKnownFileType = sourcecode.swift; path = NavigationControllerExampleViewController.swift; sourceTree = "<group>"; };
		29734DFD446F5CDE653D94B67B65D41A /* Pods_ui_examples.framework */ = {isa = PBXFileReference; explicitFileType = wrapper.framework; includeInIndex = 0; path = Pods_ui_examples.framework; sourceTree = BUILT_PRODUCTS_DIR; };
		44A85FF5A2B97349C4ABB142BC0AC8C0 /* AnnotionViewExampleViewController.xib */ = {isa = PBXFileReference; lastKnownFileType = file.xib; path = AnnotionViewExampleViewController.xib; sourceTree = "<group>"; };
		5AA4BFFCDB9B844C9201CA8E40023259 /* Pods-ui examples.release.xcconfig */ = {isa = PBXFileReference; includeInIndex = 1; lastKnownFileType = text.xcconfig; name = "Pods-ui examples.release.xcconfig"; path = "../Pods/Target Support Files/Pods-ui examples/Pods-ui examples.release.xcconfig"; sourceTree = "<group>"; };
		628E1E579E09948B209F46E2E4643A1C /* NavigationControllerExampleViewController.xib */ = {isa = PBXFileReference; lastKnownFileType = file.xib; path = NavigationControllerExampleViewController.xib; sourceTree = "<group>"; };
		69852AFEC9CC055AEAA7B93309737EC8 /* ui.framework */ = {isa = PBXFileReference; explicitFileType = wrapper.framework; path = ui.framework; sourceTree = BUILT_PRODUCTS_DIR; };
		820C0A7CFAC3719BFECDB2E73112CD51 /* Bootstrap.xcassets */ = {isa = PBXFileReference; lastKnownFileType = folder.assetcatalog; path = Bootstrap.xcassets; sourceTree = "<group>"; };
		83D7526A9FA9EA34099C520A6AF28664 /* LaunchScreen.storyboard */ = {isa = PBXFileReference; lastKnownFileType = file.storyboard; path = LaunchScreen.storyboard; sourceTree = "<group>"; };
		889C8667271F554C9D171017DCDD44D5 /* ui examples.app */ = {isa = PBXFileReference; explicitFileType = wrapper.application; includeInIndex = 0; path = "ui examples.app"; sourceTree = BUILT_PRODUCTS_DIR; };
		8F926B6594C135580CC499570022F28C /* DummyViewExampleViewController.swift */ = {isa = PBXFileReference; lastKnownFileType = sourcecode.swift; path = DummyViewExampleViewController.swift; sourceTree = "<group>"; };
		BC820879168FBBAFDA72B309F874D415 /* AnnotionViewExampleViewController.swift */ = {isa = PBXFileReference; lastKnownFileType = sourcecode.swift; path = AnnotionViewExampleViewController.swift; sourceTree = "<group>"; };
		CF3E728C8C37EDCBD537233B9CDEC91F /* ApplicationDelegate.swift */ = {isa = PBXFileReference; fileEncoding = 4; lastKnownFileType = sourcecode.swift; path = ApplicationDelegate.swift; sourceTree = "<group>"; };
		DC5F5C90A1CBAA4B8533E1C835E8C474 /* HomeViewController.swift */ = {isa = PBXFileReference; lastKnownFileType = sourcecode.swift; path = HomeViewController.swift; sourceTree = "<group>"; };
		F9A8CB768E49F8B72ADFBAA3E802303A /* Pods-ui examples.debug.xcconfig */ = {isa = PBXFileReference; includeInIndex = 1; lastKnownFileType = text.xcconfig; name = "Pods-ui examples.debug.xcconfig"; path = "../Pods/Target Support Files/Pods-ui examples/Pods-ui examples.debug.xcconfig"; sourceTree = "<group>"; };
		FEEFF9FC3977743677B2D0693BA22B5E /* HomeViewController.xib */ = {isa = PBXFileReference; lastKnownFileType = file.xib; path = HomeViewController.xib; sourceTree = "<group>"; };
/* End PBXFileReference section */

/* Begin PBXFrameworksBuildPhase section */
		EDE1CA3809CE7B3ECBC70ED5EBB736D4 /* Frameworks */ = {
			isa = PBXFrameworksBuildPhase;
			buildActionMask = 2147483647;
			files = (
				A3A02ACFF7E74FB507E89473AD2E5A2B /* Pods_ui_examples.framework in Frameworks */,
				1AFAA8885FE53DCD2F23C24BB15D1962 /* ui.framework in Frameworks */,
			);
			runOnlyForDeploymentPostprocessing = 0;
		};
/* End PBXFrameworksBuildPhase section */

/* Begin PBXGroup section */
		98085ED604EF5C1A75157C98AAAF36EC /* bootstrap */ = {
			isa = PBXGroup;
			children = (
				CF3E728C8C37EDCBD537233B9CDEC91F /* ApplicationDelegate.swift */,
				820C0A7CFAC3719BFECDB2E73112CD51 /* Bootstrap.xcassets */,
				83D7526A9FA9EA34099C520A6AF28664 /* LaunchScreen.storyboard */,
				056BD05101F1C2254D93ED0378D7A360 /* main.swift */,
			);
			path = bootstrap;
			sourceTree = "<group>";
		};
		40B9EDCE1B26F500E3D2A808FC3FBBA3 /* Frameworks */ = {
			isa = PBXGroup;
			children = (
				29734DFD446F5CDE653D94B67B65D41A /* Pods_ui_examples.framework */,
				69852AFEC9CC055AEAA7B93309737EC8 /* ui.framework */,
			);
			name = Frameworks;
			sourceTree = "<group>";
		};
		AEB7126BFD4CE9F50D3117B1C621D125 /* annotion view */ = {
			isa = PBXGroup;
			children = (
				BC820879168FBBAFDA72B309F874D415 /* AnnotionViewExampleViewController.swift */,
				44A85FF5A2B97349C4ABB142BC0AC8C0 /* AnnotionViewExampleViewController.xib */,
			);
			path = "annotion view";
			sourceTree = "<group>";
		};
		CA66A9082F700ED112BF91DD7377378C /* navigation controller */ = {
			isa = PBXGroup;
			children = (
				162956153DA9FEC7D08D5205EB472F40 /* NavigationControllerExampleViewController.swift */,
				628E1E579E09948B209F46E2E4643A1C /* NavigationControllerExampleViewController.xib */,
			);
			path = "navigation controller";
			sourceTree = "<group>";
		};
		3BE5464DD0E0D8C1D243A4FF68D096C4 = {
			isa = PBXGroup;
			children = (
				40B9EDCE1B26F500E3D2A808FC3FBBA3 /* Frameworks */,
				96FD599793855D9D321C73756F56C738 /* Pods */,
				A05966B0E0A6BA304A5F7C321456C07E /* Products */,
				59B86C1923F48C29A5909CD44F068188 /* main */,
			);
			sourceTree = "<group>";
		};
		520734B2363D8031B1294D988D7AB0D4 /* dummy view */ = {
			isa = PBXGroup;
			children = (
				8F926B6594C135580CC499570022F28C /* DummyViewExampleViewController.swift */,
				0547724AC628B3D59277F7BBD90621BA /* DummyViewExampleViewController.xib */,
			);
			path = "dummy view";
			sourceTree = "<group>";
		};
		8A91DA3A7B4A571A68EF491ADFF1E706 /* home */ = {
			isa = PBXGroup;
			children = (
				DC5F5C90A1CBAA4B8533E1C835E8C474 /* HomeViewController.swift */,
				FEEFF9FC3977743677B2D0693BA22B5E /* HomeViewController.xib */,
			);
			path = home;
			sourceTree = "<group>";
		};
		96FD599793855D9D321C73756F56C738 /* Pods */ = {
			isa = PBXGroup;
			children = (
				F9A8CB768E49F8B72ADFBAA3E802303A /* Pods-ui examples.debug.xcconfig */,
				5AA4BFFCDB9B844C9201CA8E40023259 /* Pods-ui examples.release.xcconfig */,
			);
			name = Pods;
			sourceTree = "<group>";
		};
		A05966B0E0A6BA304A5F7C321456C07E /* Products */ = {
			isa = PBXGroup;
			children = (
				889C8667271F554C9D171017DCDD44D5 /* ui examples.app */,
			);
			name = Products;
			sourceTree = "<group>";
		};
		59B86C1923F48C29A5909CD44F068188 /* main */ = {
			isa = PBXGroup;
			children = (
				98085ED604EF5C1A75157C98AAAF36EC /* bootstrap */,
				27D6B629203357A6E537FE0EE64A1453 /* examples */,
				8A91DA3A7B4A571A68EF491ADFF1E706 /* home */,
			);
			path = main;
			sourceTree = "<group>";
		};
		27D6B629203357A6E537FE0EE64A1453 /* examples */ = {
			isa = PBXGroup;
			children = (
				AEB7126BFD4CE9F50D3117B1C621D125 /* annotion view */,
				520734B2363D8031B1294D988D7AB0D4 /* dummy view */,
				CA66A9082F700ED112BF91DD7377378C /* navigation controller */,
			);
			path = examples;
			sourceTree = "<group>";
		};
/* End PBXGroup section */

/* Begin PBXNativeTarget section */
		38758E399E64536F45EC9BDB02A6FD2B /* ui examples */ = {
			isa = PBXNativeTarget;
			buildConfigurationList = 92EA3707A9BE5836CA44585D919ADFBC /* Build configuration list for PBXNativeTarget "ui examples" */;
			buildPhases = (
				D71C87696C933EDD520FF2F3EBD8F09D /* [CP] Check Pods Manifest.lock */,
				4446A5635FF80D8DF27ACD7F38718BEC /* Sources */,
				EDE1CA3809CE7B3ECBC70ED5EBB736D4 /* Frameworks */,
				2488CBBF0FE55A3F9410710A0B3DFABE /* Resources */,
			);
			buildRules = (
			);
			dependencies = (
			);
			name = "ui examples";
			productName = "ui example";
			productReference = 889C8667271F554C9D171017DCDD44D5 /* ui examples.app */;
			productType = "com.apple.product-type.application";
		};
/* End PBXNativeTarget section */

/* Begin PBXProject section */
		B8D543B8E9E3EA4875E6E062FEAB1EC9 /* Project object */ = {
			isa = PBXProject;
			attributes = {
				LastSwiftUpdateCheck = 0940;
				LastUpgradeCheck = 0940;
				ORGANIZATIONNAME = "Zno Inc.";
				TargetAttributes = {
					38758E399E64536F45EC9BDB02A6FD2B = {
						CreatedOnToolsVersion = 9.4.1;
						LastSwiftMigration = 0940;
					};
				};
			};
			buildConfigurationList = 5766C97203B99E86F0A3A150349D77DD /* Build configuration list for PBXProject "ui examples" */;
			compatibilityVersion = "Xcode 9.3";
			developmentRegion = en;
			hasScannedForEncodings = 0;
			knownRegions = (
				en,
				Base,
			);
			mainGroup = 3BE5464DD0E0D8C1D243A4FF68D096C4;
			productRefGroup = A05966B0E0A6BA304A5F7C321456C07E /* Products */;
			projectDirPath = "";
			projectRoot = "";
			targets = (
				38758E399E64536F45EC9BDB02A6FD2B /* ui examples */,
			);
		};
/* End PBXProject section */

/* Begin PBXResourcesBuildPhase section */
		2488CBBF0FE55A3F9410710A0B3DFABE /* Resources */ = {
			isa = PBXResourcesBuildPhase;
			buildActionMask = 2147483647;
			files = (
				5334B512F55A648F3B20A4AF8C557609 /* AnnotionViewExampleViewController.xib in Resources */,
				0FCC2DD3FF05465D83E12A52E6BFB3BF /* Bootstrap.xcassets in Resources */,
				62F8627C5DA734CBDAEC1AF9CDA1AAEB /* DummyViewExampleViewController.xib in Resources */,
				D74072B33F527D0C34EF5C7514885213 /* HomeViewController.xib in Resources */,
				AF2F8D87371B3E64CFCD551BBE89AA80 /* LaunchScreen.storyboard in Resources */,
				EEF7CB0BA8693BFCE9511E8A5161F719 /* NavigationControllerExampleViewController.xib in Resources */,
			);
			runOnlyForDeploymentPostprocessing = 0;
		};
/* End PBXResourcesBuildPhase section */

/* Begin PBXShellScriptBuildPhase section */
		D71C87696C933EDD520FF2F3EBD8F09D /* [CP] Check Pods Manifest.lock */ = {
			isa = PBXShellScriptBuildPhase;
			buildActionMask = 2147483647;
			files = (
			);
			inputPaths = (
				"${PODS_PODFILE_DIR_PATH}/Podfile.lock",
				"${PODS_ROOT}/Manifest.lock",
			);
			name = "[CP] Check Pods Manifest.lock";
			outputPaths = (
				"$(DERIVED_FILE_DIR)/Pods-ui examples-checkManifestLockResult.txt",
			);
			runOnlyForDeploymentPostprocessing = 0;
			shellPath = /bin/sh;
			shellScript = "diff \"${PODS_PODFILE_DIR_PATH}/Podfile.lock\" \"${PODS_ROOT}/Manifest.lock\" > /dev/null\nif [ $? != 0 ] ; then\n    # print error to STDERR\n    echo \"error: The sandbox is not in sync with the Podfile.lock. Run 'pod install' or update your CocoaPods installation.\" >&2\n    exit 1\nfi\n# This output is used by Xcode 'outputs' to avoid re-running this script phase.\necho \"SUCCESS\" > \"${SCRIPT_OUTPUT_FILE_0}\"\n";
			showEnvVarsInLog = 0;
		};
/* End PBXShellScriptBuildPhase section */

/* Begin PBXSourcesBuildPhase section */
		4446A5635FF80D8DF27ACD7F38718BEC /* Sources */ = {
			isa = PBXSourcesBuildPhase;
			buildActionMask = 2147483647;
			files = (
				6AAB18599F2BE6110E76E19EEF61FDBF /* AnnotionViewExampleViewController.swift in Sources */,
				E60C6BBAA551546A57B9055810E8CBF4 /* ApplicationDelegate.swift in Sources */,
				89BB7F23ADA345222C7C1799EF4D27F6 /* DummyViewExampleViewController.swift in Sources */,
				2701D3E5B17250D84701ED4AACC47DF9 /* HomeViewController.swift in Sources */,
				20289508FDE0F34B186A6222A6B96409 /* NavigationControllerExampleViewController.swift in Sources */,
				6900FE13C22C9C64FD29C3A5D8D4F187 /* main.swift in Sources */,
			);
			runOnlyForDeploymentPostprocessing = 0;
		};
/* End PBXSourcesBuildPhase section */

/* Begin XCBuildConfiguration section */
		A1AEEEE824712FCD8714C19147E02F2B /* Release */ = {
			isa = XCBuildConfiguration;
			buildSettings = {
				ALWAYS_SEARCH_USER_PATHS = NO;
				CLANG_ANALYZER_NONNULL = YES;
				CLANG_ANALYZER_NUMBER_OBJECT_CONVERSION = YES_AGGRESSIVE;
				CLANG_CXX_LANGUAGE_STANDARD = "gnu++14";
				CLANG_CXX_LIBRARY = "libc++";
				CLANG_ENABLE_MODULES = YES;
				CLANG_ENABLE_OBJC_ARC = YES;
				CLANG_ENABLE_OBJC_WEAK = YES;
				CLANG_WARN_BLOCK_CAPTURE_AUTORELEASING = YES;
				CLANG_WARN_BOOL_CONVERSION = YES;
				CLANG_WARN_COMMA = YES;
				CLANG_WARN_CONSTANT_CONVERSION = YES;
				CLANG_WARN_DEPRECATED_OBJC_IMPLEMENTATIONS = YES;
				CLANG_WARN_DIRECT_OBJC_ISA_USAGE = YES_ERROR;
				CLANG_WARN_DOCUMENTATION_COMMENTS = YES;
				CLANG_WARN_EMPTY_BODY = YES;
				CLANG_WARN_ENUM_CONVERSION = YES;
				CLANG_WARN_INFINITE_RECURSION = YES;
				CLANG_WARN_INT_CONVERSION = YES;
				CLANG_WARN_NON_LITERAL_NULL_CONVERSION = YES;
				CLANG_WARN_OBJC_IMPLICIT_RETAIN_SELF = YES;
				CLANG_WARN_OBJC_LITERAL_CONVERSION = YES;
				CLANG_WARN_OBJC_ROOT_CLASS = YES_ERROR;
				CLANG_WARN_RANGE_LOOP_ANALYSIS = YES;
				CLANG_WARN_STRICT_PROTOTYPES = YES;
				CLANG_WARN_SUSPICIOUS_MOVE = YES;
				CLANG_WARN_UNGUARDED_AVAILABILITY = YES_AGGRESSIVE;
				CLANG_WARN_UNREACHABLE_CODE = YES;
				CLANG_WARN__DUPLICATE_METHOD_MATCH = YES;
				CODE_SIGN_IDENTITY = "iPhone Developer";
				COPY_PHASE_STRIP = NO;
				DEBUG_INFORMATION_FORMAT = "dwarf-with-dsym";
				ENABLE_NS_ASSERTIONS = NO;
				ENABLE_STRICT_OBJC_MSGSEND = YES;
				GCC_C_LANGUAGE_STANDARD = gnu11;
				GCC_NO_COMMON_BLOCKS = YES;
				GCC_WARN_64_TO_32_BIT_CONVERSION = YES;
				GCC_WARN_ABOUT_RETURN_TYPE = YES_ERROR;
				GCC_WARN_UNDECLARED_SELECTOR = YES;
				GCC_WARN_UNINITIALIZED_AUTOS = YES_AGGRESSIVE;
				GCC_WARN_UNUSED_FUNCTION = YES;
				GCC_WARN_UNUSED_VARIABLE = YES;
				IPHONEOS_DEPLOYMENT_TARGET = 11.4;
				MTL_ENABLE_DEBUG_INFO = NO;
				SDKROOT = iphoneos;
				SWIFT_COMPILATION_MODE = wholemodule;
				SWIFT_OPTIMIZATION_LEVEL = "-O";
				VALIDATE_PRODUCT = YES;
			};
			name = Release;
		};
		7F21355AB99DEDD924F1E05D90ED978D /* Release */ = {
			isa = XCBuildConfiguration;
			baseConfigurationReference = 5AA4BFFCDB9B844C9201CA8E40023259 /* Pods-ui examples.release.xcconfig */;
			buildSettings = {
				CLANG_ENABLE_MODULES = YES;
				CODE_SIGN_IDENTITY = "";
				CODE_SIGN_STYLE = Automatic;
				INFOPLIST_FILE = main/Info.plist;
				IPHONEOS_DEPLOYMENT_TARGET = 11.0;
				LD_RUNPATH_SEARCH_PATHS = (
					"$(inherited)",
					"@executable_path/Frameworks",
				);
				PRODUCT_BUNDLE_IDENTIFIER = "com.zno.client.ui-examples.Main";
				PRODUCT_NAME = "$(TARGET_NAME)";
				SWIFT_VERSION = 4.0;
				TARGETED_DEVICE_FAMILY = "1,2";
			};
			name = Release;
		};
		F0040A4E6495BB16628A628AB71919D0 /* Debug */ = {
			isa = XCBuildConfiguration;
			baseConfigurationReference = F9A8CB768E49F8B72ADFBAA3E802303A /* Pods-ui examples.debug.xcconfig */;
			buildSettings = {
				CLANG_ENABLE_MODULES = YES;
				CODE_SIGN_IDENTITY = "";
				CODE_SIGN_STYLE = Automatic;
				INFOPLIST_FILE = main/Info.plist;
				IPHONEOS_DEPLOYMENT_TARGET = 11.0;
				LD_RUNPATH_SEARCH_PATHS = (
					"$(inherited)",
					"@executable_path/Frameworks",
				);
				PRODUCT_BUNDLE_IDENTIFIER = "com.zno.client.ui-examples.Main";
				PRODUCT_NAME = "$(TARGET_NAME)";
				SWIFT_OPTIMIZATION_LEVEL = "-Onone";
				SWIFT_VERSION = 4.0;
				TARGETED_DEVICE_FAMILY = "1,2";
			};
			name = Debug;
		};
		B2277C0755739FBE16480A034206A07D /* Debug */ = {
			isa = XCBuildConfiguration;
			buildSettings = {
				ALWAYS_SEARCH_USER_PATHS = NO;
				CLANG_ANALYZER_NONNULL = YES;
				CLANG_ANALYZER_NUMBER_OBJECT_CONVERSION = YES_AGGRESSIVE;
				CLANG_CXX_LANGUAGE_STANDARD = "gnu++14";
				CLANG_CXX_LIBRARY = "libc++";
				CLANG_ENABLE_MODULES = YES;
				CLANG_ENABLE_OBJC_ARC = YES;
				CLANG_ENABLE_OBJC_WEAK = YES;
				CLANG_WARN_BLOCK_CAPTURE_AUTORELEASING = YES;
				CLANG_WARN_BOOL_CONVERSION = YES;
				CLANG_WARN_COMMA = YES;
				CLANG_WARN_CONSTANT_CONVERSION = YES;
				CLANG_WARN_DEPRECATED_OBJC_IMPLEMENTATIONS = YES;
				CLANG_WARN_DIRECT_OBJC_ISA_USAGE = YES_ERROR;
				CLANG_WARN_DOCUMENTATION_COMMENTS = YES;
				CLANG_WARN_EMPTY_BODY = YES;
				CLANG_WARN_ENUM_CONVERSION = YES;
				CLANG_WARN_INFINITE_RECURSION = YES;
				CLANG_WARN_INT_CONVERSION = YES;
				CLANG_WARN_NON_LITERAL_NULL_CONVERSION = YES;
				CLANG_WARN_OBJC_IMPLICIT_RETAIN_SELF = YES;
				CLANG_WARN_OBJC_LITERAL_CONVERSION = YES;
				CLANG_WARN_OBJC_ROOT_CLASS = YES_ERROR;
				CLANG_WARN_RANGE_LOOP_ANALYSIS = YES;
				CLANG_WARN_STRICT_PROTOTYPES = YES;
				CLANG_WARN_SUSPICIOUS_MOVE = YES;
				CLANG_WARN_UNGUARDED_AVAILABILITY = YES_AGGRESSIVE;
				CLANG_WARN_UNREACHABLE_CODE = YES;
				CLANG_WARN__DUPLICATE_METHOD_MATCH = YES;
				CODE_SIGN_IDENTITY = "iPhone Developer";
				COPY_PHASE_STRIP = NO;
				DEBUG_INFORMATION_FORMAT = dwarf;
				ENABLE_STRICT_OBJC_MSGSEND = YES;
				ENABLE_TESTABILITY = YES;
				GCC_C_LANGUAGE_STANDARD = gnu11;
				GCC_DYNAMIC_NO_PIC = NO;
				GCC_NO_COMMON_BLOCKS = YES;
				GCC_OPTIMIZATION_LEVEL = 0;
				GCC_PREPROCESSOR_DEFINITIONS = (
					"DEBUG=1",
					"$(inherited)",
				);
				GCC_WARN_64_TO_32_BIT_CONVERSION = YES;
				GCC_WARN_ABOUT_RETURN_TYPE = YES_ERROR;
				GCC_WARN_UNDECLARED_SELECTOR = YES;
				GCC_WARN_UNINITIALIZED_AUTOS = YES_AGGRESSIVE;
				GCC_WARN_UNUSED_FUNCTION = YES;
				GCC_WARN_UNUSED_VARIABLE = YES;
				IPHONEOS_DEPLOYMENT_TARGET = 11.4;
				MTL_ENABLE_DEBUG_INFO = YES;
				ONLY_ACTIVE_ARCH = YES;
				SDKROOT = iphoneos;
				SWIFT_ACTIVE_COMPILATION_CONDITIONS = DEBUG;
				SWIFT_OPTIMIZATION_LEVEL = "-Onone";
			};
			name = Debug;
		};
/* End XCBuildConfiguration section */

/* Begin XCConfigurationList section */
		5766C97203B99E86F0A3A150349D77DD /* Build configuration list for PBXProject "ui examples" */ = {
			isa = XCConfigurationList;
			buildConfigurations = (
				B2277C0755739FBE16480A034206A07D /* Debug */,
				A1AEEEE824712FCD8714C19147E02F2B /* Release */,
			);
			defaultConfigurationIsVisible = 0;
			defaultConfigurationName = Release;
		};
		92EA3707A9BE5836CA44585D919ADFBC /* Build configuration list for PBXNativeTarget "ui examples" */ = {
			isa = XCConfigurationList;
			buildConfigurations = (
				F0040A4E6495BB16628A628AB71919D0 /* Debug */,
				7F21355AB99DEDD924F1E05D90ED978D /* Release */,
			);
			defaultConfigurationIsVisible = 0;
			defaultConfigurationName = Release;
		};
/* End XCConfigurationList section */
	};
	rootObject = B8D543B8E9E3EA4875E6E062FEAB1EC9 /* Project object */;
}
